
Microsoft Visual Studio Solution File, Format Version 12.00
# Visual Studio Version 18
VisualStudioVersion = 18.3.11222.16
MinimumVisualStudioVersion = 10.0.40219.1
Project("{9A19103F-16F7-4668-BE54-9A1E7A4F7556}") = "ExploreTheWorld.CL", "CL\ExploreTheWorld.CL.csproj", "{F0A2B3C4-5D6E-7F8A-9B0C-1D2E3F4A5B6C}"
EndProject
Project("{9A19103F-16F7-4668-BE54-9A1E7A4F7556}") = "ExploreTheWorld.AL", "AL\ExploreTheWorld.AL.csproj", "{E1B2C3D4-6E7F-8A9B-0C1D-2E3F4A5B6C7D}"
EndProject
Project("{9A19103F-16F7-4668-BE54-9A1E7A4F7556}") = "ExploreTheWorld.DL", "DL\ExploreTheWorld.DL.csproj", "{D2C3B4A5-7F8A-9B0C-1D2E-3F4A5B6C7D8E}"
EndProject
Project("{9A19103F-16F7-4668-BE54-9A1E7A4F7556}") = "ExploreTheWorld.BL", "BL\ExploreTheWorld.BL.csproj", "{C3D4E5F6-8A9B-0C1D-2E3F-4A5B6C7D8E9F}"
EndProject
Project("{9A19103F-16F7-4668-BE54-9A1E7A4F7556}") = "ExploreTheWorld.DL.MsSystem", "DL.MsSystem\ExploreTheWorld.DL.MsSystem.csproj", "{B4E5F6A7-9B0C-1D2E-3F4A-5B6C7D8E9F0A}"
EndProject
Project("{9A19103F-16F7-4668-BE54-9A1E7A4F7556}") = "ExploreTheWorld.AL.BlazorLib", "AL.BlazorLib\ExploreTheWorld.AL.BlazorLib.csproj", "{A5F6A7B8-0C1D-2E3F-4A5B-6C7D8E9F0A1B}"
EndProject
Project("{9A19103F-16F7-4668-BE54-9A1E7A4F7556}") = "ExploreTheWorld.DL.MsSystemNet", "DL.MsSystemNet\ExploreTheWorld.DL.MsSystemNet.csproj", "{69CADBEC-4A5B-6C7D-8E9F-0A1B2C3D4E5F}"
EndProject
Project("{9A19103F-16F7-4668-BE54-9A1E7A4F7556}") = "ExploreTheWorld.DL.MsJSInterop", "DL.MsJSInterop\ExploreTheWorld.DL.MsJSInterop.csproj", "{5ADBECFD-5B6C-7D8E-9F0A-1B2C3D4E5F6A}"
EndProject
Project("{9A19103F-16F7-4668-BE54-9A1E7A4F7556}") = "ExploreTheWorld.DL.CountriesNowSpaceApi", "DL.CountriesNowSpaceApi\ExploreTheWorld.DL.CountriesNowSpaceApi.csproj", "{C3D4E5F6-A7B8-4C0D-9E2F-3A4B5C6D7E8F}"
EndProject
Project("{9A19103F-16F7-4668-BE54-9A1E7A4F7556}") = "ExploreTheWorld.DL.CountriesNowSpaceData", "DL.CountriesNowSpaceData\ExploreTheWorld.DL.CountriesNowSpaceData.csproj", "{D5E6F7A8-B9C0-4D2E-AF4B-5C6D7E8F9A0B}"
EndProject
Project("{2150E333-8FDC-42A3-9474-1A3956D46DE8}") = "Tests", "Tests", "{A0B1C200-D4E5-F6A7-B8C9-D0E1F2A3B4C5}"
EndProject
Project("{9A19103F-16F7-4668-BE54-9A1E7A4F7556}") = "ExploreTheWorld.UnitTests", "Tests\UnitTests\ExploreTheWorld.UnitTests.csproj", "{A0B1C201-D4E5-F6A7-B8C9-D0E1F2A3B4C5}"
EndProject
Project("{9A19103F-16F7-4668-BE54-9A1E7A4F7556}") = "ExploreTheWorld.IntegrationTests", "Tests\IntegrationTests\ExploreTheWorld.IntegrationTests.csproj", "{A0B1C202-D4E5-F6A7-B8C9-D0E1F2A3B4C5}"
EndProject
Project("{9A19103F-16F7-4668-BE54-9A1E7A4F7556}") = "ExploreTheWorld.RazorTests", "Tests\RazorTests\ExploreTheWorld.RazorTests.csproj", "{A0B1C203-D4E5-F6A7-B8C9-D0E1F2A3B4C5}"
EndProject
Project("{2150E333-8FDC-42A3-9474-1A3956D46DE8}") = "Libs", "Libs", "{9BCDF504-E4F5-4B70-B6D9-44E8B58D9FEB}"
EndProject
Project("{FAE04EC0-301F-11D3-BF4B-00C04F79EFBC}") = "ExploreTheWorld.DL.CountriesNowSpaceData.SqliteDb_Impl", "DL.CountriesNowSpaceData.SqliteDb_Impl\ExploreTheWorld.DL.CountriesNowSpaceData.SqliteDb_Impl.csproj", "{5B42DDC5-2623-44AD-81E0-FC7291FDBF8F}"
EndProject
Project("{FAE04EC0-301F-11D3-BF4B-00C04F79EFBC}") = "ExploreTheWorld.DL.CountriesNowSpaceData.SqlServerDb_Impl", "DL.CountriesNowSpaceData.SqlServerDb_Impl\ExploreTheWorld.DL.CountriesNowSpaceData.SqlServerDb_Impl.csproj", "{8172CBFE-9AF8-4BE7-8C59-09DCED35359C}"
EndProject
Project("{FAE04EC0-301F-11D3-BF4B-00C04F79EFBC}") = "ExploreTheWorld.DL.CountriesNowSpaceData.AccessDb_Impl", "DL.CountriesNowSpaceData.AccessDb_Impl\ExploreTheWorld.DL.CountriesNowSpaceData.AccessDb_Impl.csproj", "{2F4AB191-EBE0-4E51-ACF2-3B7E0B0559B9}"
EndProject
Project("{FAE04EC0-301F-11D3-BF4B-00C04F79EFBC}") = "ExploreTheWorld.DL.CountriesNowSpaceData.LocalStorageDb_Impl", "DL.CountriesNowSpaceData.LocalStorageDb_Impl\ExploreTheWorld.DL.CountriesNowSpaceData.LocalStorageDb_Impl.csproj", "{4A384695-B5DA-481C-81A1-FD9F60B5866D}"
EndProject
Project("{FAE04EC0-301F-11D3-BF4B-00C04F79EFBC}") = "ExploreTheWorld.DL.CountriesNowSpaceData.InMemoryDb_Impl", "DL.CountriesNowSpaceData.InMemoryDb_Impl\ExploreTheWorld.DL.CountriesNowSpaceData.InMemoryDb_Impl.csproj", "{8B352DE0-532E-4498-AD04-AE7C59C04E97}"
EndProject
Project("{9A19103F-16F7-4668-BE54-9A1E7A4F7556}") = "ExploreTheWorld.DL.MsOfficeApi.OpenXml_Impl", "DL.MsOfficeApi.OpenXml_Impl\ExploreTheWorld.DL.MsOfficeApi.OpenXml_Impl.csproj", "{BDE9A5CA-A57C-410E-A47D-255C8604111D}"
EndProject
Project("{FAE04EC0-301F-11D3-BF4B-00C04F79EFBC}") = "ExploreTheWorld.DL.CountriesNowSpaceData.SessionStorageDb_Impl", "DL.CountriesNowSpaceData.SessionStorageDb_Impl\ExploreTheWorld.DL.CountriesNowSpaceData.SessionStorageDb_Impl.csproj", "{3781D9FC-A345-412A-8D3F-062D6C1A57A5}"
EndProject
Project("{FAE04EC0-301F-11D3-BF4B-00C04F79EFBC}") = "ExploreTheWorld.DL.CountriesNowSpaceData.IndexedDb_Impl", "DL.CountriesNowSpaceData.IndexedDb_Impl\ExploreTheWorld.DL.CountriesNowSpaceData.IndexedDb_Impl.csproj", "{75EA2B41-765C-49AC-935A-C90CDB9FB59B}"
EndProject
Project("{FAE04EC0-301F-11D3-BF4B-00C04F79EFBC}") = "ExploreTheWorld.DL.MsJSInterop.RevealJs", "DL.MsJSInterop.RevealJs\ExploreTheWorld.DL.MsJSInterop.RevealJs.csproj", "{691CADE8-BE2B-4951-8CC7-9932C8A49329}"
EndProject
Project("{FAE04EC0-301F-11D3-BF4B-00C04F79EFBC}") = "ExploreTheWorld.OpenXmlLibTests", "Tests\OpenXmlLibTests\ExploreTheWorld.OpenXmlLibTests.csproj", "{816F87C8-64C5-49AB-BE95-4600B7095E7C}"
EndProject
Project("{2150E333-8FDC-42A3-9474-1A3956D46DE8}") = "Apps", "Apps", "{1787FE1D-075E-9E68-7218-25F1BD1BBEAB}"
EndProject
Project("{FAE04EC0-301F-11D3-BF4B-00C04F79EFBC}") = "ExploreTheWorld.AL.BlazorLib._radzen", "AL.BlazorLib._radzen\ExploreTheWorld.AL.BlazorLib._radzen.csproj", "{B6E9021D-17FB-4160-A35B-6D48A370FC0E}"
EndProject
Project("{FAE04EC0-301F-11D3-BF4B-00C04F79EFBC}") = "ExploreTheWorld.AL.BlazorLib.Server._radzen", "AL.BlazorLib.Server._radzen\ExploreTheWorld.AL.BlazorLib.Server._radzen.csproj", "{3F6BF6E3-2AFC-47F5-B0F5-AA629EA527C4}"
EndProject
Global
	GlobalSection(SolutionConfigurationPlatforms) = preSolution
		Debug|Any CPU = Debug|Any CPU
		Debug|x64 = Debug|x64
		Debug|x86 = Debug|x86
		Release|Any CPU = Release|Any CPU
		Release|x64 = Release|x64
		Release|x86 = Release|x86
	EndGlobalSection
	GlobalSection(ProjectConfigurationPlatforms) = postSolution
		{F0A2B3C4-5D6E-7F8A-9B0C-1D2E3F4A5B6C}.Debug|Any CPU.ActiveCfg = Debug|Any CPU
		{F0A2B3C4-5D6E-7F8A-9B0C-1D2E3F4A5B6C}.Debug|Any CPU.Build.0 = Debug|Any CPU
		{F0A2B3C4-5D6E-7F8A-9B0C-1D2E3F4A5B6C}.Debug|x64.ActiveCfg = Debug|Any CPU
		{F0A2B3C4-5D6E-7F8A-9B0C-1D2E3F4A5B6C}.Debug|x64.Build.0 = Debug|Any CPU
		{F0A2B3C4-5D6E-7F8A-9B0C-1D2E3F4A5B6C}.Debug|x86.ActiveCfg = Debug|Any CPU
		{F0A2B3C4-5D6E-7F8A-9B0C-1D2E3F4A5B6C}.Debug|x86.Build.0 = Debug|Any CPU
		{F0A2B3C4-5D6E-7F8A-9B0C-1D2E3F4A5B6C}.Release|Any CPU.ActiveCfg = Release|Any CPU
		{F0A2B3C4-5D6E-7F8A-9B0C-1D2E3F4A5B6C}.Release|Any CPU.Build.0 = Release|Any CPU
		{F0A2B3C4-5D6E-7F8A-9B0C-1D2E3F4A5B6C}.Release|x64.ActiveCfg = Release|Any CPU
		{F0A2B3C4-5D6E-7F8A-9B0C-1D2E3F4A5B6C}.Release|x64.Build.0 = Release|Any CPU
		{F0A2B3C4-5D6E-7F8A-9B0C-1D2E3F4A5B6C}.Release|x86.ActiveCfg = Release|Any CPU
		{F0A2B3C4-5D6E-7F8A-9B0C-1D2E3F4A5B6C}.Release|x86.Build.0 = Release|Any CPU
		{E1B2C3D4-6E7F-8A9B-0C1D-2E3F4A5B6C7D}.Debug|Any CPU.ActiveCfg = Debug|Any CPU
		{E1B2C3D4-6E7F-8A9B-0C1D-2E3F4A5B6C7D}.Debug|Any CPU.Build.0 = Debug|Any CPU
		{E1B2C3D4-6E7F-8A9B-0C1D-2E3F4A5B6C7D}.Debug|x64.ActiveCfg = Debug|Any CPU
		{E1B2C3D4-6E7F-8A9B-0C1D-2E3F4A5B6C7D}.Debug|x64.Build.0 = Debug|Any CPU
		{E1B2C3D4-6E7F-8A9B-0C1D-2E3F4A5B6C7D}.Debug|x86.ActiveCfg = Debug|Any CPU
		{E1B2C3D4-6E7F-8A9B-0C1D-2E3F4A5B6C7D}.Debug|x86.Build.0 = Debug|Any CPU
		{E1B2C3D4-6E7F-8A9B-0C1D-2E3F4A5B6C7D}.Release|Any CPU.ActiveCfg = Release|Any CPU
		{E1B2C3D4-6E7F-8A9B-0C1D-2E3F4A5B6C7D}.Release|Any CPU.Build.0 = Release|Any CPU
		{E1B2C3D4-6E7F-8A9B-0C1D-2E3F4A5B6C7D}.Release|x64.ActiveCfg = Release|Any CPU
		{E1B2C3D4-6E7F-8A9B-0C1D-2E3F4A5B6C7D}.Release|x64.Build.0 = Release|Any CPU
		{E1B2C3D4-6E7F-8A9B-0C1D-2E3F4A5B6C7D}.Release|x86.ActiveCfg = Release|Any CPU
		{E1B2C3D4-6E7F-8A9B-0C1D-2E3F4A5B6C7D}.Release|x86.Build.0 = Release|Any CPU
		{D2C3B4A5-7F8A-9B0C-1D2E-3F4A5B6C7D8E}.Debug|Any CPU.ActiveCfg = Debug|Any CPU
		{D2C3B4A5-7F8A-9B0C-1D2E-3F4A5B6C7D8E}.Debug|Any CPU.Build.0 = Debug|Any CPU
		{D2C3B4A5-7F8A-9B0C-1D2E-3F4A5B6C7D8E}.Debug|x64.ActiveCfg = Debug|Any CPU
		{D2C3B4A5-7F8A-9B0C-1D2E-3F4A5B6C7D8E}.Debug|x64.Build.0 = Debug|Any CPU
		{D2C3B4A5-7F8A-9B0C-1D2E-3F4A5B6C7D8E}.Debug|x86.ActiveCfg = Debug|Any CPU
		{D2C3B4A5-7F8A-9B0C-1D2E-3F4A5B6C7D8E}.Debug|x86.Build.0 = Debug|Any CPU
		{D2C3B4A5-7F8A-9B0C-1D2E-3F4A5B6C7D8E}.Release|Any CPU.ActiveCfg = Release|Any CPU
		{D2C3B4A5-7F8A-9B0C-1D2E-3F4A5B6C7D8E}.Release|Any CPU.Build.0 = Release|Any CPU
		{D2C3B4A5-7F8A-9B0C-1D2E-3F4A5B6C7D8E}.Release|x64.ActiveCfg = Release|Any CPU
		{D2C3B4A5-7F8A-9B0C-1D2E-3F4A5B6C7D8E}.Release|x64.Build.0 = Release|Any CPU
		{D2C3B4A5-7F8A-9B0C-1D2E-3F4A5B6C7D8E}.Release|x86.ActiveCfg = Release|Any CPU
		{D2C3B4A5-7F8A-9B0C-1D2E-3F4A5B6C7D8E}.Release|x86.Build.0 = Release|Any CPU
		{C3D4E5F6-8A9B-0C1D-2E3F-4A5B6C7D8E9F}.Debug|Any CPU.ActiveCfg = Debug|Any CPU
		{C3D4E5F6-8A9B-0C1D-2E3F-4A5B6C7D8E9F}.Debug|Any CPU.Build.0 = Debug|Any CPU
		{C3D4E5F6-8A9B-0C1D-2E3F-4A5B6C7D8E9F}.Debug|x64.ActiveCfg = Debug|Any CPU
		{C3D4E5F6-8A9B-0C1D-2E3F-4A5B6C7D8E9F}.Debug|x64.Build.0 = Debug|Any CPU
		{C3D4E5F6-8A9B-0C1D-2E3F-4A5B6C7D8E9F}.Debug|x86.ActiveCfg = Debug|Any CPU
		{C3D4E5F6-8A9B-0C1D-2E3F-4A5B6C7D8E9F}.Debug|x86.Build.0 = Debug|Any CPU
		{C3D4E5F6-8A9B-0C1D-2E3F-4A5B6C7D8E9F}.Release|Any CPU.ActiveCfg = Release|Any CPU
		{C3D4E5F6-8A9B-0C1D-2E3F-4A5B6C7D8E9F}.Release|Any CPU.Build.0 = Release|Any CPU
		{C3D4E5F6-8A9B-0C1D-2E3F-4A5B6C7D8E9F}.Release|x64.ActiveCfg = Release|Any CPU
		{C3D4E5F6-8A9B-0C1D-2E3F-4A5B6C7D8E9F}.Release|x64.Build.0 = Release|Any CPU
		{C3D4E5F6-8A9B-0C1D-2E3F-4A5B6C7D8E9F}.Release|x86.ActiveCfg = Release|Any CPU
		{C3D4E5F6-8A9B-0C1D-2E3F-4A5B6C7D8E9F}.Release|x86.Build.0 = Release|Any CPU
		{B4E5F6A7-9B0C-1D2E-3F4A-5B6C7D8E9F0A}.Debug|Any CPU.ActiveCfg = Debug|Any CPU
		{B4E5F6A7-9B0C-1D2E-3F4A-5B6C7D8E9F0A}.Debug|Any CPU.Build.0 = Debug|Any CPU
		{B4E5F6A7-9B0C-1D2E-3F4A-5B6C7D8E9F0A}.Debug|x64.ActiveCfg = Debug|Any CPU
		{B4E5F6A7-9B0C-1D2E-3F4A-5B6C7D8E9F0A}.Debug|x64.Build.0 = Debug|Any CPU
		{B4E5F6A7-9B0C-1D2E-3F4A-5B6C7D8E9F0A}.Debug|x86.ActiveCfg = Debug|Any CPU
		{B4E5F6A7-9B0C-1D2E-3F4A-5B6C7D8E9F0A}.Debug|x86.Build.0 = Debug|Any CPU
		{B4E5F6A7-9B0C-1D2E-3F4A-5B6C7D8E9F0A}.Release|Any CPU.ActiveCfg = Release|Any CPU
		{B4E5F6A7-9B0C-1D2E-3F4A-5B6C7D8E9F0A}.Release|Any CPU.Build.0 = Release|Any CPU
		{B4E5F6A7-9B0C-1D2E-3F4A-5B6C7D8E9F0A}.Release|x64.ActiveCfg = Release|Any CPU
		{B4E5F6A7-9B0C-1D2E-3F4A-5B6C7D8E9F0A}.Release|x64.Build.0 = Release|Any CPU
		{B4E5F6A7-9B0C-1D2E-3F4A-5B6C7D8E9F0A}.Release|x86.ActiveCfg = Release|Any CPU
		{B4E5F6A7-9B0C-1D2E-3F4A-5B6C7D8E9F0A}.Release|x86.Build.0 = Release|Any CPU
		{A5F6A7B8-0C1D-2E3F-4A5B-6C7D8E9F0A1B}.Debug|Any CPU.ActiveCfg = Debug|Any CPU
		{A5F6A7B8-0C1D-2E3F-4A5B-6C7D8E9F0A1B}.Debug|Any CPU.Build.0 = Debug|Any CPU
		{A5F6A7B8-0C1D-2E3F-4A5B-6C7D8E9F0A1B}.Debug|x64.ActiveCfg = Debug|Any CPU
		{A5F6A7B8-0C1D-2E3F-4A5B-6C7D8E9F0A1B}.Debug|x64.Build.0 = Debug|Any CPU
		{A5F6A7B8-0C1D-2E3F-4A5B-6C7D8E9F0A1B}.Debug|x86.ActiveCfg = Debug|Any CPU
		{A5F6A7B8-0C1D-2E3F-4A5B-6C7D8E9F0A1B}.Debug|x86.Build.0 = Debug|Any CPU
		{A5F6A7B8-0C1D-2E3F-4A5B-6C7D8E9F0A1B}.Release|Any CPU.ActiveCfg = Release|Any CPU
		{A5F6A7B8-0C1D-2E3F-4A5B-6C7D8E9F0A1B}.Release|Any CPU.Build.0 = Release|Any CPU
		{A5F6A7B8-0C1D-2E3F-4A5B-6C7D8E9F0A1B}.Release|x64.ActiveCfg = Release|Any CPU
		{A5F6A7B8-0C1D-2E3F-4A5B-6C7D8E9F0A1B}.Release|x64.Build.0 = Release|Any CPU
		{A5F6A7B8-0C1D-2E3F-4A5B-6C7D8E9F0A1B}.Release|x86.ActiveCfg = Release|Any CPU
		{A5F6A7B8-0C1D-2E3F-4A5B-6C7D8E9F0A1B}.Release|x86.Build.0 = Release|Any CPU
		{69CADBEC-4A5B-6C7D-8E9F-0A1B2C3D4E5F}.Debug|Any CPU.ActiveCfg = Debug|Any CPU
		{69CADBEC-4A5B-6C7D-8E9F-0A1B2C3D4E5F}.Debug|Any CPU.Build.0 = Debug|Any CPU
		{69CADBEC-4A5B-6C7D-8E9F-0A1B2C3D4E5F}.Debug|x64.ActiveCfg = Debug|Any CPU
		{69CADBEC-4A5B-6C7D-8E9F-0A1B2C3D4E5F}.Debug|x64.Build.0 = Debug|Any CPU
		{69CADBEC-4A5B-6C7D-8E9F-0A1B2C3D4E5F}.Debug|x86.ActiveCfg = Debug|Any CPU
		{69CADBEC-4A5B-6C7D-8E9F-0A1B2C3D4E5F}.Debug|x86.Build.0 = Debug|Any CPU
		{69CADBEC-4A5B-6C7D-8E9F-0A1B2C3D4E5F}.Release|Any CPU.ActiveCfg = Release|Any CPU
		{69CADBEC-4A5B-6C7D-8E9F-0A1B2C3D4E5F}.Release|Any CPU.Build.0 = Release|Any CPU
		{69CADBEC-4A5B-6C7D-8E9F-0A1B2C3D4E5F}.Release|x64.ActiveCfg = Release|Any CPU
		{69CADBEC-4A5B-6C7D-8E9F-0A1B2C3D4E5F}.Release|x64.Build.0 = Release|Any CPU
		{69CADBEC-4A5B-6C7D-8E9F-0A1B2C3D4E5F}.Release|x86.ActiveCfg = Release|Any CPU
		{69CADBEC-4A5B-6C7D-8E9F-0A1B2C3D4E5F}.Release|x86.Build.0 = Release|Any CPU
		{5ADBECFD-5B6C-7D8E-9F0A-1B2C3D4E5F6A}.Debug|Any CPU.ActiveCfg = Debug|Any CPU
		{5ADBECFD-5B6C-7D8E-9F0A-1B2C3D4E5F6A}.Debug|Any CPU.Build.0 = Debug|Any CPU
		{5ADBECFD-5B6C-7D8E-9F0A-1B2C3D4E5F6A}.Debug|x64.ActiveCfg = Debug|Any CPU
		{5ADBECFD-5B6C-7D8E-9F0A-1B2C3D4E5F6A}.Debug|x64.Build.0 = Debug|Any CPU
		{5ADBECFD-5B6C-7D8E-9F0A-1B2C3D4E5F6A}.Debug|x86.ActiveCfg = Debug|Any CPU
		{5ADBECFD-5B6C-7D8E-9F0A-1B2C3D4E5F6A}.Debug|x86.Build.0 = Debug|Any CPU
		{5ADBECFD-5B6C-7D8E-9F0A-1B2C3D4E5F6A}.Release|Any CPU.ActiveCfg = Release|Any CPU
		{5ADBECFD-5B6C-7D8E-9F0A-1B2C3D4E5F6A}.Release|Any CPU.Build.0 = Release|Any CPU
		{5ADBECFD-5B6C-7D8E-9F0A-1B2C3D4E5F6A}.Release|x64.ActiveCfg = Release|Any CPU
		{5ADBECFD-5B6C-7D8E-9F0A-1B2C3D4E5F6A}.Release|x64.Build.0 = Release|Any CPU
		{5ADBECFD-5B6C-7D8E-9F0A-1B2C3D4E5F6A}.Release|x86.ActiveCfg = Release|Any CPU
		{5ADBECFD-5B6C-7D8E-9F0A-1B2C3D4E5F6A}.Release|x86.Build.0 = Release|Any CPU
		{C3D4E5F6-A7B8-4C0D-9E2F-3A4B5C6D7E8F}.Debug|Any CPU.ActiveCfg = Debug|Any CPU
		{C3D4E5F6-A7B8-4C0D-9E2F-3A4B5C6D7E8F}.Debug|Any CPU.Build.0 = Debug|Any CPU
		{C3D4E5F6-A7B8-4C0D-9E2F-3A4B5C6D7E8F}.Debug|x64.ActiveCfg = Debug|Any CPU
		{C3D4E5F6-A7B8-4C0D-9E2F-3A4B5C6D7E8F}.Debug|x64.Build.0 = Debug|Any CPU
		{C3D4E5F6-A7B8-4C0D-9E2F-3A4B5C6D7E8F}.Debug|x86.ActiveCfg = Debug|Any CPU
		{C3D4E5F6-A7B8-4C0D-9E2F-3A4B5C6D7E8F}.Debug|x86.Build.0 = Debug|Any CPU
		{C3D4E5F6-A7B8-4C0D-9E2F-3A4B5C6D7E8F}.Release|Any CPU.ActiveCfg = Release|Any CPU
		{C3D4E5F6-A7B8-4C0D-9E2F-3A4B5C6D7E8F}.Release|Any CPU.Build.0 = Release|Any CPU
		{C3D4E5F6-A7B8-4C0D-9E2F-3A4B5C6D7E8F}.Release|x64.ActiveCfg = Release|Any CPU
		{C3D4E5F6-A7B8-4C0D-9E2F-3A4B5C6D7E8F}.Release|x64.Build.0 = Release|Any CPU
		{C3D4E5F6-A7B8-4C0D-9E2F-3A4B5C6D7E8F}.Release|x86.ActiveCfg = Release|Any CPU
		{C3D4E5F6-A7B8-4C0D-9E2F-3A4B5C6D7E8F}.Release|x86.Build.0 = Release|Any CPU
		{D5E6F7A8-B9C0-4D2E-AF4B-5C6D7E8F9A0B}.Debug|Any CPU.ActiveCfg = Debug|Any CPU
		{D5E6F7A8-B9C0-4D2E-AF4B-5C6D7E8F9A0B}.Debug|Any CPU.Build.0 = Debug|Any CPU
		{D5E6F7A8-B9C0-4D2E-AF4B-5C6D7E8F9A0B}.Debug|x64.ActiveCfg = Debug|Any CPU
		{D5E6F7A8-B9C0-4D2E-AF4B-5C6D7E8F9A0B}.Debug|x64.Build.0 = Debug|Any CPU
		{D5E6F7A8-B9C0-4D2E-AF4B-5C6D7E8F9A0B}.Debug|x86.ActiveCfg = Debug|Any CPU
		{D5E6F7A8-B9C0-4D2E-AF4B-5C6D7E8F9A0B}.Debug|x86.Build.0 = Debug|Any CPU
		{D5E6F7A8-B9C0-4D2E-AF4B-5C6D7E8F9A0B}.Release|Any CPU.ActiveCfg = Release|Any CPU
		{D5E6F7A8-B9C0-4D2E-AF4B-5C6D7E8F9A0B}.Release|Any CPU.Build.0 = Release|Any CPU
		{D5E6F7A8-B9C0-4D2E-AF4B-5C6D7E8F9A0B}.Release|x64.ActiveCfg = Release|Any CPU
		{D5E6F7A8-B9C0-4D2E-AF4B-5C6D7E8F9A0B}.Release|x64.Build.0 = Release|Any CPU
		{D5E6F7A8-B9C0-4D2E-AF4B-5C6D7E8F9A0B}.Release|x86.ActiveCfg = Release|Any CPU
		{D5E6F7A8-B9C0-4D2E-AF4B-5C6D7E8F9A0B}.Release|x86.Build.0 = Release|Any CPU
		{A0B1C201-D4E5-F6A7-B8C9-D0E1F2A3B4C5}.Debug|Any CPU.ActiveCfg = Debug|Any CPU
		{A0B1C201-D4E5-F6A7-B8C9-D0E1F2A3B4C5}.Debug|Any CPU.Build.0 = Debug|Any CPU
		{A0B1C201-D4E5-F6A7-B8C9-D0E1F2A3B4C5}.Debug|x64.ActiveCfg = Debug|Any CPU
		{A0B1C201-D4E5-F6A7-B8C9-D0E1F2A3B4C5}.Debug|x64.Build.0 = Debug|Any CPU
		{A0B1C201-D4E5-F6A7-B8C9-D0E1F2A3B4C5}.Debug|x86.ActiveCfg = Debug|Any CPU
		{A0B1C201-D4E5-F6A7-B8C9-D0E1F2A3B4C5}.Debug|x86.Build.0 = Debug|Any CPU
		{A0B1C201-D4E5-F6A7-B8C9-D0E1F2A3B4C5}.Release|Any CPU.ActiveCfg = Release|Any CPU
		{A0B1C201-D4E5-F6A7-B8C9-D0E1F2A3B4C5}.Release|Any CPU.Build.0 = Release|Any CPU
		{A0B1C201-D4E5-F6A7-B8C9-D0E1F2A3B4C5}.Release|x64.ActiveCfg = Release|Any CPU
		{A0B1C201-D4E5-F6A7-B8C9-D0E1F2A3B4C5}.Release|x64.Build.0 = Release|Any CPU
		{A0B1C201-D4E5-F6A7-B8C9-D0E1F2A3B4C5}.Release|x86.ActiveCfg = Release|Any CPU
		{A0B1C201-D4E5-F6A7-B8C9-D0E1F2A3B4C5}.Release|x86.Build.0 = Release|Any CPU
		{A0B1C202-D4E5-F6A7-B8C9-D0E1F2A3B4C5}.Debug|Any CPU.ActiveCfg = Debug|Any CPU
		{A0B1C202-D4E5-F6A7-B8C9-D0E1F2A3B4C5}.Debug|Any CPU.Build.0 = Debug|Any CPU
		{A0B1C202-D4E5-F6A7-B8C9-D0E1F2A3B4C5}.Debug|x64.ActiveCfg = Debug|Any CPU
		{A0B1C202-D4E5-F6A7-B8C9-D0E1F2A3B4C5}.Debug|x64.Build.0 = Debug|Any CPU
		{A0B1C202-D4E5-F6A7-B8C9-D0E1F2A3B4C5}.Debug|x86.ActiveCfg = Debug|Any CPU
		{A0B1C202-D4E5-F6A7-B8C9-D0E1F2A3B4C5}.Debug|x86.Build.0 = Debug|Any CPU
		{A0B1C202-D4E5-F6A7-B8C9-D0E1F2A3B4C5}.Release|Any CPU.ActiveCfg = Release|Any CPU
		{A0B1C202-D4E5-F6A7-B8C9-D0E1F2A3B4C5}.Release|Any CPU.Build.0 = Release|Any CPU
		{A0B1C202-D4E5-F6A7-B8C9-D0E1F2A3B4C5}.Release|x64.ActiveCfg = Release|Any CPU
		{A0B1C202-D4E5-F6A7-B8C9-D0E1F2A3B4C5}.Release|x64.Build.0 = Release|Any CPU
		{A0B1C202-D4E5-F6A7-B8C9-D0E1F2A3B4C5}.Release|x86.ActiveCfg = Release|Any CPU
		{A0B1C202-D4E5-F6A7-B8C9-D0E1F2A3B4C5}.Release|x86.Build.0 = Release|Any CPU
		{A0B1C203-D4E5-F6A7-B8C9-D0E1F2A3B4C5}.Debug|Any CPU.ActiveCfg = Debug|Any CPU
		{A0B1C203-D4E5-F6A7-B8C9-D0E1F2A3B4C5}.Debug|Any CPU.Build.0 = Debug|Any CPU
		{A0B1C203-D4E5-F6A7-B8C9-D0E1F2A3B4C5}.Debug|x64.ActiveCfg = Debug|Any CPU
		{A0B1C203-D4E5-F6A7-B8C9-D0E1F2A3B4C5}.Debug|x64.Build.0 = Debug|Any CPU
		{A0B1C203-D4E5-F6A7-B8C9-D0E1F2A3B4C5}.Debug|x86.ActiveCfg = Debug|Any CPU
		{A0B1C203-D4E5-F6A7-B8C9-D0E1F2A3B4C5}.Debug|x86.Build.0 = Debug|Any CPU
		{A0B1C203-D4E5-F6A7-B8C9-D0E1F2A3B4C5}.Release|Any CPU.ActiveCfg = Release|Any CPU
		{A0B1C203-D4E5-F6A7-B8C9-D0E1F2A3B4C5}.Release|Any CPU.Build.0 = Release|Any CPU
		{A0B1C203-D4E5-F6A7-B8C9-D0E1F2A3B4C5}.Release|x64.ActiveCfg = Release|Any CPU
		{A0B1C203-D4E5-F6A7-B8C9-D0E1F2A3B4C5}.Release|x64.Build.0 = Release|Any CPU
		{A0B1C203-D4E5-F6A7-B8C9-D0E1F2A3B4C5}.Release|x86.ActiveCfg = Release|Any CPU
		{A0B1C203-D4E5-F6A7-B8C9-D0E1F2A3B4C5}.Release|x86.Build.0 = Release|Any CPU
		{5B42DDC5-2623-44AD-81E0-FC7291FDBF8F}.Debug|Any CPU.ActiveCfg = Debug|Any CPU
		{5B42DDC5-2623-44AD-81E0-FC7291FDBF8F}.Debug|Any CPU.Build.0 = Debug|Any CPU
		{5B42DDC5-2623-44AD-81E0-FC7291FDBF8F}.Debug|x64.ActiveCfg = Debug|Any CPU
		{5B42DDC5-2623-44AD-81E0-FC7291FDBF8F}.Debug|x64.Build.0 = Debug|Any CPU
		{5B42DDC5-2623-44AD-81E0-FC7291FDBF8F}.Debug|x86.ActiveCfg = Debug|Any CPU
		{5B42DDC5-2623-44AD-81E0-FC7291FDBF8F}.Debug|x86.Build.0 = Debug|Any CPU
		{5B42DDC5-2623-44AD-81E0-FC7291FDBF8F}.Release|Any CPU.ActiveCfg = Release|Any CPU
		{5B42DDC5-2623-44AD-81E0-FC7291FDBF8F}.Release|Any CPU.Build.0 = Release|Any CPU
		{5B42DDC5-2623-44AD-81E0-FC7291FDBF8F}.Release|x64.ActiveCfg = Release|Any CPU
		{5B42DDC5-2623-44AD-81E0-FC7291FDBF8F}.Release|x64.Build.0 = Release|Any CPU
		{5B42DDC5-2623-44AD-81E0-FC7291FDBF8F}.Release|x86.ActiveCfg = Release|Any CPU
		{5B42DDC5-2623-44AD-81E0-FC7291FDBF8F}.Release|x86.Build.0 = Release|Any CPU
		{8172CBFE-9AF8-4BE7-8C59-09DCED35359C}.Debug|Any CPU.ActiveCfg = Debug|Any CPU
		{8172CBFE-9AF8-4BE7-8C59-09DCED35359C}.Debug|Any CPU.Build.0 = Debug|Any CPU
		{8172CBFE-9AF8-4BE7-8C59-09DCED35359C}.Debug|x64.ActiveCfg = Debug|Any CPU
		{8172CBFE-9AF8-4BE7-8C59-09DCED35359C}.Debug|x64.Build.0 = Debug|Any CPU
		{8172CBFE-9AF8-4BE7-8C59-09DCED35359C}.Debug|x86.ActiveCfg = Debug|Any CPU
		{8172CBFE-9AF8-4BE7-8C59-09DCED35359C}.Debug|x86.Build.0 = Debug|Any CPU
		{8172CBFE-9AF8-4BE7-8C59-09DCED35359C}.Release|Any CPU.ActiveCfg = Release|Any CPU
		{8172CBFE-9AF8-4BE7-8C59-09DCED35359C}.Release|Any CPU.Build.0 = Release|Any CPU
		{8172CBFE-9AF8-4BE7-8C59-09DCED35359C}.Release|x64.ActiveCfg = Release|Any CPU
		{8172CBFE-9AF8-4BE7-8C59-09DCED35359C}.Release|x64.Build.0 = Release|Any CPU
		{8172CBFE-9AF8-4BE7-8C59-09DCED35359C}.Release|x86.ActiveCfg = Release|Any CPU
		{8172CBFE-9AF8-4BE7-8C59-09DCED35359C}.Release|x86.Build.0 = Release|Any CPU
		{2F4AB191-EBE0-4E51-ACF2-3B7E0B0559B9}.Debug|Any CPU.ActiveCfg = Debug|Any CPU
		{2F4AB191-EBE0-4E51-ACF2-3B7E0B0559B9}.Debug|Any CPU.Build.0 = Debug|Any CPU
		{2F4AB191-EBE0-4E51-ACF2-3B7E0B0559B9}.Debug|x64.ActiveCfg = Debug|Any CPU
		{2F4AB191-EBE0-4E51-ACF2-3B7E0B0559B9}.Debug|x64.Build.0 = Debug|Any CPU
		{2F4AB191-EBE0-4E51-ACF2-3B7E0B0559B9}.Debug|x86.ActiveCfg = Debug|Any CPU
		{2F4AB191-EBE0-4E51-ACF2-3B7E0B0559B9}.Debug|x86.Build.0 = Debug|Any CPU
		{2F4AB191-EBE0-4E51-ACF2-3B7E0B0559B9}.Release|Any CPU.ActiveCfg = Release|Any CPU
		{2F4AB191-EBE0-4E51-ACF2-3B7E0B0559B9}.Release|Any CPU.Build.0 = Release|Any CPU
		{2F4AB191-EBE0-4E51-ACF2-3B7E0B0559B9}.Release|x64.ActiveCfg = Release|Any CPU
		{2F4AB191-EBE0-4E51-ACF2-3B7E0B0559B9}.Release|x64.Build.0 = Release|Any CPU
		{2F4AB191-EBE0-4E51-ACF2-3B7E0B0559B9}.Release|x86.ActiveCfg = Release|Any CPU
		{2F4AB191-EBE0-4E51-ACF2-3B7E0B0559B9}.Release|x86.Build.0 = Release|Any CPU
		{4A384695-B5DA-481C-81A1-FD9F60B5866D}.Debug|Any CPU.ActiveCfg = Debug|Any CPU
		{4A384695-B5DA-481C-81A1-FD9F60B5866D}.Debug|Any CPU.Build.0 = Debug|Any CPU
		{4A384695-B5DA-481C-81A1-FD9F60B5866D}.Debug|x64.ActiveCfg = Debug|Any CPU
		{4A384695-B5DA-481C-81A1-FD9F60B5866D}.Debug|x64.Build.0 = Debug|Any CPU
		{4A384695-B5DA-481C-81A1-FD9F60B5866D}.Debug|x86.ActiveCfg = Debug|Any CPU
		{4A384695-B5DA-481C-81A1-FD9F60B5866D}.Debug|x86.Build.0 = Debug|Any CPU
		{4A384695-B5DA-481C-81A1-FD9F60B5866D}.Release|Any CPU.ActiveCfg = Release|Any CPU
		{4A384695-B5DA-481C-81A1-FD9F60B5866D}.Release|Any CPU.Build.0 = Release|Any CPU
		{4A384695-B5DA-481C-81A1-FD9F60B5866D}.Release|x64.ActiveCfg = Release|Any CPU
		{4A384695-B5DA-481C-81A1-FD9F60B5866D}.Release|x64.Build.0 = Release|Any CPU
		{4A384695-B5DA-481C-81A1-FD9F60B5866D}.Release|x86.ActiveCfg = Release|Any CPU
		{4A384695-B5DA-481C-81A1-FD9F60B5866D}.Release|x86.Build.0 = Release|Any CPU
		{8B352DE0-532E-4498-AD04-AE7C59C04E97}.Debug|Any CPU.ActiveCfg = Debug|Any CPU
		{8B352DE0-532E-4498-AD04-AE7C59C04E97}.Debug|Any CPU.Build.0 = Debug|Any CPU
		{8B352DE0-532E-4498-AD04-AE7C59C04E97}.Debug|x64.ActiveCfg = Debug|Any CPU
		{8B352DE0-532E-4498-AD04-AE7C59C04E97}.Debug|x64.Build.0 = Debug|Any CPU
		{8B352DE0-532E-4498-AD04-AE7C59C04E97}.Debug|x86.ActiveCfg = Debug|Any CPU
		{8B352DE0-532E-4498-AD04-AE7C59C04E97}.Debug|x86.Build.0 = Debug|Any CPU
		{8B352DE0-532E-4498-AD04-AE7C59C04E97}.Release|Any CPU.ActiveCfg = Release|Any CPU
		{8B352DE0-532E-4498-AD04-AE7C59C04E97}.Release|Any CPU.Build.0 = Release|Any CPU
		{8B352DE0-532E-4498-AD04-AE7C59C04E97}.Release|x64.ActiveCfg = Release|Any CPU
		{8B352DE0-532E-4498-AD04-AE7C59C04E97}.Release|x64.Build.0 = Release|Any CPU
		{8B352DE0-532E-4498-AD04-AE7C59C04E97}.Release|x86.ActiveCfg = Release|Any CPU
		{8B352DE0-532E-4498-AD04-AE7C59C04E97}.Release|x86.Build.0 = Release|Any CPU
		{BDE9A5CA-A57C-410E-A47D-255C8604111D}.Debug|Any CPU.ActiveCfg = Debug|Any CPU
		{BDE9A5CA-A57C-410E-A47D-255C8604111D}.Debug|Any CPU.Build.0 = Debug|Any CPU
		{BDE9A5CA-A57C-410E-A47D-255C8604111D}.Debug|x64.ActiveCfg = Debug|Any CPU
		{BDE9A5CA-A57C-410E-A47D-255C8604111D}.Debug|x64.Build.0 = Debug|Any CPU
		{BDE9A5CA-A57C-410E-A47D-255C8604111D}.Debug|x86.ActiveCfg = Debug|Any CPU
		{BDE9A5CA-A57C-410E-A47D-255C8604111D}.Debug|x86.Build.0 = Debug|Any CPU
		{BDE9A5CA-A57C-410E-A47D-255C8604111D}.Release|Any CPU.ActiveCfg = Release|Any CPU
		{BDE9A5CA-A57C-410E-A47D-255C8604111D}.Release|Any CPU.Build.0 = Release|Any CPU
		{BDE9A5CA-A57C-410E-A47D-255C8604111D}.Release|x64.ActiveCfg = Release|Any CPU
		{BDE9A5CA-A57C-410E-A47D-255C8604111D}.Release|x64.Build.0 = Release|Any CPU
		{BDE9A5CA-A57C-410E-A47D-255C8604111D}.Release|x86.ActiveCfg = Release|Any CPU
		{BDE9A5CA-A57C-410E-A47D-255C8604111D}.Release|x86.Build.0 = Release|Any CPU
		{3781D9FC-A345-412A-8D3F-062D6C1A57A5}.Debug|Any CPU.ActiveCfg = Debug|Any CPU
		{3781D9FC-A345-412A-8D3F-062D6C1A57A5}.Debug|Any CPU.Build.0 = Debug|Any CPU
		{3781D9FC-A345-412A-8D3F-062D6C1A57A5}.Debug|x64.ActiveCfg = Debug|Any CPU
		{3781D9FC-A345-412A-8D3F-062D6C1A57A5}.Debug|x64.Build.0 = Debug|Any CPU
		{3781D9FC-A345-412A-8D3F-062D6C1A57A5}.Debug|x86.ActiveCfg = Debug|Any CPU
		{3781D9FC-A345-412A-8D3F-062D6C1A57A5}.Debug|x86.Build.0 = Debug|Any CPU
		{3781D9FC-A345-412A-8D3F-062D6C1A57A5}.Release|Any CPU.ActiveCfg = Release|Any CPU
		{3781D9FC-A345-412A-8D3F-062D6C1A57A5}.Release|Any CPU.Build.0 = Release|Any CPU
		{3781D9FC-A345-412A-8D3F-062D6C1A57A5}.Release|x64.ActiveCfg = Release|Any CPU
		{3781D9FC-A345-412A-8D3F-062D6C1A57A5}.Release|x64.Build.0 = Release|Any CPU
		{3781D9FC-A345-412A-8D3F-062D6C1A57A5}.Release|x86.ActiveCfg = Release|Any CPU
		{3781D9FC-A345-412A-8D3F-062D6C1A57A5}.Release|x86.Build.0 = Release|Any CPU
		{75EA2B41-765C-49AC-935A-C90CDB9FB59B}.Debug|Any CPU.ActiveCfg = Debug|Any CPU
		{75EA2B41-765C-49AC-935A-C90CDB9FB59B}.Debug|Any CPU.Build.0 = Debug|Any CPU
		{75EA2B41-765C-49AC-935A-C90CDB9FB59B}.Debug|x64.ActiveCfg = Debug|Any CPU
		{75EA2B41-765C-49AC-935A-C90CDB9FB59B}.Debug|x64.Build.0 = Debug|Any CPU
		{75EA2B41-765C-49AC-935A-C90CDB9FB59B}.Debug|x86.ActiveCfg = Debug|Any CPU
		{75EA2B41-765C-49AC-935A-C90CDB9FB59B}.Debug|x86.Build.0 = Debug|Any CPU
		{75EA2B41-765C-49AC-935A-C90CDB9FB59B}.Release|Any CPU.ActiveCfg = Release|Any CPU
		{75EA2B41-765C-49AC-935A-C90CDB9FB59B}.Release|Any CPU.Build.0 = Release|Any CPU
		{75EA2B41-765C-49AC-935A-C90CDB9FB59B}.Release|x64.ActiveCfg = Release|Any CPU
		{75EA2B41-765C-49AC-935A-C90CDB9FB59B}.Release|x64.Build.0 = Release|Any CPU
		{75EA2B41-765C-49AC-935A-C90CDB9FB59B}.Release|x86.ActiveCfg = Release|Any CPU
		{75EA2B41-765C-49AC-935A-C90CDB9FB59B}.Release|x86.Build.0 = Release|Any CPU
		{691CADE8-BE2B-4951-8CC7-9932C8A49329}.Debug|Any CPU.ActiveCfg = Debug|Any CPU
		{691CADE8-BE2B-4951-8CC7-9932C8A49329}.Debug|Any CPU.Build.0 = Debug|Any CPU
		{691CADE8-BE2B-4951-8CC7-9932C8A49329}.Debug|x64.ActiveCfg = Debug|Any CPU
		{691CADE8-BE2B-4951-8CC7-9932C8A49329}.Debug|x64.Build.0 = Debug|Any CPU
		{691CADE8-BE2B-4951-8CC7-9932C8A49329}.Debug|x86.ActiveCfg = Debug|Any CPU
		{691CADE8-BE2B-4951-8CC7-9932C8A49329}.Debug|x86.Build.0 = Debug|Any CPU
		{691CADE8-BE2B-4951-8CC7-9932C8A49329}.Release|Any CPU.ActiveCfg = Release|Any CPU
		{691CADE8-BE2B-4951-8CC7-9932C8A49329}.Release|Any CPU.Build.0 = Release|Any CPU
		{691CADE8-BE2B-4951-8CC7-9932C8A49329}.Release|x64.ActiveCfg = Release|Any CPU
		{691CADE8-BE2B-4951-8CC7-9932C8A49329}.Release|x64.Build.0 = Release|Any CPU
		{691CADE8-BE2B-4951-8CC7-9932C8A49329}.Release|x86.ActiveCfg = Release|Any CPU
		{691CADE8-BE2B-4951-8CC7-9932C8A49329}.Release|x86.Build.0 = Release|Any CPU
		{816F87C8-64C5-49AB-BE95-4600B7095E7C}.Debug|Any CPU.ActiveCfg = Debug|Any CPU
		{816F87C8-64C5-49AB-BE95-4600B7095E7C}.Debug|Any CPU.Build.0 = Debug|Any CPU
		{816F87C8-64C5-49AB-BE95-4600B7095E7C}.Debug|x64.ActiveCfg = Debug|Any CPU
		{816F87C8-64C5-49AB-BE95-4600B7095E7C}.Debug|x64.Build.0 = Debug|Any CPU
		{816F87C8-64C5-49AB-BE95-4600B7095E7C}.Debug|x86.ActiveCfg = Debug|Any CPU
		{816F87C8-64C5-49AB-BE95-4600B7095E7C}.Debug|x86.Build.0 = Debug|Any CPU
		{816F87C8-64C5-49AB-BE95-4600B7095E7C}.Release|Any CPU.ActiveCfg = Release|Any CPU
		{816F87C8-64C5-49AB-BE95-4600B7095E7C}.Release|Any CPU.Build.0 = Release|Any CPU
		{816F87C8-64C5-49AB-BE95-4600B7095E7C}.Release|x64.ActiveCfg = Release|Any CPU
		{816F87C8-64C5-49AB-BE95-4600B7095E7C}.Release|x64.Build.0 = Release|Any CPU
		{816F87C8-64C5-49AB-BE95-4600B7095E7C}.Release|x86.ActiveCfg = Release|Any CPU
		{816F87C8-64C5-49AB-BE95-4600B7095E7C}.Release|x86.Build.0 = Release|Any CPU
		{B6E9021D-17FB-4160-A35B-6D48A370FC0E}.Debug|Any CPU.ActiveCfg = Debug|Any CPU
		{B6E9021D-17FB-4160-A35B-6D48A370FC0E}.Debug|Any CPU.Build.0 = Debug|Any CPU
		{B6E9021D-17FB-4160-A35B-6D48A370FC0E}.Debug|x64.ActiveCfg = Debug|Any CPU
		{B6E9021D-17FB-4160-A35B-6D48A370FC0E}.Debug|x64.Build.0 = Debug|Any CPU
		{B6E9021D-17FB-4160-A35B-6D48A370FC0E}.Debug|x86.ActiveCfg = Debug|Any CPU
		{B6E9021D-17FB-4160-A35B-6D48A370FC0E}.Debug|x86.Build.0 = Debug|Any CPU
		{B6E9021D-17FB-4160-A35B-6D48A370FC0E}.Release|Any CPU.ActiveCfg = Release|Any CPU
		{B6E9021D-17FB-4160-A35B-6D48A370FC0E}.Release|Any CPU.Build.0 = Release|Any CPU
		{B6E9021D-17FB-4160-A35B-6D48A370FC0E}.Release|x64.ActiveCfg = Release|Any CPU
		{B6E9021D-17FB-4160-A35B-6D48A370FC0E}.Release|x64.Build.0 = Release|Any CPU
		{B6E9021D-17FB-4160-A35B-6D48A370FC0E}.Release|x86.ActiveCfg = Release|Any CPU
		{B6E9021D-17FB-4160-A35B-6D48A370FC0E}.Release|x86.Build.0 = Release|Any CPU
		{3F6BF6E3-2AFC-47F5-B0F5-AA629EA527C4}.Debug|Any CPU.ActiveCfg = Debug|Any CPU
		{3F6BF6E3-2AFC-47F5-B0F5-AA629EA527C4}.Debug|Any CPU.Build.0 = Debug|Any CPU
		{3F6BF6E3-2AFC-47F5-B0F5-AA629EA527C4}.Debug|x64.ActiveCfg = Debug|Any CPU
		{3F6BF6E3-2AFC-47F5-B0F5-AA629EA527C4}.Debug|x64.Build.0 = Debug|Any CPU
		{3F6BF6E3-2AFC-47F5-B0F5-AA629EA527C4}.Debug|x86.ActiveCfg = Debug|Any CPU
		{3F6BF6E3-2AFC-47F5-B0F5-AA629EA527C4}.Debug|x86.Build.0 = Debug|Any CPU
		{3F6BF6E3-2AFC-47F5-B0F5-AA629EA527C4}.Release|Any CPU.ActiveCfg = Release|Any CPU
		{3F6BF6E3-2AFC-47F5-B0F5-AA629EA527C4}.Release|Any CPU.Build.0 = Release|Any CPU
		{3F6BF6E3-2AFC-47F5-B0F5-AA629EA527C4}.Release|x64.ActiveCfg = Release|Any CPU
		{3F6BF6E3-2AFC-47F5-B0F5-AA629EA527C4}.Release|x64.Build.0 = Release|Any CPU
		{3F6BF6E3-2AFC-47F5-B0F5-AA629EA527C4}.Release|x86.ActiveCfg = Release|Any CPU
		{3F6BF6E3-2AFC-47F5-B0F5-AA629EA527C4}.Release|x86.Build.0 = Release|Any CPU
	EndGlobalSection
	GlobalSection(SolutionProperties) = preSolution
		HideSolutionNode = FALSE
	EndGlobalSection
	GlobalSection(NestedProjects) = preSolution
		{F0A2B3C4-5D6E-7F8A-9B0C-1D2E3F4A5B6C} = {9BCDF504-E4F5-4B70-B6D9-44E8B58D9FEB}
		{E1B2C3D4-6E7F-8A9B-0C1D-2E3F4A5B6C7D} = {9BCDF504-E4F5-4B70-B6D9-44E8B58D9FEB}
		{D2C3B4A5-7F8A-9B0C-1D2E-3F4A5B6C7D8E} = {9BCDF504-E4F5-4B70-B6D9-44E8B58D9FEB}
		{C3D4E5F6-8A9B-0C1D-2E3F-4A5B6C7D8E9F} = {9BCDF504-E4F5-4B70-B6D9-44E8B58D9FEB}
		{B4E5F6A7-9B0C-1D2E-3F4A-5B6C7D8E9F0A} = {9BCDF504-E4F5-4B70-B6D9-44E8B58D9FEB}
		{A5F6A7B8-0C1D-2E3F-4A5B-6C7D8E9F0A1B} = {9BCDF504-E4F5-4B70-B6D9-44E8B58D9FEB}
		{69CADBEC-4A5B-6C7D-8E9F-0A1B2C3D4E5F} = {9BCDF504-E4F5-4B70-B6D9-44E8B58D9FEB}
		{5ADBECFD-5B6C-7D8E-9F0A-1B2C3D4E5F6A} = {9BCDF504-E4F5-4B70-B6D9-44E8B58D9FEB}
		{C3D4E5F6-A7B8-4C0D-9E2F-3A4B5C6D7E8F} = {9BCDF504-E4F5-4B70-B6D9-44E8B58D9FEB}
		{D5E6F7A8-B9C0-4D2E-AF4B-5C6D7E8F9A0B} = {9BCDF504-E4F5-4B70-B6D9-44E8B58D9FEB}
		{A0B1C201-D4E5-F6A7-B8C9-D0E1F2A3B4C5} = {A0B1C200-D4E5-F6A7-B8C9-D0E1F2A3B4C5}
		{A0B1C202-D4E5-F6A7-B8C9-D0E1F2A3B4C5} = {A0B1C200-D4E5-F6A7-B8C9-D0E1F2A3B4C5}
		{A0B1C203-D4E5-F6A7-B8C9-D0E1F2A3B4C5} = {A0B1C200-D4E5-F6A7-B8C9-D0E1F2A3B4C5}
		{5B42DDC5-2623-44AD-81E0-FC7291FDBF8F} = {9BCDF504-E4F5-4B70-B6D9-44E8B58D9FEB}
		{8172CBFE-9AF8-4BE7-8C59-09DCED35359C} = {9BCDF504-E4F5-4B70-B6D9-44E8B58D9FEB}
		{2F4AB191-EBE0-4E51-ACF2-3B7E0B0559B9} = {9BCDF504-E4F5-4B70-B6D9-44E8B58D9FEB}
		{4A384695-B5DA-481C-81A1-FD9F60B5866D} = {9BCDF504-E4F5-4B70-B6D9-44E8B58D9FEB}
		{8B352DE0-532E-4498-AD04-AE7C59C04E97} = {9BCDF504-E4F5-4B70-B6D9-44E8B58D9FEB}
		{BDE9A5CA-A57C-410E-A47D-255C8604111D} = {9BCDF504-E4F5-4B70-B6D9-44E8B58D9FEB}
		{3781D9FC-A345-412A-8D3F-062D6C1A57A5} = {9BCDF504-E4F5-4B70-B6D9-44E8B58D9FEB}
		{75EA2B41-765C-49AC-935A-C90CDB9FB59B} = {9BCDF504-E4F5-4B70-B6D9-44E8B58D9FEB}
		{691CADE8-BE2B-4951-8CC7-9932C8A49329} = {9BCDF504-E4F5-4B70-B6D9-44E8B58D9FEB}
		{816F87C8-64C5-49AB-BE95-4600B7095E7C} = {A0B1C200-D4E5-F6A7-B8C9-D0E1F2A3B4C5}
		{B6E9021D-17FB-4160-A35B-6D48A370FC0E} = {1787FE1D-075E-9E68-7218-25F1BD1BBEAB}
		{3F6BF6E3-2AFC-47F5-B0F5-AA629EA527C4} = {1787FE1D-075E-9E68-7218-25F1BD1BBEAB}
	EndGlobalSection
	GlobalSection(ExtensibilityGlobals) = postSolution
		SolutionGuid = {FF2B8F6A-B0A6-41DD-8CC6-C7D32F25A8BD}
	EndGlobalSection
EndGlobal
