
Microsoft Visual Studio Solution File, Format Version 12.00
# Visual Studio Version 18
VisualStudioVersion = 18.3.11222.16
MinimumVisualStudioVersion = 10.0.40219.1
Project("{9A19103F-16F7-4668-BE54-9A1E7A4F7556}") = "ExploreTheWorld.CL._netF", "CL._netF\ExploreTheWorld.CL._netF.csproj", "{3E2D1C0B-F0A9-8D7C-6B5A-4938270F1E0D}"
EndProject
Project("{9A19103F-16F7-4668-BE54-9A1E7A4F7556}") = "ExploreTheWorld.DL._netF", "DL._netF\ExploreTheWorld.DL._netF.csproj", "{2D1C0BAF-E9D8-7C6B-5A49-382700E0D9BC}"
EndProject
Project("{9A19103F-16F7-4668-BE54-9A1E7A4F7556}") = "ExploreTheWorld.BL._netF", "BL._netF\ExploreTheWorld.BL._netF.csproj", "{1C0BAEF8-D8C7-6B5A-4938-27162DEF9ABC}"
EndProject
Project("{9A19103F-16F7-4668-BE54-9A1E7A4F7556}") = "ExploreTheWorld.AL._netF", "AL._netF\ExploreTheWorld.AL._netF.csproj", "{C4AC8EEE-CD6B-45AE-8A92-31751C379EF7}"
EndProject
Project("{9A19103F-16F7-4668-BE54-9A1E7A4F7556}") = "ExploreTheWorld.DL.CountriesNowSpaceApi._netF", "DL.CountriesNowSpaceApi._netF\ExploreTheWorld.DL.CountriesNowSpaceApi._netF.csproj", "{F6A7B8C9-D0E1-4F3A-C45C-6D7E8F9A0B1C}"
EndProject
Project("{9A19103F-16F7-4668-BE54-9A1E7A4F7556}") = "ExploreTheWorld.AL.WinFormApp._netF", "AL.WinFormApp._netF\ExploreTheWorld.AL.WinFormApp._netF.csproj", "{D4E5F6A7-B8C9-4D1E-AF3A-4B5C6D7E8F9A}"
EndProject
Project("{9A19103F-16F7-4668-BE54-9A1E7A4F7556}") = "ExploreTheWorld.DL.CountriesNowSpaceData._netF", "DL.CountriesNowSpaceData._netF\ExploreTheWorld.DL.CountriesNowSpaceData._netF.csproj", "{E7F8A9B0-C1D2-4E3F-B056-7D8E9F0A1B2C}"
EndProject
Project("{9A19103F-16F7-4668-BE54-9A1E7A4F7556}") = "ExploreTheWorld.DL.MsSystemNet._netF", "DL.MsSystemNet._netF\ExploreTheWorld.DL.MsSystemNet._netF.csproj", "{F8A9B0C1-D2E3-4F4A-C167-8E9F0A1B2C3D}"
EndProject
Project("{9A19103F-16F7-4668-BE54-9A1E7A4F7556}") = "ExploreTheWorld.AL.MsOfficeWordVstoAddIn._netF", "AL.MsOfficeWordVstoAddIn._netF\ExploreTheWorld.AL.MsOfficeWordVstoAddIn._netF.csproj", "{C5D6E7F8-A9B0-4D1E-2F3A-4B5C6D7E8F9A}"
EndProject
Project("{9A19103F-16F7-4668-BE54-9A1E7A4F7556}") = "ExploreTheWorld.AL.MsOfficeExcelVstoAddIn._netF", "AL.MsOfficeExcelVstoAddIn._netF\ExploreTheWorld.AL.MsOfficeExcelVstoAddIn._netF.csproj", "{D6E7F8A9-B0C1-4E2F-3A4B-5C6D7E8F9A0B}"
EndProject
Project("{9A19103F-16F7-4668-BE54-9A1E7A4F7556}") = "ExploreTheWorld.AL.MsOfficePowerPointVstoAddIn._netF", "AL.MsOfficePowerPointVstoAddIn._netF\ExploreTheWorld.AL.MsOfficePowerPointVstoAddIn._netF.csproj", "{E7F8A9B0-C1D2-4F3A-4B5C-6D7E8F9A0B1C}"
EndProject
Project("{2150E333-8FDC-42A3-9474-1A3956D46DE8}") = "Apps", "Apps", "{F8A9B0C2-D3E4-4A5B-6C7D-8E9F0A1B2C3E}"
EndProject
Project("{2150E333-8FDC-42A3-9474-1A3956D46DE8}") = "VSTO (COM Add-ins)", "VSTO (COM Add-ins)", "{7B20EC59-F374-4EA0-B3C9-94A9D13BE2DF}"
EndProject
Project("{2150E333-8FDC-42A3-9474-1A3956D46DE8}") = "Libs", "Libs", "{D88EDB53-6A7E-4A8C-B6BC-617F6E2BB2CE}"
EndProject
Project("{2150E333-8FDC-42A3-9474-1A3956D46DE8}") = "Tests", "Tests", "{A1B2C3D4-E5F6-7890-ABCD-EF1234567890}"
EndProject
Project("{9A19103F-16F7-4668-BE54-9A1E7A4F7556}") = "ExploreTheWorld.UnitTests._netF", "Tests\UnitTests._netF\ExploreTheWorld.UnitTests._netF.csproj", "{B2C3D4E5-F6A7-8901-BCDE-F12345678901}"
EndProject
Project("{9A19103F-16F7-4668-BE54-9A1E7A4F7556}") = "ExploreTheWorld.IntegrationTests._netF", "Tests\IntegrationTests._netF\ExploreTheWorld.IntegrationTests._netF.csproj", "{C3D4E5F6-A7B8-9012-CDEF-123456789012}"
EndProject
Project("{9A19103F-16F7-4668-BE54-9A1E7A4F7556}") = "ExploreTheWorld.WinFormAppTests._netF", "Tests\WinFormAppTests._netF\ExploreTheWorld.WinFormAppTests._netF.csproj", "{D4E5F6A7-B8C9-0123-DEF0-234567890123}"
EndProject
Project("{9A19103F-16F7-4668-BE54-9A1E7A4F7556}") = "ExploreTheWorld.OfficeAddinTests._netF", "Tests\OfficeAddinTests._netF\ExploreTheWorld.OfficeAddinTests._netF.csproj", "{E5F6A7B8-C9D0-1234-EF01-345678901234}"
EndProject
Project("{FAE04EC0-301F-11D3-BF4B-00C04F79EFBC}") = "ExploreTheWorld.DL.CountriesNowSpaceData.SqliteDb_Impl._netF", "DL.CountriesNowSpaceData.SqliteDb_Impl._netF\ExploreTheWorld.DL.CountriesNowSpaceData.SqliteDb_Impl._netF.csproj", "{FE31F342-A94D-44F4-BEE2-C4800E21901D}"
EndProject
Project("{FAE04EC0-301F-11D3-BF4B-00C04F79EFBC}") = "ExploreTheWorld.DL.CountriesNowSpaceData.SqlServerDb_Impl._netF", "DL.CountriesNowSpaceData.SqlServerDb_Impl._netF\ExploreTheWorld.DL.CountriesNowSpaceData.SqlServerDb_Impl._netF.csproj", "{14C2EE67-9919-4012-8D43-24740845485F}"
EndProject
Project("{FAE04EC0-301F-11D3-BF4B-00C04F79EFBC}") = "ExploreTheWorld.DL.CountriesNowSpaceData.AccessDb_Impl._netF", "DL.CountriesNowSpaceData.AccessDb_Impl._netF\ExploreTheWorld.DL.CountriesNowSpaceData.AccessDb_Impl._netF.csproj", "{33701A5D-DB6B-4781-95D6-D07033944300}"
EndProject
Project("{9A19103F-16F7-4668-BE54-9A1E7A4F7556}") = "ExploreTheWorld.DL.MsOfficeApi.OpenXml_Impl._netF", "DL.MsOfficeApi.OpenXml_Impl._netF\ExploreTheWorld.DL.MsOfficeApi.OpenXml_Impl._netF.csproj", "{F051097D-0E48-44F6-8759-D4C52CC731D4}"
EndProject
Project("{9A19103F-16F7-4668-BE54-9A1E7A4F7556}") = "ExploreTheWorld.DL.MsOfficeApi.NetOffice_Impl._netF", "DL.MsOfficeApi.NetOffice_Impl._netF\ExploreTheWorld.DL.MsOfficeApi.NetOffice_Impl._netF.csproj", "{0C6D1E9D-7A52-4A0F-8752-81D4DF6059AF}"
EndProject
Project("{9A19103F-16F7-4668-BE54-9A1E7A4F7556}") = "ExploreTheWorld.DL.MsOfficeApi.Dynamic_Impl._netF", "DL.MsOfficeApi.Dynamic_Impl._netF\ExploreTheWorld.DL.MsOfficeApi.Dynamic_Impl._netF.csproj", "{78AD5E36-1CCB-45E3-BF28-E15C2D849F91}"
EndProject
Project("{9A19103F-16F7-4668-BE54-9A1E7A4F7556}") = "ExploreTheWorld.DL.MsOfficeApi.Direct_Impl._netF", "DL.MsOfficeApi.Direct_Impl._netF\ExploreTheWorld.DL.MsOfficeApi.Direct_Impl._netF.csproj", "{C70698D4-47FB-43CB-958C-39303EA04B56}"
EndProject
Project("{9A19103F-16F7-4668-BE54-9A1E7A4F7556}") = "ExploreTheWorld.AL.WinFormsLib._netF", "AL.WinFormsLib._netF\ExploreTheWorld.AL.WinFormsLib._netF.csproj", "{ECA93D7C-314D-4CCF-A6D0-FD8FC2CFA284}"
EndProject
Project("{FAE04EC0-301F-11D3-BF4B-00C04F79EFBC}") = "ExploreTheWorld.OpenXmlLibTests._netF", "Tests\OpenXmlLibTests._netF\ExploreTheWorld.OpenXmlLibTests._netF.csproj", "{28485453-2E79-4F03-BFF5-19CEB2615D0B}"
EndProject
Project("{FAE04EC0-301F-11D3-BF4B-00C04F79EFBC}") = "ExploreTheWorld.SqliteDbTests._netF", "Tests\SqliteDbTests._netF\ExploreTheWorld.SqliteDbTests._netF.csproj", "{31B7F177-2C10-4234-B7CE-6C5AC0AC78CA}"
EndProject
Project("{FAE04EC0-301F-11D3-BF4B-00C04F79EFBC}") = "ExploreTheWorld.DL.MsOfficeApi.Interop_Impl._netF", "DL.MsOfficeApi.Interop_Impl._netF\ExploreTheWorld.DL.MsOfficeApi.Interop_Impl._netF.csproj", "{D63BFE8F-7512-4438-B301-AEC16F9674B7}"
EndProject
Project("{FAE04EC0-301F-11D3-BF4B-00C04F79EFBC}") = "ExploreTheWorld.DL.MsOfficeApi_Impl._netF", "DL.MsOfficeApi_Impl._netF\ExploreTheWorld.DL.MsOfficeApi_Impl._netF.csproj", "{817AE8A7-D378-4B41-B64D-6FA402CBF4D0}"
EndProject
Global
	GlobalSection(SolutionConfigurationPlatforms) = preSolution
		Debug|Any CPU = Debug|Any CPU
		Debug|x64 = Debug|x64
		Debug|x86 = Debug|x86
		Release|Any CPU = Release|Any CPU
		Release|x64 = Release|x64
		Release|x86 = Release|x86
	EndGlobalSection
	GlobalSection(ProjectConfigurationPlatforms) = postSolution
		{3E2D1C0B-F0A9-8D7C-6B5A-4938270F1E0D}.Debug|Any CPU.ActiveCfg = Debug|Any CPU
		{3E2D1C0B-F0A9-8D7C-6B5A-4938270F1E0D}.Debug|Any CPU.Build.0 = Debug|Any CPU
		{3E2D1C0B-F0A9-8D7C-6B5A-4938270F1E0D}.Debug|x64.ActiveCfg = Debug|Any CPU
		{3E2D1C0B-F0A9-8D7C-6B5A-4938270F1E0D}.Debug|x64.Build.0 = Debug|Any CPU
		{3E2D1C0B-F0A9-8D7C-6B5A-4938270F1E0D}.Debug|x86.ActiveCfg = Debug|Any CPU
		{3E2D1C0B-F0A9-8D7C-6B5A-4938270F1E0D}.Debug|x86.Build.0 = Debug|Any CPU
		{3E2D1C0B-F0A9-8D7C-6B5A-4938270F1E0D}.Release|Any CPU.ActiveCfg = Release|Any CPU
		{3E2D1C0B-F0A9-8D7C-6B5A-4938270F1E0D}.Release|Any CPU.Build.0 = Release|Any CPU
		{3E2D1C0B-F0A9-8D7C-6B5A-4938270F1E0D}.Release|x64.ActiveCfg = Release|Any CPU
		{3E2D1C0B-F0A9-8D7C-6B5A-4938270F1E0D}.Release|x64.Build.0 = Release|Any CPU
		{3E2D1C0B-F0A9-8D7C-6B5A-4938270F1E0D}.Release|x86.ActiveCfg = Release|Any CPU
		{3E2D1C0B-F0A9-8D7C-6B5A-4938270F1E0D}.Release|x86.Build.0 = Release|Any CPU
		{2D1C0BAF-E9D8-7C6B-5A49-382700E0D9BC}.Debug|Any CPU.ActiveCfg = Debug|Any CPU
		{2D1C0BAF-E9D8-7C6B-5A49-382700E0D9BC}.Debug|Any CPU.Build.0 = Debug|Any CPU
		{2D1C0BAF-E9D8-7C6B-5A49-382700E0D9BC}.Debug|x64.ActiveCfg = Debug|Any CPU
		{2D1C0BAF-E9D8-7C6B-5A49-382700E0D9BC}.Debug|x64.Build.0 = Debug|Any CPU
		{2D1C0BAF-E9D8-7C6B-5A49-382700E0D9BC}.Debug|x86.ActiveCfg = Debug|Any CPU
		{2D1C0BAF-E9D8-7C6B-5A49-382700E0D9BC}.Debug|x86.Build.0 = Debug|Any CPU
		{2D1C0BAF-E9D8-7C6B-5A49-382700E0D9BC}.Release|Any CPU.ActiveCfg = Release|Any CPU
		{2D1C0BAF-E9D8-7C6B-5A49-382700E0D9BC}.Release|Any CPU.Build.0 = Release|Any CPU
		{2D1C0BAF-E9D8-7C6B-5A49-382700E0D9BC}.Release|x64.ActiveCfg = Release|Any CPU
		{2D1C0BAF-E9D8-7C6B-5A49-382700E0D9BC}.Release|x64.Build.0 = Release|Any CPU
		{2D1C0BAF-E9D8-7C6B-5A49-382700E0D9BC}.Release|x86.ActiveCfg = Release|Any CPU
		{2D1C0BAF-E9D8-7C6B-5A49-382700E0D9BC}.Release|x86.Build.0 = Release|Any CPU
		{1C0BAEF8-D8C7-6B5A-4938-27162DEF9ABC}.Debug|Any CPU.ActiveCfg = Debug|Any CPU
		{1C0BAEF8-D8C7-6B5A-4938-27162DEF9ABC}.Debug|Any CPU.Build.0 = Debug|Any CPU
		{1C0BAEF8-D8C7-6B5A-4938-27162DEF9ABC}.Debug|x64.ActiveCfg = Debug|Any CPU
		{1C0BAEF8-D8C7-6B5A-4938-27162DEF9ABC}.Debug|x64.Build.0 = Debug|Any CPU
		{1C0BAEF8-D8C7-6B5A-4938-27162DEF9ABC}.Debug|x86.ActiveCfg = Debug|Any CPU
		{1C0BAEF8-D8C7-6B5A-4938-27162DEF9ABC}.Debug|x86.Build.0 = Debug|Any CPU
		{1C0BAEF8-D8C7-6B5A-4938-27162DEF9ABC}.Release|Any CPU.ActiveCfg = Release|Any CPU
		{1C0BAEF8-D8C7-6B5A-4938-27162DEF9ABC}.Release|Any CPU.Build.0 = Release|Any CPU
		{1C0BAEF8-D8C7-6B5A-4938-27162DEF9ABC}.Release|x64.ActiveCfg = Release|Any CPU
		{1C0BAEF8-D8C7-6B5A-4938-27162DEF9ABC}.Release|x64.Build.0 = Release|Any CPU
		{1C0BAEF8-D8C7-6B5A-4938-27162DEF9ABC}.Release|x86.ActiveCfg = Release|Any CPU
		{1C0BAEF8-D8C7-6B5A-4938-27162DEF9ABC}.Release|x86.Build.0 = Release|Any CPU
		{C4AC8EEE-CD6B-45AE-8A92-31751C379EF7}.Debug|Any CPU.ActiveCfg = Debug|Any CPU
		{C4AC8EEE-CD6B-45AE-8A92-31751C379EF7}.Debug|Any CPU.Build.0 = Debug|Any CPU
		{C4AC8EEE-CD6B-45AE-8A92-31751C379EF7}.Debug|x64.ActiveCfg = Debug|Any CPU
		{C4AC8EEE-CD6B-45AE-8A92-31751C379EF7}.Debug|x64.Build.0 = Debug|Any CPU
		{C4AC8EEE-CD6B-45AE-8A92-31751C379EF7}.Debug|x86.ActiveCfg = Debug|Any CPU
		{C4AC8EEE-CD6B-45AE-8A92-31751C379EF7}.Debug|x86.Build.0 = Debug|Any CPU
		{C4AC8EEE-CD6B-45AE-8A92-31751C379EF7}.Release|Any CPU.ActiveCfg = Release|Any CPU
		{C4AC8EEE-CD6B-45AE-8A92-31751C379EF7}.Release|Any CPU.Build.0 = Release|Any CPU
		{C4AC8EEE-CD6B-45AE-8A92-31751C379EF7}.Release|x64.ActiveCfg = Release|Any CPU
		{C4AC8EEE-CD6B-45AE-8A92-31751C379EF7}.Release|x64.Build.0 = Release|Any CPU
		{C4AC8EEE-CD6B-45AE-8A92-31751C379EF7}.Release|x86.ActiveCfg = Release|Any CPU
		{C4AC8EEE-CD6B-45AE-8A92-31751C379EF7}.Release|x86.Build.0 = Release|Any CPU
		{F6A7B8C9-D0E1-4F3A-C45C-6D7E8F9A0B1C}.Debug|Any CPU.ActiveCfg = Debug|Any CPU
		{F6A7B8C9-D0E1-4F3A-C45C-6D7E8F9A0B1C}.Debug|Any CPU.Build.0 = Debug|Any CPU
		{F6A7B8C9-D0E1-4F3A-C45C-6D7E8F9A0B1C}.Debug|x64.ActiveCfg = Debug|Any CPU
		{F6A7B8C9-D0E1-4F3A-C45C-6D7E8F9A0B1C}.Debug|x64.Build.0 = Debug|Any CPU
		{F6A7B8C9-D0E1-4F3A-C45C-6D7E8F9A0B1C}.Debug|x86.ActiveCfg = Debug|Any CPU
		{F6A7B8C9-D0E1-4F3A-C45C-6D7E8F9A0B1C}.Debug|x86.Build.0 = Debug|Any CPU
		{F6A7B8C9-D0E1-4F3A-C45C-6D7E8F9A0B1C}.Release|Any CPU.ActiveCfg = Release|Any CPU
		{F6A7B8C9-D0E1-4F3A-C45C-6D7E8F9A0B1C}.Release|Any CPU.Build.0 = Release|Any CPU
		{F6A7B8C9-D0E1-4F3A-C45C-6D7E8F9A0B1C}.Release|x64.ActiveCfg = Release|Any CPU
		{F6A7B8C9-D0E1-4F3A-C45C-6D7E8F9A0B1C}.Release|x64.Build.0 = Release|Any CPU
		{F6A7B8C9-D0E1-4F3A-C45C-6D7E8F9A0B1C}.Release|x86.ActiveCfg = Release|Any CPU
		{F6A7B8C9-D0E1-4F3A-C45C-6D7E8F9A0B1C}.Release|x86.Build.0 = Release|Any CPU
		{D4E5F6A7-B8C9-4D1E-AF3A-4B5C6D7E8F9A}.Debug|Any CPU.ActiveCfg = Debug|Any CPU
		{D4E5F6A7-B8C9-4D1E-AF3A-4B5C6D7E8F9A}.Debug|Any CPU.Build.0 = Debug|Any CPU
		{D4E5F6A7-B8C9-4D1E-AF3A-4B5C6D7E8F9A}.Debug|x64.ActiveCfg = Debug|Any CPU
		{D4E5F6A7-B8C9-4D1E-AF3A-4B5C6D7E8F9A}.Debug|x64.Build.0 = Debug|Any CPU
		{D4E5F6A7-B8C9-4D1E-AF3A-4B5C6D7E8F9A}.Debug|x86.ActiveCfg = Debug|Any CPU
		{D4E5F6A7-B8C9-4D1E-AF3A-4B5C6D7E8F9A}.Debug|x86.Build.0 = Debug|Any CPU
		{D4E5F6A7-B8C9-4D1E-AF3A-4B5C6D7E8F9A}.Release|Any CPU.ActiveCfg = Release|Any CPU
		{D4E5F6A7-B8C9-4D1E-AF3A-4B5C6D7E8F9A}.Release|Any CPU.Build.0 = Release|Any CPU
		{D4E5F6A7-B8C9-4D1E-AF3A-4B5C6D7E8F9A}.Release|x64.ActiveCfg = Release|Any CPU
		{D4E5F6A7-B8C9-4D1E-AF3A-4B5C6D7E8F9A}.Release|x64.Build.0 = Release|Any CPU
		{D4E5F6A7-B8C9-4D1E-AF3A-4B5C6D7E8F9A}.Release|x86.ActiveCfg = Release|Any CPU
		{D4E5F6A7-B8C9-4D1E-AF3A-4B5C6D7E8F9A}.Release|x86.Build.0 = Release|Any CPU
		{E7F8A9B0-C1D2-4E3F-B056-7D8E9F0A1B2C}.Debug|Any CPU.ActiveCfg = Debug|Any CPU
		{E7F8A9B0-C1D2-4E3F-B056-7D8E9F0A1B2C}.Debug|Any CPU.Build.0 = Debug|Any CPU
		{E7F8A9B0-C1D2-4E3F-B056-7D8E9F0A1B2C}.Debug|x64.ActiveCfg = Debug|Any CPU
		{E7F8A9B0-C1D2-4E3F-B056-7D8E9F0A1B2C}.Debug|x64.Build.0 = Debug|Any CPU
		{E7F8A9B0-C1D2-4E3F-B056-7D8E9F0A1B2C}.Debug|x86.ActiveCfg = Debug|Any CPU
		{E7F8A9B0-C1D2-4E3F-B056-7D8E9F0A1B2C}.Debug|x86.Build.0 = Debug|Any CPU
		{E7F8A9B0-C1D2-4E3F-B056-7D8E9F0A1B2C}.Release|Any CPU.ActiveCfg = Release|Any CPU
		{E7F8A9B0-C1D2-4E3F-B056-7D8E9F0A1B2C}.Release|Any CPU.Build.0 = Release|Any CPU
		{E7F8A9B0-C1D2-4E3F-B056-7D8E9F0A1B2C}.Release|x64.ActiveCfg = Release|Any CPU
		{E7F8A9B0-C1D2-4E3F-B056-7D8E9F0A1B2C}.Release|x64.Build.0 = Release|Any CPU
		{E7F8A9B0-C1D2-4E3F-B056-7D8E9F0A1B2C}.Release|x86.ActiveCfg = Release|Any CPU
		{E7F8A9B0-C1D2-4E3F-B056-7D8E9F0A1B2C}.Release|x86.Build.0 = Release|Any CPU
		{F8A9B0C1-D2E3-4F4A-C167-8E9F0A1B2C3D}.Debug|Any CPU.ActiveCfg = Debug|Any CPU
		{F8A9B0C1-D2E3-4F4A-C167-8E9F0A1B2C3D}.Debug|Any CPU.Build.0 = Debug|Any CPU
		{F8A9B0C1-D2E3-4F4A-C167-8E9F0A1B2C3D}.Debug|x64.ActiveCfg = Debug|Any CPU
		{F8A9B0C1-D2E3-4F4A-C167-8E9F0A1B2C3D}.Debug|x64.Build.0 = Debug|Any CPU
		{F8A9B0C1-D2E3-4F4A-C167-8E9F0A1B2C3D}.Debug|x86.ActiveCfg = Debug|Any CPU
		{F8A9B0C1-D2E3-4F4A-C167-8E9F0A1B2C3D}.Debug|x86.Build.0 = Debug|Any CPU
		{F8A9B0C1-D2E3-4F4A-C167-8E9F0A1B2C3D}.Release|Any CPU.ActiveCfg = Release|Any CPU
		{F8A9B0C1-D2E3-4F4A-C167-8E9F0A1B2C3D}.Release|Any CPU.Build.0 = Release|Any CPU
		{F8A9B0C1-D2E3-4F4A-C167-8E9F0A1B2C3D}.Release|x64.ActiveCfg = Release|Any CPU
		{F8A9B0C1-D2E3-4F4A-C167-8E9F0A1B2C3D}.Release|x64.Build.0 = Release|Any CPU
		{F8A9B0C1-D2E3-4F4A-C167-8E9F0A1B2C3D}.Release|x86.ActiveCfg = Release|Any CPU
		{F8A9B0C1-D2E3-4F4A-C167-8E9F0A1B2C3D}.Release|x86.Build.0 = Release|Any CPU
		{C5D6E7F8-A9B0-4D1E-2F3A-4B5C6D7E8F9A}.Debug|Any CPU.ActiveCfg = Debug|Any CPU
		{C5D6E7F8-A9B0-4D1E-2F3A-4B5C6D7E8F9A}.Debug|Any CPU.Build.0 = Debug|Any CPU
		{C5D6E7F8-A9B0-4D1E-2F3A-4B5C6D7E8F9A}.Debug|x64.ActiveCfg = Debug|Any CPU
		{C5D6E7F8-A9B0-4D1E-2F3A-4B5C6D7E8F9A}.Debug|x64.Build.0 = Debug|Any CPU
		{C5D6E7F8-A9B0-4D1E-2F3A-4B5C6D7E8F9A}.Debug|x86.ActiveCfg = Debug|Any CPU
		{C5D6E7F8-A9B0-4D1E-2F3A-4B5C6D7E8F9A}.Debug|x86.Build.0 = Debug|Any CPU
		{C5D6E7F8-A9B0-4D1E-2F3A-4B5C6D7E8F9A}.Release|Any CPU.ActiveCfg = Release|Any CPU
		{C5D6E7F8-A9B0-4D1E-2F3A-4B5C6D7E8F9A}.Release|Any CPU.Build.0 = Release|Any CPU
		{C5D6E7F8-A9B0-4D1E-2F3A-4B5C6D7E8F9A}.Release|x64.ActiveCfg = Release|Any CPU
		{C5D6E7F8-A9B0-4D1E-2F3A-4B5C6D7E8F9A}.Release|x64.Build.0 = Release|Any CPU
		{C5D6E7F8-A9B0-4D1E-2F3A-4B5C6D7E8F9A}.Release|x86.ActiveCfg = Release|Any CPU
		{C5D6E7F8-A9B0-4D1E-2F3A-4B5C6D7E8F9A}.Release|x86.Build.0 = Release|Any CPU
		{D6E7F8A9-B0C1-4E2F-3A4B-5C6D7E8F9A0B}.Debug|Any CPU.ActiveCfg = Debug|Any CPU
		{D6E7F8A9-B0C1-4E2F-3A4B-5C6D7E8F9A0B}.Debug|Any CPU.Build.0 = Debug|Any CPU
		{D6E7F8A9-B0C1-4E2F-3A4B-5C6D7E8F9A0B}.Debug|x64.ActiveCfg = Debug|Any CPU
		{D6E7F8A9-B0C1-4E2F-3A4B-5C6D7E8F9A0B}.Debug|x64.Build.0 = Debug|Any CPU
		{D6E7F8A9-B0C1-4E2F-3A4B-5C6D7E8F9A0B}.Debug|x86.ActiveCfg = Debug|Any CPU
		{D6E7F8A9-B0C1-4E2F-3A4B-5C6D7E8F9A0B}.Debug|x86.Build.0 = Debug|Any CPU
		{D6E7F8A9-B0C1-4E2F-3A4B-5C6D7E8F9A0B}.Release|Any CPU.ActiveCfg = Release|Any CPU
		{D6E7F8A9-B0C1-4E2F-3A4B-5C6D7E8F9A0B}.Release|Any CPU.Build.0 = Release|Any CPU
		{D6E7F8A9-B0C1-4E2F-3A4B-5C6D7E8F9A0B}.Release|x64.ActiveCfg = Release|Any CPU
		{D6E7F8A9-B0C1-4E2F-3A4B-5C6D7E8F9A0B}.Release|x64.Build.0 = Release|Any CPU
		{D6E7F8A9-B0C1-4E2F-3A4B-5C6D7E8F9A0B}.Release|x86.ActiveCfg = Release|Any CPU
		{D6E7F8A9-B0C1-4E2F-3A4B-5C6D7E8F9A0B}.Release|x86.Build.0 = Release|Any CPU
		{E7F8A9B0-C1D2-4F3A-4B5C-6D7E8F9A0B1C}.Debug|Any CPU.ActiveCfg = Debug|Any CPU
		{E7F8A9B0-C1D2-4F3A-4B5C-6D7E8F9A0B1C}.Debug|Any CPU.Build.0 = Debug|Any CPU
		{E7F8A9B0-C1D2-4F3A-4B5C-6D7E8F9A0B1C}.Debug|x64.ActiveCfg = Debug|Any CPU
		{E7F8A9B0-C1D2-4F3A-4B5C-6D7E8F9A0B1C}.Debug|x64.Build.0 = Debug|Any CPU
		{E7F8A9B0-C1D2-4F3A-4B5C-6D7E8F9A0B1C}.Debug|x86.ActiveCfg = Debug|Any CPU
		{E7F8A9B0-C1D2-4F3A-4B5C-6D7E8F9A0B1C}.Debug|x86.Build.0 = Debug|Any CPU
		{E7F8A9B0-C1D2-4F3A-4B5C-6D7E8F9A0B1C}.Release|Any CPU.ActiveCfg = Release|Any CPU
		{E7F8A9B0-C1D2-4F3A-4B5C-6D7E8F9A0B1C}.Release|Any CPU.Build.0 = Release|Any CPU
		{E7F8A9B0-C1D2-4F3A-4B5C-6D7E8F9A0B1C}.Release|x64.ActiveCfg = Release|Any CPU
		{E7F8A9B0-C1D2-4F3A-4B5C-6D7E8F9A0B1C}.Release|x64.Build.0 = Release|Any CPU
		{E7F8A9B0-C1D2-4F3A-4B5C-6D7E8F9A0B1C}.Release|x86.ActiveCfg = Release|Any CPU
		{E7F8A9B0-C1D2-4F3A-4B5C-6D7E8F9A0B1C}.Release|x86.Build.0 = Release|Any CPU
		{B2C3D4E5-F6A7-8901-BCDE-F12345678901}.Debug|Any CPU.ActiveCfg = Debug|Any CPU
		{B2C3D4E5-F6A7-8901-BCDE-F12345678901}.Debug|Any CPU.Build.0 = Debug|Any CPU
		{B2C3D4E5-F6A7-8901-BCDE-F12345678901}.Debug|x64.ActiveCfg = Debug|Any CPU
		{B2C3D4E5-F6A7-8901-BCDE-F12345678901}.Debug|x64.Build.0 = Debug|Any CPU
		{B2C3D4E5-F6A7-8901-BCDE-F12345678901}.Debug|x86.ActiveCfg = Debug|Any CPU
		{B2C3D4E5-F6A7-8901-BCDE-F12345678901}.Debug|x86.Build.0 = Debug|Any CPU
		{B2C3D4E5-F6A7-8901-BCDE-F12345678901}.Release|Any CPU.ActiveCfg = Release|Any CPU
		{B2C3D4E5-F6A7-8901-BCDE-F12345678901}.Release|Any CPU.Build.0 = Release|Any CPU
		{B2C3D4E5-F6A7-8901-BCDE-F12345678901}.Release|x64.ActiveCfg = Release|Any CPU
		{B2C3D4E5-F6A7-8901-BCDE-F12345678901}.Release|x64.Build.0 = Release|Any CPU
		{B2C3D4E5-F6A7-8901-BCDE-F12345678901}.Release|x86.ActiveCfg = Release|Any CPU
		{B2C3D4E5-F6A7-8901-BCDE-F12345678901}.Release|x86.Build.0 = Release|Any CPU
		{C3D4E5F6-A7B8-9012-CDEF-123456789012}.Debug|Any CPU.ActiveCfg = Debug|Any CPU
		{C3D4E5F6-A7B8-9012-CDEF-123456789012}.Debug|Any CPU.Build.0 = Debug|Any CPU
		{C3D4E5F6-A7B8-9012-CDEF-123456789012}.Debug|x64.ActiveCfg = Debug|Any CPU
		{C3D4E5F6-A7B8-9012-CDEF-123456789012}.Debug|x64.Build.0 = Debug|Any CPU
		{C3D4E5F6-A7B8-9012-CDEF-123456789012}.Debug|x86.ActiveCfg = Debug|Any CPU
		{C3D4E5F6-A7B8-9012-CDEF-123456789012}.Debug|x86.Build.0 = Debug|Any CPU
		{C3D4E5F6-A7B8-9012-CDEF-123456789012}.Release|Any CPU.ActiveCfg = Release|Any CPU
		{C3D4E5F6-A7B8-9012-CDEF-123456789012}.Release|Any CPU.Build.0 = Release|Any CPU
		{C3D4E5F6-A7B8-9012-CDEF-123456789012}.Release|x64.ActiveCfg = Release|Any CPU
		{C3D4E5F6-A7B8-9012-CDEF-123456789012}.Release|x64.Build.0 = Release|Any CPU
		{C3D4E5F6-A7B8-9012-CDEF-123456789012}.Release|x86.ActiveCfg = Release|Any CPU
		{C3D4E5F6-A7B8-9012-CDEF-123456789012}.Release|x86.Build.0 = Release|Any CPU
		{D4E5F6A7-B8C9-0123-DEF0-234567890123}.Debug|Any CPU.ActiveCfg = Debug|Any CPU
		{D4E5F6A7-B8C9-0123-DEF0-234567890123}.Debug|Any CPU.Build.0 = Debug|Any CPU
		{D4E5F6A7-B8C9-0123-DEF0-234567890123}.Debug|x64.ActiveCfg = Debug|Any CPU
		{D4E5F6A7-B8C9-0123-DEF0-234567890123}.Debug|x64.Build.0 = Debug|Any CPU
		{D4E5F6A7-B8C9-0123-DEF0-234567890123}.Debug|x86.ActiveCfg = Debug|Any CPU
		{D4E5F6A7-B8C9-0123-DEF0-234567890123}.Debug|x86.Build.0 = Debug|Any CPU
		{D4E5F6A7-B8C9-0123-DEF0-234567890123}.Release|Any CPU.ActiveCfg = Release|Any CPU
		{D4E5F6A7-B8C9-0123-DEF0-234567890123}.Release|Any CPU.Build.0 = Release|Any CPU
		{D4E5F6A7-B8C9-0123-DEF0-234567890123}.Release|x64.ActiveCfg = Release|Any CPU
		{D4E5F6A7-B8C9-0123-DEF0-234567890123}.Release|x64.Build.0 = Release|Any CPU
		{D4E5F6A7-B8C9-0123-DEF0-234567890123}.Release|x86.ActiveCfg = Release|Any CPU
		{D4E5F6A7-B8C9-0123-DEF0-234567890123}.Release|x86.Build.0 = Release|Any CPU
		{E5F6A7B8-C9D0-1234-EF01-345678901234}.Debug|Any CPU.ActiveCfg = Debug|Any CPU
		{E5F6A7B8-C9D0-1234-EF01-345678901234}.Debug|Any CPU.Build.0 = Debug|Any CPU
		{E5F6A7B8-C9D0-1234-EF01-345678901234}.Debug|x64.ActiveCfg = Debug|Any CPU
		{E5F6A7B8-C9D0-1234-EF01-345678901234}.Debug|x64.Build.0 = Debug|Any CPU
		{E5F6A7B8-C9D0-1234-EF01-345678901234}.Debug|x86.ActiveCfg = Debug|Any CPU
		{E5F6A7B8-C9D0-1234-EF01-345678901234}.Debug|x86.Build.0 = Debug|Any CPU
		{E5F6A7B8-C9D0-1234-EF01-345678901234}.Release|Any CPU.ActiveCfg = Release|Any CPU
		{E5F6A7B8-C9D0-1234-EF01-345678901234}.Release|Any CPU.Build.0 = Release|Any CPU
		{E5F6A7B8-C9D0-1234-EF01-345678901234}.Release|x64.ActiveCfg = Release|Any CPU
		{E5F6A7B8-C9D0-1234-EF01-345678901234}.Release|x64.Build.0 = Release|Any CPU
		{E5F6A7B8-C9D0-1234-EF01-345678901234}.Release|x86.ActiveCfg = Release|Any CPU
		{E5F6A7B8-C9D0-1234-EF01-345678901234}.Release|x86.Build.0 = Release|Any CPU
		{FE31F342-A94D-44F4-BEE2-C4800E21901D}.Debug|Any CPU.ActiveCfg = Debug|Any CPU
		{FE31F342-A94D-44F4-BEE2-C4800E21901D}.Debug|Any CPU.Build.0 = Debug|Any CPU
		{FE31F342-A94D-44F4-BEE2-C4800E21901D}.Debug|x64.ActiveCfg = Debug|Any CPU
		{FE31F342-A94D-44F4-BEE2-C4800E21901D}.Debug|x64.Build.0 = Debug|Any CPU
		{FE31F342-A94D-44F4-BEE2-C4800E21901D}.Debug|x86.ActiveCfg = Debug|Any CPU
		{FE31F342-A94D-44F4-BEE2-C4800E21901D}.Debug|x86.Build.0 = Debug|Any CPU
		{FE31F342-A94D-44F4-BEE2-C4800E21901D}.Release|Any CPU.ActiveCfg = Release|Any CPU
		{FE31F342-A94D-44F4-BEE2-C4800E21901D}.Release|Any CPU.Build.0 = Release|Any CPU
		{FE31F342-A94D-44F4-BEE2-C4800E21901D}.Release|x64.ActiveCfg = Release|Any CPU
		{FE31F342-A94D-44F4-BEE2-C4800E21901D}.Release|x64.Build.0 = Release|Any CPU
		{FE31F342-A94D-44F4-BEE2-C4800E21901D}.Release|x86.ActiveCfg = Release|Any CPU
		{FE31F342-A94D-44F4-BEE2-C4800E21901D}.Release|x86.Build.0 = Release|Any CPU
		{14C2EE67-9919-4012-8D43-24740845485F}.Debug|Any CPU.ActiveCfg = Debug|Any CPU
		{14C2EE67-9919-4012-8D43-24740845485F}.Debug|Any CPU.Build.0 = Debug|Any CPU
		{14C2EE67-9919-4012-8D43-24740845485F}.Debug|x64.ActiveCfg = Debug|Any CPU
		{14C2EE67-9919-4012-8D43-24740845485F}.Debug|x64.Build.0 = Debug|Any CPU
		{14C2EE67-9919-4012-8D43-24740845485F}.Debug|x86.ActiveCfg = Debug|Any CPU
		{14C2EE67-9919-4012-8D43-24740845485F}.Debug|x86.Build.0 = Debug|Any CPU
		{14C2EE67-9919-4012-8D43-24740845485F}.Release|Any CPU.ActiveCfg = Release|Any CPU
		{14C2EE67-9919-4012-8D43-24740845485F}.Release|Any CPU.Build.0 = Release|Any CPU
		{14C2EE67-9919-4012-8D43-24740845485F}.Release|x64.ActiveCfg = Release|Any CPU
		{14C2EE67-9919-4012-8D43-24740845485F}.Release|x64.Build.0 = Release|Any CPU
		{14C2EE67-9919-4012-8D43-24740845485F}.Release|x86.ActiveCfg = Release|Any CPU
		{14C2EE67-9919-4012-8D43-24740845485F}.Release|x86.Build.0 = Release|Any CPU
		{33701A5D-DB6B-4781-95D6-D07033944300}.Debug|Any CPU.ActiveCfg = Debug|Any CPU
		{33701A5D-DB6B-4781-95D6-D07033944300}.Debug|Any CPU.Build.0 = Debug|Any CPU
		{33701A5D-DB6B-4781-95D6-D07033944300}.Debug|x64.ActiveCfg = Debug|Any CPU
		{33701A5D-DB6B-4781-95D6-D07033944300}.Debug|x64.Build.0 = Debug|Any CPU
		{33701A5D-DB6B-4781-95D6-D07033944300}.Debug|x86.ActiveCfg = Debug|Any CPU
		{33701A5D-DB6B-4781-95D6-D07033944300}.Debug|x86.Build.0 = Debug|Any CPU
		{33701A5D-DB6B-4781-95D6-D07033944300}.Release|Any CPU.ActiveCfg = Release|Any CPU
		{33701A5D-DB6B-4781-95D6-D07033944300}.Release|Any CPU.Build.0 = Release|Any CPU
		{33701A5D-DB6B-4781-95D6-D07033944300}.Release|x64.ActiveCfg = Release|Any CPU
		{33701A5D-DB6B-4781-95D6-D07033944300}.Release|x64.Build.0 = Release|Any CPU
		{33701A5D-DB6B-4781-95D6-D07033944300}.Release|x86.ActiveCfg = Release|Any CPU
		{33701A5D-DB6B-4781-95D6-D07033944300}.Release|x86.Build.0 = Release|Any CPU
		{F051097D-0E48-44F6-8759-D4C52CC731D4}.Debug|Any CPU.ActiveCfg = Debug|Any CPU
		{F051097D-0E48-44F6-8759-D4C52CC731D4}.Debug|Any CPU.Build.0 = Debug|Any CPU
		{F051097D-0E48-44F6-8759-D4C52CC731D4}.Debug|x64.ActiveCfg = Debug|Any CPU
		{F051097D-0E48-44F6-8759-D4C52CC731D4}.Debug|x64.Build.0 = Debug|Any CPU
		{F051097D-0E48-44F6-8759-D4C52CC731D4}.Debug|x86.ActiveCfg = Debug|Any CPU
		{F051097D-0E48-44F6-8759-D4C52CC731D4}.Debug|x86.Build.0 = Debug|Any CPU
		{F051097D-0E48-44F6-8759-D4C52CC731D4}.Release|Any CPU.ActiveCfg = Release|Any CPU
		{F051097D-0E48-44F6-8759-D4C52CC731D4}.Release|Any CPU.Build.0 = Release|Any CPU
		{F051097D-0E48-44F6-8759-D4C52CC731D4}.Release|x64.ActiveCfg = Release|Any CPU
		{F051097D-0E48-44F6-8759-D4C52CC731D4}.Release|x64.Build.0 = Release|Any CPU
		{F051097D-0E48-44F6-8759-D4C52CC731D4}.Release|x86.ActiveCfg = Release|Any CPU
		{F051097D-0E48-44F6-8759-D4C52CC731D4}.Release|x86.Build.0 = Release|Any CPU
		{0C6D1E9D-7A52-4A0F-8752-81D4DF6059AF}.Debug|Any CPU.ActiveCfg = Debug|Any CPU
		{0C6D1E9D-7A52-4A0F-8752-81D4DF6059AF}.Debug|Any CPU.Build.0 = Debug|Any CPU
		{0C6D1E9D-7A52-4A0F-8752-81D4DF6059AF}.Debug|x64.ActiveCfg = Debug|Any CPU
		{0C6D1E9D-7A52-4A0F-8752-81D4DF6059AF}.Debug|x64.Build.0 = Debug|Any CPU
		{0C6D1E9D-7A52-4A0F-8752-81D4DF6059AF}.Debug|x86.ActiveCfg = Debug|Any CPU
		{0C6D1E9D-7A52-4A0F-8752-81D4DF6059AF}.Debug|x86.Build.0 = Debug|Any CPU
		{0C6D1E9D-7A52-4A0F-8752-81D4DF6059AF}.Release|Any CPU.ActiveCfg = Release|Any CPU
		{0C6D1E9D-7A52-4A0F-8752-81D4DF6059AF}.Release|Any CPU.Build.0 = Release|Any CPU
		{0C6D1E9D-7A52-4A0F-8752-81D4DF6059AF}.Release|x64.ActiveCfg = Release|Any CPU
		{0C6D1E9D-7A52-4A0F-8752-81D4DF6059AF}.Release|x64.Build.0 = Release|Any CPU
		{0C6D1E9D-7A52-4A0F-8752-81D4DF6059AF}.Release|x86.ActiveCfg = Release|Any CPU
		{0C6D1E9D-7A52-4A0F-8752-81D4DF6059AF}.Release|x86.Build.0 = Release|Any CPU
		{78AD5E36-1CCB-45E3-BF28-E15C2D849F91}.Debug|Any CPU.ActiveCfg = Debug|Any CPU
		{78AD5E36-1CCB-45E3-BF28-E15C2D849F91}.Debug|Any CPU.Build.0 = Debug|Any CPU
		{78AD5E36-1CCB-45E3-BF28-E15C2D849F91}.Debug|x64.ActiveCfg = Debug|Any CPU
		{78AD5E36-1CCB-45E3-BF28-E15C2D849F91}.Debug|x64.Build.0 = Debug|Any CPU
		{78AD5E36-1CCB-45E3-BF28-E15C2D849F91}.Debug|x86.ActiveCfg = Debug|Any CPU
		{78AD5E36-1CCB-45E3-BF28-E15C2D849F91}.Debug|x86.Build.0 = Debug|Any CPU
		{78AD5E36-1CCB-45E3-BF28-E15C2D849F91}.Release|Any CPU.ActiveCfg = Release|Any CPU
		{78AD5E36-1CCB-45E3-BF28-E15C2D849F91}.Release|Any CPU.Build.0 = Release|Any CPU
		{78AD5E36-1CCB-45E3-BF28-E15C2D849F91}.Release|x64.ActiveCfg = Release|Any CPU
		{78AD5E36-1CCB-45E3-BF28-E15C2D849F91}.Release|x64.Build.0 = Release|Any CPU
		{78AD5E36-1CCB-45E3-BF28-E15C2D849F91}.Release|x86.ActiveCfg = Release|Any CPU
		{78AD5E36-1CCB-45E3-BF28-E15C2D849F91}.Release|x86.Build.0 = Release|Any CPU
		{C70698D4-47FB-43CB-958C-39303EA04B56}.Debug|Any CPU.ActiveCfg = Debug|Any CPU
		{C70698D4-47FB-43CB-958C-39303EA04B56}.Debug|Any CPU.Build.0 = Debug|Any CPU
		{C70698D4-47FB-43CB-958C-39303EA04B56}.Debug|x64.ActiveCfg = Debug|Any CPU
		{C70698D4-47FB-43CB-958C-39303EA04B56}.Debug|x64.Build.0 = Debug|Any CPU
		{C70698D4-47FB-43CB-958C-39303EA04B56}.Debug|x86.ActiveCfg = Debug|Any CPU
		{C70698D4-47FB-43CB-958C-39303EA04B56}.Debug|x86.Build.0 = Debug|Any CPU
		{C70698D4-47FB-43CB-958C-39303EA04B56}.Release|Any CPU.ActiveCfg = Release|Any CPU
		{C70698D4-47FB-43CB-958C-39303EA04B56}.Release|Any CPU.Build.0 = Release|Any CPU
		{C70698D4-47FB-43CB-958C-39303EA04B56}.Release|x64.ActiveCfg = Release|Any CPU
		{C70698D4-47FB-43CB-958C-39303EA04B56}.Release|x64.Build.0 = Release|Any CPU
		{C70698D4-47FB-43CB-958C-39303EA04B56}.Release|x86.ActiveCfg = Release|Any CPU
		{C70698D4-47FB-43CB-958C-39303EA04B56}.Release|x86.Build.0 = Release|Any CPU
		{ECA93D7C-314D-4CCF-A6D0-FD8FC2CFA284}.Debug|Any CPU.ActiveCfg = Debug|Any CPU
		{ECA93D7C-314D-4CCF-A6D0-FD8FC2CFA284}.Debug|Any CPU.Build.0 = Debug|Any CPU
		{ECA93D7C-314D-4CCF-A6D0-FD8FC2CFA284}.Debug|x64.ActiveCfg = Debug|Any CPU
		{ECA93D7C-314D-4CCF-A6D0-FD8FC2CFA284}.Debug|x64.Build.0 = Debug|Any CPU
		{ECA93D7C-314D-4CCF-A6D0-FD8FC2CFA284}.Debug|x86.ActiveCfg = Debug|Any CPU
		{ECA93D7C-314D-4CCF-A6D0-FD8FC2CFA284}.Debug|x86.Build.0 = Debug|Any CPU
		{ECA93D7C-314D-4CCF-A6D0-FD8FC2CFA284}.Release|Any CPU.ActiveCfg = Release|Any CPU
		{ECA93D7C-314D-4CCF-A6D0-FD8FC2CFA284}.Release|Any CPU.Build.0 = Release|Any CPU
		{ECA93D7C-314D-4CCF-A6D0-FD8FC2CFA284}.Release|x64.ActiveCfg = Release|Any CPU
		{ECA93D7C-314D-4CCF-A6D0-FD8FC2CFA284}.Release|x64.Build.0 = Release|Any CPU
		{ECA93D7C-314D-4CCF-A6D0-FD8FC2CFA284}.Release|x86.ActiveCfg = Release|Any CPU
		{ECA93D7C-314D-4CCF-A6D0-FD8FC2CFA284}.Release|x86.Build.0 = Release|Any CPU
		{28485453-2E79-4F03-BFF5-19CEB2615D0B}.Debug|Any CPU.ActiveCfg = Debug|Any CPU
		{28485453-2E79-4F03-BFF5-19CEB2615D0B}.Debug|Any CPU.Build.0 = Debug|Any CPU
		{28485453-2E79-4F03-BFF5-19CEB2615D0B}.Debug|x64.ActiveCfg = Debug|Any CPU
		{28485453-2E79-4F03-BFF5-19CEB2615D0B}.Debug|x64.Build.0 = Debug|Any CPU
		{28485453-2E79-4F03-BFF5-19CEB2615D0B}.Debug|x86.ActiveCfg = Debug|Any CPU
		{28485453-2E79-4F03-BFF5-19CEB2615D0B}.Debug|x86.Build.0 = Debug|Any CPU
		{28485453-2E79-4F03-BFF5-19CEB2615D0B}.Release|Any CPU.ActiveCfg = Release|Any CPU
		{28485453-2E79-4F03-BFF5-19CEB2615D0B}.Release|Any CPU.Build.0 = Release|Any CPU
		{28485453-2E79-4F03-BFF5-19CEB2615D0B}.Release|x64.ActiveCfg = Release|Any CPU
		{28485453-2E79-4F03-BFF5-19CEB2615D0B}.Release|x64.Build.0 = Release|Any CPU
		{28485453-2E79-4F03-BFF5-19CEB2615D0B}.Release|x86.ActiveCfg = Release|Any CPU
		{28485453-2E79-4F03-BFF5-19CEB2615D0B}.Release|x86.Build.0 = Release|Any CPU
		{31B7F177-2C10-4234-B7CE-6C5AC0AC78CA}.Debug|Any CPU.ActiveCfg = Debug|Any CPU
		{31B7F177-2C10-4234-B7CE-6C5AC0AC78CA}.Debug|Any CPU.Build.0 = Debug|Any CPU
		{31B7F177-2C10-4234-B7CE-6C5AC0AC78CA}.Debug|x64.ActiveCfg = Debug|Any CPU
		{31B7F177-2C10-4234-B7CE-6C5AC0AC78CA}.Debug|x64.Build.0 = Debug|Any CPU
		{31B7F177-2C10-4234-B7CE-6C5AC0AC78CA}.Debug|x86.ActiveCfg = Debug|Any CPU
		{31B7F177-2C10-4234-B7CE-6C5AC0AC78CA}.Debug|x86.Build.0 = Debug|Any CPU
		{31B7F177-2C10-4234-B7CE-6C5AC0AC78CA}.Release|Any CPU.ActiveCfg = Release|Any CPU
		{31B7F177-2C10-4234-B7CE-6C5AC0AC78CA}.Release|Any CPU.Build.0 = Release|Any CPU
		{31B7F177-2C10-4234-B7CE-6C5AC0AC78CA}.Release|x64.ActiveCfg = Release|Any CPU
		{31B7F177-2C10-4234-B7CE-6C5AC0AC78CA}.Release|x64.Build.0 = Release|Any CPU
		{31B7F177-2C10-4234-B7CE-6C5AC0AC78CA}.Release|x86.ActiveCfg = Release|Any CPU
		{31B7F177-2C10-4234-B7CE-6C5AC0AC78CA}.Release|x86.Build.0 = Release|Any CPU
		{D63BFE8F-7512-4438-B301-AEC16F9674B7}.Debug|Any CPU.ActiveCfg = Debug|Any CPU
		{D63BFE8F-7512-4438-B301-AEC16F9674B7}.Debug|Any CPU.Build.0 = Debug|Any CPU
		{D63BFE8F-7512-4438-B301-AEC16F9674B7}.Debug|x64.ActiveCfg = Debug|Any CPU
		{D63BFE8F-7512-4438-B301-AEC16F9674B7}.Debug|x64.Build.0 = Debug|Any CPU
		{D63BFE8F-7512-4438-B301-AEC16F9674B7}.Debug|x86.ActiveCfg = Debug|Any CPU
		{D63BFE8F-7512-4438-B301-AEC16F9674B7}.Debug|x86.Build.0 = Debug|Any CPU
		{D63BFE8F-7512-4438-B301-AEC16F9674B7}.Release|Any CPU.ActiveCfg = Release|Any CPU
		{D63BFE8F-7512-4438-B301-AEC16F9674B7}.Release|Any CPU.Build.0 = Release|Any CPU
		{D63BFE8F-7512-4438-B301-AEC16F9674B7}.Release|x64.ActiveCfg = Release|Any CPU
		{D63BFE8F-7512-4438-B301-AEC16F9674B7}.Release|x64.Build.0 = Release|Any CPU
		{D63BFE8F-7512-4438-B301-AEC16F9674B7}.Release|x86.ActiveCfg = Release|Any CPU
		{D63BFE8F-7512-4438-B301-AEC16F9674B7}.Release|x86.Build.0 = Release|Any CPU
		{817AE8A7-D378-4B41-B64D-6FA402CBF4D0}.Debug|Any CPU.ActiveCfg = Debug|Any CPU
		{817AE8A7-D378-4B41-B64D-6FA402CBF4D0}.Debug|Any CPU.Build.0 = Debug|Any CPU
		{817AE8A7-D378-4B41-B64D-6FA402CBF4D0}.Debug|x64.ActiveCfg = Debug|Any CPU
		{817AE8A7-D378-4B41-B64D-6FA402CBF4D0}.Debug|x64.Build.0 = Debug|Any CPU
		{817AE8A7-D378-4B41-B64D-6FA402CBF4D0}.Debug|x86.ActiveCfg = Debug|Any CPU
		{817AE8A7-D378-4B41-B64D-6FA402CBF4D0}.Debug|x86.Build.0 = Debug|Any CPU
		{817AE8A7-D378-4B41-B64D-6FA402CBF4D0}.Release|Any CPU.ActiveCfg = Release|Any CPU
		{817AE8A7-D378-4B41-B64D-6FA402CBF4D0}.Release|Any CPU.Build.0 = Release|Any CPU
		{817AE8A7-D378-4B41-B64D-6FA402CBF4D0}.Release|x64.ActiveCfg = Release|Any CPU
		{817AE8A7-D378-4B41-B64D-6FA402CBF4D0}.Release|x64.Build.0 = Release|Any CPU
		{817AE8A7-D378-4B41-B64D-6FA402CBF4D0}.Release|x86.ActiveCfg = Release|Any CPU
		{817AE8A7-D378-4B41-B64D-6FA402CBF4D0}.Release|x86.Build.0 = Release|Any CPU
	EndGlobalSection
	GlobalSection(SolutionProperties) = preSolution
		HideSolutionNode = FALSE
	EndGlobalSection
	GlobalSection(NestedProjects) = preSolution
		{3E2D1C0B-F0A9-8D7C-6B5A-4938270F1E0D} = {D88EDB53-6A7E-4A8C-B6BC-617F6E2BB2CE}
		{2D1C0BAF-E9D8-7C6B-5A49-382700E0D9BC} = {D88EDB53-6A7E-4A8C-B6BC-617F6E2BB2CE}
		{1C0BAEF8-D8C7-6B5A-4938-27162DEF9ABC} = {D88EDB53-6A7E-4A8C-B6BC-617F6E2BB2CE}
		{C4AC8EEE-CD6B-45AE-8A92-31751C379EF7} = {D88EDB53-6A7E-4A8C-B6BC-617F6E2BB2CE}
		{F6A7B8C9-D0E1-4F3A-C45C-6D7E8F9A0B1C} = {D88EDB53-6A7E-4A8C-B6BC-617F6E2BB2CE}
		{D4E5F6A7-B8C9-4D1E-AF3A-4B5C6D7E8F9A} = {F8A9B0C2-D3E4-4A5B-6C7D-8E9F0A1B2C3E}
		{E7F8A9B0-C1D2-4E3F-B056-7D8E9F0A1B2C} = {D88EDB53-6A7E-4A8C-B6BC-617F6E2BB2CE}
		{F8A9B0C1-D2E3-4F4A-C167-8E9F0A1B2C3D} = {D88EDB53-6A7E-4A8C-B6BC-617F6E2BB2CE}
		{C5D6E7F8-A9B0-4D1E-2F3A-4B5C6D7E8F9A} = {7B20EC59-F374-4EA0-B3C9-94A9D13BE2DF}
		{D6E7F8A9-B0C1-4E2F-3A4B-5C6D7E8F9A0B} = {7B20EC59-F374-4EA0-B3C9-94A9D13BE2DF}
		{E7F8A9B0-C1D2-4F3A-4B5C-6D7E8F9A0B1C} = {7B20EC59-F374-4EA0-B3C9-94A9D13BE2DF}
		{7B20EC59-F374-4EA0-B3C9-94A9D13BE2DF} = {F8A9B0C2-D3E4-4A5B-6C7D-8E9F0A1B2C3E}
		{B2C3D4E5-F6A7-8901-BCDE-F12345678901} = {A1B2C3D4-E5F6-7890-ABCD-EF1234567890}
		{C3D4E5F6-A7B8-9012-CDEF-123456789012} = {A1B2C3D4-E5F6-7890-ABCD-EF1234567890}
		{D4E5F6A7-B8C9-0123-DEF0-234567890123} = {A1B2C3D4-E5F6-7890-ABCD-EF1234567890}
		{E5F6A7B8-C9D0-1234-EF01-345678901234} = {A1B2C3D4-E5F6-7890-ABCD-EF1234567890}
		{FE31F342-A94D-44F4-BEE2-C4800E21901D} = {D88EDB53-6A7E-4A8C-B6BC-617F6E2BB2CE}
		{14C2EE67-9919-4012-8D43-24740845485F} = {D88EDB53-6A7E-4A8C-B6BC-617F6E2BB2CE}
		{33701A5D-DB6B-4781-95D6-D07033944300} = {D88EDB53-6A7E-4A8C-B6BC-617F6E2BB2CE}
		{F051097D-0E48-44F6-8759-D4C52CC731D4} = {D88EDB53-6A7E-4A8C-B6BC-617F6E2BB2CE}
		{0C6D1E9D-7A52-4A0F-8752-81D4DF6059AF} = {D88EDB53-6A7E-4A8C-B6BC-617F6E2BB2CE}
		{78AD5E36-1CCB-45E3-BF28-E15C2D849F91} = {D88EDB53-6A7E-4A8C-B6BC-617F6E2BB2CE}
		{C70698D4-47FB-43CB-958C-39303EA04B56} = {D88EDB53-6A7E-4A8C-B6BC-617F6E2BB2CE}
		{ECA93D7C-314D-4CCF-A6D0-FD8FC2CFA284} = {D88EDB53-6A7E-4A8C-B6BC-617F6E2BB2CE}
		{28485453-2E79-4F03-BFF5-19CEB2615D0B} = {A1B2C3D4-E5F6-7890-ABCD-EF1234567890}
		{31B7F177-2C10-4234-B7CE-6C5AC0AC78CA} = {A1B2C3D4-E5F6-7890-ABCD-EF1234567890}
		{D63BFE8F-7512-4438-B301-AEC16F9674B7} = {D88EDB53-6A7E-4A8C-B6BC-617F6E2BB2CE}
		{817AE8A7-D378-4B41-B64D-6FA402CBF4D0} = {D88EDB53-6A7E-4A8C-B6BC-617F6E2BB2CE}
	EndGlobalSection
	GlobalSection(ExtensibilityGlobals) = postSolution
		SolutionGuid = {DBA657B6-6F45-453E-9640-EE9CCDB1EFF0}
	EndGlobalSection
EndGlobal
