
Microsoft Visual Studio Solution File, Format Version 12.00
# Visual Studio Version 18
VisualStudioVersion = 18.3.11222.16
MinimumVisualStudioVersion = 10.0.40219.1
Project("{9A19103F-16F7-4668-BE54-9A1E7A4F7556}") = "ExploreTheWorld.CL", "CL\ExploreTheWorld.CL.csproj", "{F0A2B3C4-5D6E-7F8A-9B0C-1D2E3F4A5B6C}"
EndProject
Project("{9A19103F-16F7-4668-BE54-9A1E7A4F7556}") = "ExploreTheWorld.AL", "AL\ExploreTheWorld.AL.csproj", "{E1B2C3D4-6E7F-8A9B-0C1D-2E3F4A5B6C7D}"
EndProject
Project("{9A19103F-16F7-4668-BE54-9A1E7A4F7556}") = "ExploreTheWorld.DL", "DL\ExploreTheWorld.DL.csproj", "{D2C3B4A5-7F8A-9B0C-1D2E-3F4A5B6C7D8E}"
EndProject
Project("{9A19103F-16F7-4668-BE54-9A1E7A4F7556}") = "ExploreTheWorld.BL", "BL\ExploreTheWorld.BL.csproj", "{C3D4E5F6-8A9B-0C1D-2E3F-4A5B6C7D8E9F}"
EndProject
Project("{9A19103F-16F7-4668-BE54-9A1E7A4F7556}") = "ExploreTheWorld.DL.MsSystem", "DL.MsSystem\ExploreTheWorld.DL.MsSystem.csproj", "{B4E5F6A7-9B0C-1D2E-3F4A-5B6C7D8E9F0A}"
EndProject
Project("{9A19103F-16F7-4668-BE54-9A1E7A4F7556}") = "ExploreTheWorld.AL.BlazorLib", "AL.BlazorLib\ExploreTheWorld.AL.BlazorLib.csproj", "{A5F6A7B8-0C1D-2E3F-4A5B-6C7D8E9F0A1B}"
EndProject
Project("{9A19103F-16F7-4668-BE54-9A1E7A4F7556}") = "ExploreTheWorld.AL.BlazorWebApp.Client", "AL.BlazorWebApp.Client\ExploreTheWorld.AL.BlazorWebApp.Client.csproj", "{87A8B9CA-2E3F-4A5B-6C7D-8E9F0A1B2C3D}"
EndProject
Project("{9A19103F-16F7-4668-BE54-9A1E7A4F7556}") = "ExploreTheWorld.AL.BlazorWebApp", "AL.BlazorWebApp\ExploreTheWorld.AL.BlazorWebApp.csproj", "{78B9CADB-3F4A-5B6C-7D8E-9F0A1B2C3D4E}"
EndProject
Project("{9A19103F-16F7-4668-BE54-9A1E7A4F7556}") = "ExploreTheWorld.AL.BlazorWebApp.ClientOnly", "AL.BlazorWebApp.ClientOnly\ExploreTheWorld.AL.BlazorWebApp.ClientOnly.csproj", "{4BF1A2C3-D4E5-6F70-8091-A2B3C4D5E6F7}"
EndProject
Project("{9A19103F-16F7-4668-BE54-9A1E7A4F7556}") = "ExploreTheWorld.DL.MsSystemNet", "DL.MsSystemNet\ExploreTheWorld.DL.MsSystemNet.csproj", "{69CADBEC-4A5B-6C7D-8E9F-0A1B2C3D4E5F}"
EndProject
Project("{9A19103F-16F7-4668-BE54-9A1E7A4F7556}") = "ExploreTheWorld.DL.MsJSInterop", "DL.MsJSInterop\ExploreTheWorld.DL.MsJSInterop.csproj", "{5ADBECFD-5B6C-7D8E-9F0A-1B2C3D4E5F6A}"
EndProject
Project("{9A19103F-16F7-4668-BE54-9A1E7A4F7556}") = "ExploreTheWorld.DL.CountriesNowSpaceApi", "DL.CountriesNowSpaceApi\ExploreTheWorld.DL.CountriesNowSpaceApi.csproj", "{C3D4E5F6-A7B8-4C0D-9E2F-3A4B5C6D7E8F}"
EndProject
Project("{9A19103F-16F7-4668-BE54-9A1E7A4F7556}") = "ExploreTheWorld.AL.WinFormApp", "AL.WinFormApp\ExploreTheWorld.AL.WinFormApp.csproj", "{A1B2C3D4-E5F6-4A8B-9C0D-1E2F3A4B5C6D}"
EndProject
Project("{9A19103F-16F7-4668-BE54-9A1E7A4F7556}") = "ExploreTheWorld.DL.CountriesNowSpaceData", "DL.CountriesNowSpaceData\ExploreTheWorld.DL.CountriesNowSpaceData.csproj", "{D5E6F7A8-B9C0-4D2E-AF4B-5C6D7E8F9A0B}"
EndProject
Project("{9A19103F-16F7-4668-BE54-9A1E7A4F7556}") = "ExploreTheWorld.AL.MsOfficeWordVstoAddIn", "AL.MsOfficeWordVstoAddIn\ExploreTheWorld.AL.MsOfficeWordVstoAddIn.csproj", "{E1A2B3C4-D5E6-4F7A-8B9C-0D1E2F3A4B5C}"
EndProject
Project("{9A19103F-16F7-4668-BE54-9A1E7A4F7556}") = "ExploreTheWorld.AL.MsOfficeExcelVstoAddIn", "AL.MsOfficeExcelVstoAddIn\ExploreTheWorld.AL.MsOfficeExcelVstoAddIn.csproj", "{F2B3C4D5-E6F7-4A8B-9C0D-1E2F3A4B5C6D}"
EndProject
Project("{9A19103F-16F7-4668-BE54-9A1E7A4F7556}") = "ExploreTheWorld.AL.MsOfficePowerPointVstoAddIn", "AL.MsOfficePowerPointVstoAddIn\ExploreTheWorld.AL.MsOfficePowerPointVstoAddIn.csproj", "{A3C4D5E6-F7A8-4B9C-0D1E-2F3A4B5C6D7E}"
EndProject
Project("{2150E333-8FDC-42A3-9474-1A3956D46DE8}") = "Apps", "Apps", "{377FB844-B867-415D-B036-A9DDC98B18F3}"
EndProject
Project("{2150E333-8FDC-42A3-9474-1A3956D46DE8}") = "Web Add-ins", "Web Add-ins", "{8B9C0D1E-2F3A-4B5C-6D7E-8F9A0B1C2D3E}"
EndProject
Project("{9A19103F-16F7-4668-BE54-9A1E7A4F7556}") = "ExploreTheWorld.AL.MsOfficeWordBlazorWebAddIn", "AL.MsOfficeWordBlazorWebAddIn\ExploreTheWorld.AL.MsOfficeWordBlazorWebAddIn.csproj", "{8BFCA4D3-1E2F-3A4B-5C6D-7E8F9A0B1C2D}"
EndProject
Project("{9A19103F-16F7-4668-BE54-9A1E7A4F7556}") = "ExploreTheWorld.AL.MsOfficeWordBlazorWebAddIn.Client", "AL.MsOfficeWordBlazorWebAddIn.Client\ExploreTheWorld.AL.MsOfficeWordBlazorWebAddIn.Client.csproj", "{9CA3B5E2-2F3A-4B5C-6D7E-8F9A0B1C2D3E}"
EndProject
Project("{9A19103F-16F7-4668-BE54-9A1E7A4F7556}") = "ExploreTheWorld.AL.MsOfficeExcelBlazorWebAddIn", "AL.MsOfficeExcelBlazorWebAddIn\ExploreTheWorld.AL.MsOfficeExcelBlazorWebAddIn.csproj", "{0DB4C6F3-3A4B-5C6D-7E8F-9A0B1C2D3E4F}"
EndProject
Project("{9A19103F-16F7-4668-BE54-9A1E7A4F7556}") = "ExploreTheWorld.AL.MsOfficeExcelBlazorWebAddIn.Client", "AL.MsOfficeExcelBlazorWebAddIn.Client\ExploreTheWorld.AL.MsOfficeExcelBlazorWebAddIn.Client.csproj", "{1EC5D7A4-4B5C-6D7E-8F9A-0B1C2D3E4F5A}"
EndProject
Project("{9A19103F-16F7-4668-BE54-9A1E7A4F7556}") = "ExploreTheWorld.AL.MsOfficePowerPointBlazorWebAddIn", "AL.MsOfficePowerPointBlazorWebAddIn\ExploreTheWorld.AL.MsOfficePowerPointBlazorWebAddIn.csproj", "{2FD6E8B5-5C6D-7E8F-9A0B-1C2D3E4F5A6B}"
EndProject
Project("{9A19103F-16F7-4668-BE54-9A1E7A4F7556}") = "ExploreTheWorld.AL.MsOfficePowerPointBlazorWebAddIn.Client", "AL.MsOfficePowerPointBlazorWebAddIn.Client\ExploreTheWorld.AL.MsOfficePowerPointBlazorWebAddIn.Client.csproj", "{3AE7F9C6-6D7E-8F9A-0B1C-2D3E4F5A6B7C}"
EndProject
Project("{2150E333-8FDC-42A3-9474-1A3956D46DE8}") = "Packages", "Packages", "{799A60FE-88F9-4E11-AC78-B335A27E1A63}"
EndProject
Project("{FAE04EC0-301F-11D3-BF4B-00C04F79EFBC}") = "NetOffice.Analyzers", "..\..\code-zgh-NetOfficeFw__NetOffice__10\Source\Analyzers\NetOffice.Analyzers\NetOffice.Analyzers.csproj", "{A5112521-2DDE-67B5-CDEA-A56398939AD1}"
EndProject
Project("{2150E333-8FDC-42A3-9474-1A3956D46DE8}") = "NetOffice__10", "NetOffice__10", "{5836C974-788B-4094-BCD5-E8B0405C33BB}"
EndProject
Project("{FAE04EC0-301F-11D3-BF4B-00C04F79EFBC}") = "NetOffice", "..\..\code-zgh-NetOfficeFw__NetOffice__10\Source\NetOffice\NetOffice.csproj", "{C7E5F0A8-FD59-D074-ADEC-2895EBCDCAE5}"
EndProject
Project("{FAE04EC0-301F-11D3-BF4B-00C04F79EFBC}") = "OfficeApi", "..\..\code-zgh-NetOfficeFw__NetOffice__10\Source\Office\OfficeApi.csproj", "{01AE145F-8E8B-A636-D0D2-FDF587321765}"
EndProject
Project("{FAE04EC0-301F-11D3-BF4B-00C04F79EFBC}") = "VBIDEApi", "..\..\code-zgh-NetOfficeFw__NetOffice__10\Source\VBIDE\VBIDEApi.csproj", "{24E777B6-B1E0-7A58-E7FF-0B1AFAF8E36E}"
EndProject
Project("{FAE04EC0-301F-11D3-BF4B-00C04F79EFBC}") = "PowerPointApi", "..\..\code-zgh-NetOfficeFw__NetOffice__10\Source\PowerPoint\PowerPointApi.csproj", "{55DD7B50-63DA-E979-38FC-E42F23E09A6E}"
EndProject
Project("{FAE04EC0-301F-11D3-BF4B-00C04F79EFBC}") = "ExcelApi", "..\..\code-zgh-NetOfficeFw__NetOffice__10\Source\Excel\ExcelApi.csproj", "{B252B96B-0AB1-5712-B6B6-E2AF150EC176}"
EndProject
Project("{FAE04EC0-301F-11D3-BF4B-00C04F79EFBC}") = "WordApi", "..\..\code-zgh-NetOfficeFw__NetOffice__10\Source\Word\WordApi.csproj", "{36404B99-D056-C522-0CD5-E473429A4DDE}"
EndProject
Project("{2150E333-8FDC-42A3-9474-1A3956D46DE8}") = "VSTO (COM Add-ins)", "VSTO (COM Add-ins)", "{983668E2-9ED3-4EA4-8F9E-B368883F7328}"
EndProject
Project("{2150E333-8FDC-42A3-9474-1A3956D46DE8}") = "Tests", "Tests", "{A0B1C200-D4E5-F6A7-B8C9-D0E1F2A3B4C5}"
EndProject
Project("{9A19103F-16F7-4668-BE54-9A1E7A4F7556}") = "ExploreTheWorld.UnitTests", "Tests\UnitTests\ExploreTheWorld.UnitTests.csproj", "{A0B1C201-D4E5-F6A7-B8C9-D0E1F2A3B4C5}"
EndProject
Project("{9A19103F-16F7-4668-BE54-9A1E7A4F7556}") = "ExploreTheWorld.IntegrationTests", "Tests\IntegrationTests\ExploreTheWorld.IntegrationTests.csproj", "{A0B1C202-D4E5-F6A7-B8C9-D0E1F2A3B4C5}"
EndProject
Project("{9A19103F-16F7-4668-BE54-9A1E7A4F7556}") = "ExploreTheWorld.RazorTests", "Tests\RazorTests\ExploreTheWorld.RazorTests.csproj", "{A0B1C203-D4E5-F6A7-B8C9-D0E1F2A3B4C5}"
EndProject
Project("{9A19103F-16F7-4668-BE54-9A1E7A4F7556}") = "ExploreTheWorld.WebAppTests", "Tests\WebAppTests\ExploreTheWorld.WebAppTests.csproj", "{A0B1C204-D4E5-F6A7-B8C9-D0E1F2A3B4C5}"
EndProject
Project("{9A19103F-16F7-4668-BE54-9A1E7A4F7556}") = "ExploreTheWorld.WinFormAppTests", "Tests\WinFormAppTests\ExploreTheWorld.WinFormAppTests.csproj", "{A0B1C205-D4E5-F6A7-B8C9-D0E1F2A3B4C5}"
EndProject
Project("{9A19103F-16F7-4668-BE54-9A1E7A4F7556}") = "ExploreTheWorld.OfficeAddinTests", "Tests\OfficeAddinTests\ExploreTheWorld.OfficeAddinTests.csproj", "{A0B1C206-D4E5-F6A7-B8C9-D0E1F2A3B4C5}"
EndProject
Project("{9A19103F-16F7-4668-BE54-9A1E7A4F7556}") = "ExploreTheWorld.OfficeWebAddinTests", "Tests\OfficeWebAddinTests\ExploreTheWorld.OfficeWebAddinTests.csproj", "{A0B1C207-D4E5-F6A7-B8C9-D0E1F2A3B4C5}"
EndProject
Project("{9A19103F-16F7-4668-BE54-9A1E7A4F7556}") = "ExploreTheWorld.AL.MauiLib", "AL.MauiLib\ExploreTheWorld.AL.MauiLib.csproj", "{B1C2D3E4-F5A6-4B8C-9D0E-1F2A3B4C5D6E}"
EndProject
Project("{9A19103F-16F7-4668-BE54-9A1E7A4F7556}") = "ExploreTheWorld.MauiAppTests", "Tests\MauiAppTests\ExploreTheWorld.MauiAppTests.csproj", "{A0B1C209-D4E5-F6A7-B8C9-D0E1F2A3B4C5}"
EndProject
Project("{2150E333-8FDC-42A3-9474-1A3956D46DE8}") = "Libs", "Libs", "{9BCDF504-E4F5-4B70-B6D9-44E8B58D9FEB}"
EndProject
Project("{FAE04EC0-301F-11D3-BF4B-00C04F79EFBC}") = "ExploreTheWorld.DL.CountriesNowSpaceData.SqliteDb_Impl", "DL.CountriesNowSpaceData.SqliteDb_Impl\ExploreTheWorld.DL.CountriesNowSpaceData.SqliteDb_Impl.csproj", "{5B42DDC5-2623-44AD-81E0-FC7291FDBF8F}"
EndProject
Project("{FAE04EC0-301F-11D3-BF4B-00C04F79EFBC}") = "ExploreTheWorld.DL.CountriesNowSpaceData.SqlServerDb_Impl", "DL.CountriesNowSpaceData.SqlServerDb_Impl\ExploreTheWorld.DL.CountriesNowSpaceData.SqlServerDb_Impl.csproj", "{8172CBFE-9AF8-4BE7-8C59-09DCED35359C}"
EndProject
Project("{FAE04EC0-301F-11D3-BF4B-00C04F79EFBC}") = "ExploreTheWorld.DL.CountriesNowSpaceData.AccessDb_Impl", "DL.CountriesNowSpaceData.AccessDb_Impl\ExploreTheWorld.DL.CountriesNowSpaceData.AccessDb_Impl.csproj", "{2F4AB191-EBE0-4E51-ACF2-3B7E0B0559B9}"
EndProject
Project("{FAE04EC0-301F-11D3-BF4B-00C04F79EFBC}") = "ExploreTheWorld.DL.CountriesNowSpaceData.LocalStorageDb_Impl", "DL.CountriesNowSpaceData.LocalStorageDb_Impl\ExploreTheWorld.DL.CountriesNowSpaceData.LocalStorageDb_Impl.csproj", "{4A384695-B5DA-481C-81A1-FD9F60B5866D}"
EndProject
Project("{FAE04EC0-301F-11D3-BF4B-00C04F79EFBC}") = "ExploreTheWorld.DL.CountriesNowSpaceData.InMemoryDb_Impl", "DL.CountriesNowSpaceData.InMemoryDb_Impl\ExploreTheWorld.DL.CountriesNowSpaceData.InMemoryDb_Impl.csproj", "{8B352DE0-532E-4498-AD04-AE7C59C04E97}"
EndProject
Project("{9A19103F-16F7-4668-BE54-9A1E7A4F7556}") = "ExploreTheWorld.DL.MsOfficeApi.OpenXml_Impl", "DL.MsOfficeApi.OpenXml_Impl\ExploreTheWorld.DL.MsOfficeApi.OpenXml_Impl.csproj", "{BDE9A5CA-A57C-410E-A47D-255C8604111D}"
EndProject
Project("{9A19103F-16F7-4668-BE54-9A1E7A4F7556}") = "ExploreTheWorld.DL.MsOfficeApi.NetOffice_Impl", "DL.MsOfficeApi.NetOffice_Impl\ExploreTheWorld.DL.MsOfficeApi.NetOffice_Impl.csproj", "{ED3EF846-6F44-463E-85EB-E6E6CF835D5F}"
EndProject
Project("{9A19103F-16F7-4668-BE54-9A1E7A4F7556}") = "ExploreTheWorld.DL.MsOfficeApi.Dynamic_Impl", "DL.MsOfficeApi.Dynamic_Impl\ExploreTheWorld.DL.MsOfficeApi.Dynamic_Impl.csproj", "{A329B642-29D3-4F0B-99E7-5597D431F505}"
EndProject
Project("{9A19103F-16F7-4668-BE54-9A1E7A4F7556}") = "ExploreTheWorld.DL.MsOfficeApi.Direct_Impl", "DL.MsOfficeApi.Direct_Impl\ExploreTheWorld.DL.MsOfficeApi.Direct_Impl.csproj", "{B1DECE20-D7E2-4D62-B9C3-B0F28A1F34F2}"
EndProject
Project("{2150E333-8FDC-42A3-9474-1A3956D46DE8}") = "Oqtane", "Oqtane", "{7FB493B2-98D9-4CE8-8237-527D9602679A}"
EndProject
Project("{FAE04EC0-301F-11D3-BF4B-00C04F79EFBC}") = "Oqtane.Shared", "..\oqtane.framework\Oqtane.Shared\Oqtane.Shared.csproj", "{BC903CB5-FED0-D237-6C19-0FAC7F536B49}"
EndProject
Project("{FAE04EC0-301F-11D3-BF4B-00C04F79EFBC}") = "Oqtane.Client", "..\oqtane.framework\Oqtane.Client\Oqtane.Client.csproj", "{59990BAC-140E-2EAD-E1F6-24743A2A771B}"
EndProject
Project("{FAE04EC0-301F-11D3-BF4B-00C04F79EFBC}") = "Oqtane.Server", "..\oqtane.framework\Oqtane.Server\Oqtane.Server.csproj", "{22DC3B12-17B0-05ED-D3BA-E3AA4935693A}"
EndProject
Project("{9A19103F-16F7-4668-BE54-9A1E7A4F7556}") = "ExploreTheWorld.AL.Oqtane.Radzen__Module.Client", "AL.Oqtane\Radzen__Module.Client\ExploreTheWorld.AL.Oqtane.Radzen__Module.Client.csproj", "{D1E2F3A4-B5C6-7D8E-9F0A-1B2C3D4E5F6A}"
EndProject
Project("{9A19103F-16F7-4668-BE54-9A1E7A4F7556}") = "ExploreTheWorld.AL.Oqtane.Radzen__Module.Server", "AL.Oqtane\Radzen__Module.Server\ExploreTheWorld.AL.Oqtane.Radzen__Module.Server.csproj", "{E2F3A4B5-C6D7-8E9F-0A1B-2C3D4E5F6A7B}"
EndProject
Project("{9A19103F-16F7-4668-BE54-9A1E7A4F7556}") = "ExploreTheWorld.AL.Oqtane.CountriesNow__Module.Client", "AL.Oqtane\CountriesNow__Module.Client\ExploreTheWorld.AL.Oqtane.CountriesNow__Module.Client.csproj", "{F3A4B5C6-D7E8-9F0A-1B2C-3D4E5F6A7B8C}"
EndProject
Project("{9A19103F-16F7-4668-BE54-9A1E7A4F7556}") = "ExploreTheWorld.AL.Oqtane.CountriesNow__Module.Server", "AL.Oqtane\CountriesNow__Module.Server\ExploreTheWorld.AL.Oqtane.CountriesNow__Module.Server.csproj", "{A4B5C6D7-E8F9-0A1B-2C3D-4E5F6A7B8C9D}"
EndProject
Project("{9A19103F-16F7-4668-BE54-9A1E7A4F7556}") = "ExploreTheWorld.AL.Oqtane.CountrySlides__Module.Client", "AL.Oqtane\CountrySlides__Module.Client\ExploreTheWorld.AL.Oqtane.CountrySlides__Module.Client.csproj", "{B5C6D7E8-F9A0-1B2C-3D4E-5F6A7B8C9D0E}"
EndProject
Project("{9A19103F-16F7-4668-BE54-9A1E7A4F7556}") = "ExploreTheWorld.AL.Oqtane.CountrySlides__Module.Server", "AL.Oqtane\CountrySlides__Module.Server\ExploreTheWorld.AL.Oqtane.CountrySlides__Module.Server.csproj", "{C6D7E8F9-A0B1-2C3D-4E5F-6A7B8C9D0E1F}"
EndProject
Project("{9A19103F-16F7-4668-BE54-9A1E7A4F7556}") = "ExploreTheWorld.AL.Oqtane.Theme", "AL.Oqtane\Theme\ExploreTheWorld.AL.Oqtane.Theme.csproj", "{D7E8F9A0-B1C2-3D4E-5F6A-7B8C9D0E1F2A}"
EndProject
Project("{FAE04EC0-301F-11D3-BF4B-00C04F79EFBC}") = "ExploreTheWorld.DL.CountriesNowSpaceData.SessionStorageDb_Impl", "DL.CountriesNowSpaceData.SessionStorageDb_Impl\ExploreTheWorld.DL.CountriesNowSpaceData.SessionStorageDb_Impl.csproj", "{3781D9FC-A345-412A-8D3F-062D6C1A57A5}"
EndProject
Project("{FAE04EC0-301F-11D3-BF4B-00C04F79EFBC}") = "ExploreTheWorld.DL.CountriesNowSpaceData.IndexedDb_Impl", "DL.CountriesNowSpaceData.IndexedDb_Impl\ExploreTheWorld.DL.CountriesNowSpaceData.IndexedDb_Impl.csproj", "{75EA2B41-765C-49AC-935A-C90CDB9FB59B}"
EndProject
Project("{9A19103F-16F7-4668-BE54-9A1E7A4F7556}") = "ExploreTheWorld.AL.WinFormsLib", "AL.WinFormsLib\ExploreTheWorld.AL.WinFormsLib.csproj", "{FA3B748D-C88C-466F-845A-CB827ACF7BB4}"
EndProject
Project("{FAE04EC0-301F-11D3-BF4B-00C04F79EFBC}") = "ExploreTheWorld.DL.MsJSInterop.RevealJs", "DL.MsJSInterop.RevealJs\ExploreTheWorld.DL.MsJSInterop.RevealJs.csproj", "{691CADE8-BE2B-4951-8CC7-9932C8A49329}"
EndProject
Project("{FAE04EC0-301F-11D3-BF4B-00C04F79EFBC}") = "ExploreTheWorld.DL.MsOfficeApi.MsOfficeJs.Word_Impl", "DL.MsOfficeApi.MsOfficeJs.Word_Impl\ExploreTheWorld.DL.MsOfficeApi.MsOfficeJs.Word_Impl.csproj", "{434E6BF4-2C6B-4BFA-A313-C44B19E92425}"
EndProject
Project("{FAE04EC0-301F-11D3-BF4B-00C04F79EFBC}") = "ExploreTheWorld.DL.MsOfficeApi.MsOfficeJs.Excel_Impl", "DL.MsOfficeApi.MsOfficeJs.Excel_Impl\ExploreTheWorld.DL.MsOfficeApi.MsOfficeJs.Excel_Impl.csproj", "{AAC34328-A0C8-4C11-BAAF-643588C42430}"
EndProject
Project("{FAE04EC0-301F-11D3-BF4B-00C04F79EFBC}") = "ExploreTheWorld.DL.MsOfficeApi.MsOfficeJs.PowerPoint_Impl", "DL.MsOfficeApi.MsOfficeJs.PowerPoint_Impl\ExploreTheWorld.DL.MsOfficeApi.MsOfficeJs.PowerPoint_Impl.csproj", "{FD193FE5-A79F-43D4-AC54-05C9C32B055E}"
EndProject
Project("{FAE04EC0-301F-11D3-BF4B-00C04F79EFBC}") = "ExploreTheWorld.AccessDbTests", "Tests\AccessDbTests\ExploreTheWorld.AccessDbTests.csproj", "{1F3615B5-CBCC-4E01-A198-D9B624715DCC}"
EndProject
Project("{FAE04EC0-301F-11D3-BF4B-00C04F79EFBC}") = "ExploreTheWorld.OpenXmlLibTests", "Tests\OpenXmlLibTests\ExploreTheWorld.OpenXmlLibTests.csproj", "{816F87C8-64C5-49AB-BE95-4600B7095E7C}"
EndProject
Project("{9A19103F-16F7-4668-BE54-9A1E7A4F7556}") = "ExploreTheWorld.OqtaneTests", "Tests\OqtaneTests\ExploreTheWorld.OqtaneTests.csproj", "{18C74E2F-E1E9-4572-9AE9-F68EE6997FE8}"
EndProject
Project("{FAE04EC0-301F-11D3-BF4B-00C04F79EFBC}") = "ExploreTheWorld.AL.ExportData.ConsoleApp", "AL.ExportData.ConsoleApp\ExploreTheWorld.AL.ExportData.ConsoleApp.csproj", "{57E2D55C-F35B-4CA0-A608-5DC7AC89AE86}"
EndProject
Project("{FAE04EC0-301F-11D3-BF4B-00C04F79EFBC}") = "ExploreTheWorld.AL.SaveAsJson.ConsoleApp", "AL.SaveAsJson.ConsoleApp\ExploreTheWorld.AL.SaveAsJson.ConsoleApp.csproj", "{593ACEAE-7CDD-465E-BE11-FDBF20074C38}"
EndProject
Project("{9A19103F-16F7-4668-BE54-9A1E7A4F7556}") = "ExploreTheWorld.AL.MauiApp.WinUI", "AL.MauiApp.WinUI\ExploreTheWorld.AL.MauiApp.WinUI.csproj", "{C2D3E4F5-A6B7-4C8D-9E0F-2A3B4C5D6E7F}"
EndProject
Project("{9A19103F-16F7-4668-BE54-9A1E7A4F7556}") = "ExploreTheWorld.AL.MauiApp.Droid", "AL.MauiApp.Droid\ExploreTheWorld.AL.MauiApp.Droid.csproj", "{D3E4F5A6-B7C8-4D9E-0F1A-3B4C5D6E7F80}"
EndProject
Project("{9A19103F-16F7-4668-BE54-9A1E7A4F7556}") = "ExploreTheWorld.AL.MauiApp.iOS", "AL.MauiApp.iOS\ExploreTheWorld.AL.MauiApp.iOS.csproj", "{E4F5A6B7-C8D9-4E0F-1A2B-4C5D6E7F8091}"
EndProject
Project("{9A19103F-16F7-4668-BE54-9A1E7A4F7556}") = "ExploreTheWorld.AL.MauiApp.Mac", "AL.MauiApp.Mac\ExploreTheWorld.AL.MauiApp.Mac.csproj", "{F5A6B7C8-D9E0-4F1A-2B3C-5D6E7F809102}"
EndProject
Project("{FAE04EC0-301F-11D3-BF4B-00C04F79EFBC}") = "ExploreTheWorld.DL.MsOfficeApi.Interop_Impl", "DL.MsOfficeApi.Interop_Impl\ExploreTheWorld.DL.MsOfficeApi.Interop_Impl.csproj", "{44E30DC4-8D37-4CCF-B2E4-5B46626EBB3A}"
EndProject
Project("{FAE04EC0-301F-11D3-BF4B-00C04F79EFBC}") = "ExploreTheWorld.DL.MsOfficeApi_Impl", "DL.MsOfficeApi_Impl\ExploreTheWorld.DL.MsOfficeApi_Impl.csproj", "{A2BF4565-9CDC-41D4-906C-6DB747A53765}"
EndProject
Global
	GlobalSection(SolutionConfigurationPlatforms) = preSolution
		Debug|Any CPU = Debug|Any CPU
		Debug|x64 = Debug|x64
		Debug|x86 = Debug|x86
		Release|Any CPU = Release|Any CPU
		Release|x64 = Release|x64
		Release|x86 = Release|x86
	EndGlobalSection
	GlobalSection(ProjectConfigurationPlatforms) = postSolution
		{F0A2B3C4-5D6E-7F8A-9B0C-1D2E3F4A5B6C}.Debug|Any CPU.ActiveCfg = Debug|Any CPU
		{F0A2B3C4-5D6E-7F8A-9B0C-1D2E3F4A5B6C}.Debug|Any CPU.Build.0 = Debug|Any CPU
		{F0A2B3C4-5D6E-7F8A-9B0C-1D2E3F4A5B6C}.Debug|x64.ActiveCfg = Debug|Any CPU
		{F0A2B3C4-5D6E-7F8A-9B0C-1D2E3F4A5B6C}.Debug|x64.Build.0 = Debug|Any CPU
		{F0A2B3C4-5D6E-7F8A-9B0C-1D2E3F4A5B6C}.Debug|x86.ActiveCfg = Debug|Any CPU
		{F0A2B3C4-5D6E-7F8A-9B0C-1D2E3F4A5B6C}.Debug|x86.Build.0 = Debug|Any CPU
		{F0A2B3C4-5D6E-7F8A-9B0C-1D2E3F4A5B6C}.Release|Any CPU.ActiveCfg = Release|Any CPU
		{F0A2B3C4-5D6E-7F8A-9B0C-1D2E3F4A5B6C}.Release|Any CPU.Build.0 = Release|Any CPU
		{F0A2B3C4-5D6E-7F8A-9B0C-1D2E3F4A5B6C}.Release|x64.ActiveCfg = Release|Any CPU
		{F0A2B3C4-5D6E-7F8A-9B0C-1D2E3F4A5B6C}.Release|x64.Build.0 = Release|Any CPU
		{F0A2B3C4-5D6E-7F8A-9B0C-1D2E3F4A5B6C}.Release|x86.ActiveCfg = Release|Any CPU
		{F0A2B3C4-5D6E-7F8A-9B0C-1D2E3F4A5B6C}.Release|x86.Build.0 = Release|Any CPU
		{E1B2C3D4-6E7F-8A9B-0C1D-2E3F4A5B6C7D}.Debug|Any CPU.ActiveCfg = Debug|Any CPU
		{E1B2C3D4-6E7F-8A9B-0C1D-2E3F4A5B6C7D}.Debug|Any CPU.Build.0 = Debug|Any CPU
		{E1B2C3D4-6E7F-8A9B-0C1D-2E3F4A5B6C7D}.Debug|x64.ActiveCfg = Debug|Any CPU
		{E1B2C3D4-6E7F-8A9B-0C1D-2E3F4A5B6C7D}.Debug|x64.Build.0 = Debug|Any CPU
		{E1B2C3D4-6E7F-8A9B-0C1D-2E3F4A5B6C7D}.Debug|x86.ActiveCfg = Debug|Any CPU
		{E1B2C3D4-6E7F-8A9B-0C1D-2E3F4A5B6C7D}.Debug|x86.Build.0 = Debug|Any CPU
		{E1B2C3D4-6E7F-8A9B-0C1D-2E3F4A5B6C7D}.Release|Any CPU.ActiveCfg = Release|Any CPU
		{E1B2C3D4-6E7F-8A9B-0C1D-2E3F4A5B6C7D}.Release|Any CPU.Build.0 = Release|Any CPU
		{E1B2C3D4-6E7F-8A9B-0C1D-2E3F4A5B6C7D}.Release|x64.ActiveCfg = Release|Any CPU
		{E1B2C3D4-6E7F-8A9B-0C1D-2E3F4A5B6C7D}.Release|x64.Build.0 = Release|Any CPU
		{E1B2C3D4-6E7F-8A9B-0C1D-2E3F4A5B6C7D}.Release|x86.ActiveCfg = Release|Any CPU
		{E1B2C3D4-6E7F-8A9B-0C1D-2E3F4A5B6C7D}.Release|x86.Build.0 = Release|Any CPU
		{D2C3B4A5-7F8A-9B0C-1D2E-3F4A5B6C7D8E}.Debug|Any CPU.ActiveCfg = Debug|Any CPU
		{D2C3B4A5-7F8A-9B0C-1D2E-3F4A5B6C7D8E}.Debug|Any CPU.Build.0 = Debug|Any CPU
		{D2C3B4A5-7F8A-9B0C-1D2E-3F4A5B6C7D8E}.Debug|x64.ActiveCfg = Debug|Any CPU
		{D2C3B4A5-7F8A-9B0C-1D2E-3F4A5B6C7D8E}.Debug|x64.Build.0 = Debug|Any CPU
		{D2C3B4A5-7F8A-9B0C-1D2E-3F4A5B6C7D8E}.Debug|x86.ActiveCfg = Debug|Any CPU
		{D2C3B4A5-7F8A-9B0C-1D2E-3F4A5B6C7D8E}.Debug|x86.Build.0 = Debug|Any CPU
		{D2C3B4A5-7F8A-9B0C-1D2E-3F4A5B6C7D8E}.Release|Any CPU.ActiveCfg = Release|Any CPU
		{D2C3B4A5-7F8A-9B0C-1D2E-3F4A5B6C7D8E}.Release|Any CPU.Build.0 = Release|Any CPU
		{D2C3B4A5-7F8A-9B0C-1D2E-3F4A5B6C7D8E}.Release|x64.ActiveCfg = Release|Any CPU
		{D2C3B4A5-7F8A-9B0C-1D2E-3F4A5B6C7D8E}.Release|x64.Build.0 = Release|Any CPU
		{D2C3B4A5-7F8A-9B0C-1D2E-3F4A5B6C7D8E}.Release|x86.ActiveCfg = Release|Any CPU
		{D2C3B4A5-7F8A-9B0C-1D2E-3F4A5B6C7D8E}.Release|x86.Build.0 = Release|Any CPU
		{C3D4E5F6-8A9B-0C1D-2E3F-4A5B6C7D8E9F}.Debug|Any CPU.ActiveCfg = Debug|Any CPU
		{C3D4E5F6-8A9B-0C1D-2E3F-4A5B6C7D8E9F}.Debug|Any CPU.Build.0 = Debug|Any CPU
		{C3D4E5F6-8A9B-0C1D-2E3F-4A5B6C7D8E9F}.Debug|x64.ActiveCfg = Debug|Any CPU
		{C3D4E5F6-8A9B-0C1D-2E3F-4A5B6C7D8E9F}.Debug|x64.Build.0 = Debug|Any CPU
		{C3D4E5F6-8A9B-0C1D-2E3F-4A5B6C7D8E9F}.Debug|x86.ActiveCfg = Debug|Any CPU
		{C3D4E5F6-8A9B-0C1D-2E3F-4A5B6C7D8E9F}.Debug|x86.Build.0 = Debug|Any CPU
		{C3D4E5F6-8A9B-0C1D-2E3F-4A5B6C7D8E9F}.Release|Any CPU.ActiveCfg = Release|Any CPU
		{C3D4E5F6-8A9B-0C1D-2E3F-4A5B6C7D8E9F}.Release|Any CPU.Build.0 = Release|Any CPU
		{C3D4E5F6-8A9B-0C1D-2E3F-4A5B6C7D8E9F}.Release|x64.ActiveCfg = Release|Any CPU
		{C3D4E5F6-8A9B-0C1D-2E3F-4A5B6C7D8E9F}.Release|x64.Build.0 = Release|Any CPU
		{C3D4E5F6-8A9B-0C1D-2E3F-4A5B6C7D8E9F}.Release|x86.ActiveCfg = Release|Any CPU
		{C3D4E5F6-8A9B-0C1D-2E3F-4A5B6C7D8E9F}.Release|x86.Build.0 = Release|Any CPU
		{B4E5F6A7-9B0C-1D2E-3F4A-5B6C7D8E9F0A}.Debug|Any CPU.ActiveCfg = Debug|Any CPU
		{B4E5F6A7-9B0C-1D2E-3F4A-5B6C7D8E9F0A}.Debug|Any CPU.Build.0 = Debug|Any CPU
		{B4E5F6A7-9B0C-1D2E-3F4A-5B6C7D8E9F0A}.Debug|x64.ActiveCfg = Debug|Any CPU
		{B4E5F6A7-9B0C-1D2E-3F4A-5B6C7D8E9F0A}.Debug|x64.Build.0 = Debug|Any CPU
		{B4E5F6A7-9B0C-1D2E-3F4A-5B6C7D8E9F0A}.Debug|x86.ActiveCfg = Debug|Any CPU
		{B4E5F6A7-9B0C-1D2E-3F4A-5B6C7D8E9F0A}.Debug|x86.Build.0 = Debug|Any CPU
		{B4E5F6A7-9B0C-1D2E-3F4A-5B6C7D8E9F0A}.Release|Any CPU.ActiveCfg = Release|Any CPU
		{B4E5F6A7-9B0C-1D2E-3F4A-5B6C7D8E9F0A}.Release|Any CPU.Build.0 = Release|Any CPU
		{B4E5F6A7-9B0C-1D2E-3F4A-5B6C7D8E9F0A}.Release|x64.ActiveCfg = Release|Any CPU
		{B4E5F6A7-9B0C-1D2E-3F4A-5B6C7D8E9F0A}.Release|x64.Build.0 = Release|Any CPU
		{B4E5F6A7-9B0C-1D2E-3F4A-5B6C7D8E9F0A}.Release|x86.ActiveCfg = Release|Any CPU
		{B4E5F6A7-9B0C-1D2E-3F4A-5B6C7D8E9F0A}.Release|x86.Build.0 = Release|Any CPU
		{A5F6A7B8-0C1D-2E3F-4A5B-6C7D8E9F0A1B}.Debug|Any CPU.ActiveCfg = Debug|Any CPU
		{A5F6A7B8-0C1D-2E3F-4A5B-6C7D8E9F0A1B}.Debug|Any CPU.Build.0 = Debug|Any CPU
		{A5F6A7B8-0C1D-2E3F-4A5B-6C7D8E9F0A1B}.Debug|x64.ActiveCfg = Debug|Any CPU
		{A5F6A7B8-0C1D-2E3F-4A5B-6C7D8E9F0A1B}.Debug|x64.Build.0 = Debug|Any CPU
		{A5F6A7B8-0C1D-2E3F-4A5B-6C7D8E9F0A1B}.Debug|x86.ActiveCfg = Debug|Any CPU
		{A5F6A7B8-0C1D-2E3F-4A5B-6C7D8E9F0A1B}.Debug|x86.Build.0 = Debug|Any CPU
		{A5F6A7B8-0C1D-2E3F-4A5B-6C7D8E9F0A1B}.Release|Any CPU.ActiveCfg = Release|Any CPU
		{A5F6A7B8-0C1D-2E3F-4A5B-6C7D8E9F0A1B}.Release|Any CPU.Build.0 = Release|Any CPU
		{A5F6A7B8-0C1D-2E3F-4A5B-6C7D8E9F0A1B}.Release|x64.ActiveCfg = Release|Any CPU
		{A5F6A7B8-0C1D-2E3F-4A5B-6C7D8E9F0A1B}.Release|x64.Build.0 = Release|Any CPU
		{A5F6A7B8-0C1D-2E3F-4A5B-6C7D8E9F0A1B}.Release|x86.ActiveCfg = Release|Any CPU
		{A5F6A7B8-0C1D-2E3F-4A5B-6C7D8E9F0A1B}.Release|x86.Build.0 = Release|Any CPU
		{87A8B9CA-2E3F-4A5B-6C7D-8E9F0A1B2C3D}.Debug|Any CPU.ActiveCfg = Debug|Any CPU
		{87A8B9CA-2E3F-4A5B-6C7D-8E9F0A1B2C3D}.Debug|Any CPU.Build.0 = Debug|Any CPU
		{87A8B9CA-2E3F-4A5B-6C7D-8E9F0A1B2C3D}.Debug|x64.ActiveCfg = Debug|Any CPU
		{87A8B9CA-2E3F-4A5B-6C7D-8E9F0A1B2C3D}.Debug|x64.Build.0 = Debug|Any CPU
		{87A8B9CA-2E3F-4A5B-6C7D-8E9F0A1B2C3D}.Debug|x86.ActiveCfg = Debug|Any CPU
		{87A8B9CA-2E3F-4A5B-6C7D-8E9F0A1B2C3D}.Debug|x86.Build.0 = Debug|Any CPU
		{87A8B9CA-2E3F-4A5B-6C7D-8E9F0A1B2C3D}.Release|Any CPU.ActiveCfg = Release|Any CPU
		{87A8B9CA-2E3F-4A5B-6C7D-8E9F0A1B2C3D}.Release|Any CPU.Build.0 = Release|Any CPU
		{87A8B9CA-2E3F-4A5B-6C7D-8E9F0A1B2C3D}.Release|x64.ActiveCfg = Release|Any CPU
		{87A8B9CA-2E3F-4A5B-6C7D-8E9F0A1B2C3D}.Release|x64.Build.0 = Release|Any CPU
		{87A8B9CA-2E3F-4A5B-6C7D-8E9F0A1B2C3D}.Release|x86.ActiveCfg = Release|Any CPU
		{87A8B9CA-2E3F-4A5B-6C7D-8E9F0A1B2C3D}.Release|x86.Build.0 = Release|Any CPU
		{78B9CADB-3F4A-5B6C-7D8E-9F0A1B2C3D4E}.Debug|Any CPU.ActiveCfg = Debug|Any CPU
		{78B9CADB-3F4A-5B6C-7D8E-9F0A1B2C3D4E}.Debug|Any CPU.Build.0 = Debug|Any CPU
		{78B9CADB-3F4A-5B6C-7D8E-9F0A1B2C3D4E}.Debug|x64.ActiveCfg = Debug|Any CPU
		{78B9CADB-3F4A-5B6C-7D8E-9F0A1B2C3D4E}.Debug|x64.Build.0 = Debug|Any CPU
		{78B9CADB-3F4A-5B6C-7D8E-9F0A1B2C3D4E}.Debug|x86.ActiveCfg = Debug|Any CPU
		{78B9CADB-3F4A-5B6C-7D8E-9F0A1B2C3D4E}.Debug|x86.Build.0 = Debug|Any CPU
		{78B9CADB-3F4A-5B6C-7D8E-9F0A1B2C3D4E}.Release|Any CPU.ActiveCfg = Release|Any CPU
		{78B9CADB-3F4A-5B6C-7D8E-9F0A1B2C3D4E}.Release|Any CPU.Build.0 = Release|Any CPU
		{78B9CADB-3F4A-5B6C-7D8E-9F0A1B2C3D4E}.Release|x64.ActiveCfg = Release|Any CPU
		{78B9CADB-3F4A-5B6C-7D8E-9F0A1B2C3D4E}.Release|x64.Build.0 = Release|Any CPU
		{78B9CADB-3F4A-5B6C-7D8E-9F0A1B2C3D4E}.Release|x86.ActiveCfg = Release|Any CPU
		{78B9CADB-3F4A-5B6C-7D8E-9F0A1B2C3D4E}.Release|x86.Build.0 = Release|Any CPU
		{4BF1A2C3-D4E5-6F70-8091-A2B3C4D5E6F7}.Debug|Any CPU.ActiveCfg = Debug|Any CPU
		{4BF1A2C3-D4E5-6F70-8091-A2B3C4D5E6F7}.Debug|Any CPU.Build.0 = Debug|Any CPU
		{4BF1A2C3-D4E5-6F70-8091-A2B3C4D5E6F7}.Debug|x64.ActiveCfg = Debug|Any CPU
		{4BF1A2C3-D4E5-6F70-8091-A2B3C4D5E6F7}.Debug|x64.Build.0 = Debug|Any CPU
		{4BF1A2C3-D4E5-6F70-8091-A2B3C4D5E6F7}.Debug|x86.ActiveCfg = Debug|Any CPU
		{4BF1A2C3-D4E5-6F70-8091-A2B3C4D5E6F7}.Debug|x86.Build.0 = Debug|Any CPU
		{4BF1A2C3-D4E5-6F70-8091-A2B3C4D5E6F7}.Release|Any CPU.ActiveCfg = Release|Any CPU
		{4BF1A2C3-D4E5-6F70-8091-A2B3C4D5E6F7}.Release|Any CPU.Build.0 = Release|Any CPU
		{4BF1A2C3-D4E5-6F70-8091-A2B3C4D5E6F7}.Release|x64.ActiveCfg = Release|Any CPU
		{4BF1A2C3-D4E5-6F70-8091-A2B3C4D5E6F7}.Release|x64.Build.0 = Release|Any CPU
		{4BF1A2C3-D4E5-6F70-8091-A2B3C4D5E6F7}.Release|x86.ActiveCfg = Release|Any CPU
		{4BF1A2C3-D4E5-6F70-8091-A2B3C4D5E6F7}.Release|x86.Build.0 = Release|Any CPU
		{69CADBEC-4A5B-6C7D-8E9F-0A1B2C3D4E5F}.Debug|Any CPU.ActiveCfg = Debug|Any CPU
		{69CADBEC-4A5B-6C7D-8E9F-0A1B2C3D4E5F}.Debug|Any CPU.Build.0 = Debug|Any CPU
		{69CADBEC-4A5B-6C7D-8E9F-0A1B2C3D4E5F}.Debug|x64.ActiveCfg = Debug|Any CPU
		{69CADBEC-4A5B-6C7D-8E9F-0A1B2C3D4E5F}.Debug|x64.Build.0 = Debug|Any CPU
		{69CADBEC-4A5B-6C7D-8E9F-0A1B2C3D4E5F}.Debug|x86.ActiveCfg = Debug|Any CPU
		{69CADBEC-4A5B-6C7D-8E9F-0A1B2C3D4E5F}.Debug|x86.Build.0 = Debug|Any CPU
		{69CADBEC-4A5B-6C7D-8E9F-0A1B2C3D4E5F}.Release|Any CPU.ActiveCfg = Release|Any CPU
		{69CADBEC-4A5B-6C7D-8E9F-0A1B2C3D4E5F}.Release|Any CPU.Build.0 = Release|Any CPU
		{69CADBEC-4A5B-6C7D-8E9F-0A1B2C3D4E5F}.Release|x64.ActiveCfg = Release|Any CPU
		{69CADBEC-4A5B-6C7D-8E9F-0A1B2C3D4E5F}.Release|x64.Build.0 = Release|Any CPU
		{69CADBEC-4A5B-6C7D-8E9F-0A1B2C3D4E5F}.Release|x86.ActiveCfg = Release|Any CPU
		{69CADBEC-4A5B-6C7D-8E9F-0A1B2C3D4E5F}.Release|x86.Build.0 = Release|Any CPU
		{5ADBECFD-5B6C-7D8E-9F0A-1B2C3D4E5F6A}.Debug|Any CPU.ActiveCfg = Debug|Any CPU
		{5ADBECFD-5B6C-7D8E-9F0A-1B2C3D4E5F6A}.Debug|Any CPU.Build.0 = Debug|Any CPU
		{5ADBECFD-5B6C-7D8E-9F0A-1B2C3D4E5F6A}.Debug|x64.ActiveCfg = Debug|Any CPU
		{5ADBECFD-5B6C-7D8E-9F0A-1B2C3D4E5F6A}.Debug|x64.Build.0 = Debug|Any CPU
		{5ADBECFD-5B6C-7D8E-9F0A-1B2C3D4E5F6A}.Debug|x86.ActiveCfg = Debug|Any CPU
		{5ADBECFD-5B6C-7D8E-9F0A-1B2C3D4E5F6A}.Debug|x86.Build.0 = Debug|Any CPU
		{5ADBECFD-5B6C-7D8E-9F0A-1B2C3D4E5F6A}.Release|Any CPU.ActiveCfg = Release|Any CPU
		{5ADBECFD-5B6C-7D8E-9F0A-1B2C3D4E5F6A}.Release|Any CPU.Build.0 = Release|Any CPU
		{5ADBECFD-5B6C-7D8E-9F0A-1B2C3D4E5F6A}.Release|x64.ActiveCfg = Release|Any CPU
		{5ADBECFD-5B6C-7D8E-9F0A-1B2C3D4E5F6A}.Release|x64.Build.0 = Release|Any CPU
		{5ADBECFD-5B6C-7D8E-9F0A-1B2C3D4E5F6A}.Release|x86.ActiveCfg = Release|Any CPU
		{5ADBECFD-5B6C-7D8E-9F0A-1B2C3D4E5F6A}.Release|x86.Build.0 = Release|Any CPU
		{C3D4E5F6-A7B8-4C0D-9E2F-3A4B5C6D7E8F}.Debug|Any CPU.ActiveCfg = Debug|Any CPU
		{C3D4E5F6-A7B8-4C0D-9E2F-3A4B5C6D7E8F}.Debug|Any CPU.Build.0 = Debug|Any CPU
		{C3D4E5F6-A7B8-4C0D-9E2F-3A4B5C6D7E8F}.Debug|x64.ActiveCfg = Debug|Any CPU
		{C3D4E5F6-A7B8-4C0D-9E2F-3A4B5C6D7E8F}.Debug|x64.Build.0 = Debug|Any CPU
		{C3D4E5F6-A7B8-4C0D-9E2F-3A4B5C6D7E8F}.Debug|x86.ActiveCfg = Debug|Any CPU
		{C3D4E5F6-A7B8-4C0D-9E2F-3A4B5C6D7E8F}.Debug|x86.Build.0 = Debug|Any CPU
		{C3D4E5F6-A7B8-4C0D-9E2F-3A4B5C6D7E8F}.Release|Any CPU.ActiveCfg = Release|Any CPU
		{C3D4E5F6-A7B8-4C0D-9E2F-3A4B5C6D7E8F}.Release|Any CPU.Build.0 = Release|Any CPU
		{C3D4E5F6-A7B8-4C0D-9E2F-3A4B5C6D7E8F}.Release|x64.ActiveCfg = Release|Any CPU
		{C3D4E5F6-A7B8-4C0D-9E2F-3A4B5C6D7E8F}.Release|x64.Build.0 = Release|Any CPU
		{C3D4E5F6-A7B8-4C0D-9E2F-3A4B5C6D7E8F}.Release|x86.ActiveCfg = Release|Any CPU
		{C3D4E5F6-A7B8-4C0D-9E2F-3A4B5C6D7E8F}.Release|x86.Build.0 = Release|Any CPU
		{A1B2C3D4-E5F6-4A8B-9C0D-1E2F3A4B5C6D}.Debug|Any CPU.ActiveCfg = Debug|Any CPU
		{A1B2C3D4-E5F6-4A8B-9C0D-1E2F3A4B5C6D}.Debug|Any CPU.Build.0 = Debug|Any CPU
		{A1B2C3D4-E5F6-4A8B-9C0D-1E2F3A4B5C6D}.Debug|x64.ActiveCfg = Debug|Any CPU
		{A1B2C3D4-E5F6-4A8B-9C0D-1E2F3A4B5C6D}.Debug|x64.Build.0 = Debug|Any CPU
		{A1B2C3D4-E5F6-4A8B-9C0D-1E2F3A4B5C6D}.Debug|x86.ActiveCfg = Debug|Any CPU
		{A1B2C3D4-E5F6-4A8B-9C0D-1E2F3A4B5C6D}.Debug|x86.Build.0 = Debug|Any CPU
		{A1B2C3D4-E5F6-4A8B-9C0D-1E2F3A4B5C6D}.Release|Any CPU.ActiveCfg = Release|Any CPU
		{A1B2C3D4-E5F6-4A8B-9C0D-1E2F3A4B5C6D}.Release|Any CPU.Build.0 = Release|Any CPU
		{A1B2C3D4-E5F6-4A8B-9C0D-1E2F3A4B5C6D}.Release|x64.ActiveCfg = Release|Any CPU
		{A1B2C3D4-E5F6-4A8B-9C0D-1E2F3A4B5C6D}.Release|x64.Build.0 = Release|Any CPU
		{A1B2C3D4-E5F6-4A8B-9C0D-1E2F3A4B5C6D}.Release|x86.ActiveCfg = Release|Any CPU
		{A1B2C3D4-E5F6-4A8B-9C0D-1E2F3A4B5C6D}.Release|x86.Build.0 = Release|Any CPU
		{D5E6F7A8-B9C0-4D2E-AF4B-5C6D7E8F9A0B}.Debug|Any CPU.ActiveCfg = Debug|Any CPU
		{D5E6F7A8-B9C0-4D2E-AF4B-5C6D7E8F9A0B}.Debug|Any CPU.Build.0 = Debug|Any CPU
		{D5E6F7A8-B9C0-4D2E-AF4B-5C6D7E8F9A0B}.Debug|x64.ActiveCfg = Debug|Any CPU
		{D5E6F7A8-B9C0-4D2E-AF4B-5C6D7E8F9A0B}.Debug|x64.Build.0 = Debug|Any CPU
		{D5E6F7A8-B9C0-4D2E-AF4B-5C6D7E8F9A0B}.Debug|x86.ActiveCfg = Debug|Any CPU
		{D5E6F7A8-B9C0-4D2E-AF4B-5C6D7E8F9A0B}.Debug|x86.Build.0 = Debug|Any CPU
		{D5E6F7A8-B9C0-4D2E-AF4B-5C6D7E8F9A0B}.Release|Any CPU.ActiveCfg = Release|Any CPU
		{D5E6F7A8-B9C0-4D2E-AF4B-5C6D7E8F9A0B}.Release|Any CPU.Build.0 = Release|Any CPU
		{D5E6F7A8-B9C0-4D2E-AF4B-5C6D7E8F9A0B}.Release|x64.ActiveCfg = Release|Any CPU
		{D5E6F7A8-B9C0-4D2E-AF4B-5C6D7E8F9A0B}.Release|x64.Build.0 = Release|Any CPU
		{D5E6F7A8-B9C0-4D2E-AF4B-5C6D7E8F9A0B}.Release|x86.ActiveCfg = Release|Any CPU
		{D5E6F7A8-B9C0-4D2E-AF4B-5C6D7E8F9A0B}.Release|x86.Build.0 = Release|Any CPU
		{E1A2B3C4-D5E6-4F7A-8B9C-0D1E2F3A4B5C}.Debug|Any CPU.ActiveCfg = Debug|Any CPU
		{E1A2B3C4-D5E6-4F7A-8B9C-0D1E2F3A4B5C}.Debug|Any CPU.Build.0 = Debug|Any CPU
		{E1A2B3C4-D5E6-4F7A-8B9C-0D1E2F3A4B5C}.Debug|x64.ActiveCfg = Debug|Any CPU
		{E1A2B3C4-D5E6-4F7A-8B9C-0D1E2F3A4B5C}.Debug|x64.Build.0 = Debug|Any CPU
		{E1A2B3C4-D5E6-4F7A-8B9C-0D1E2F3A4B5C}.Debug|x86.ActiveCfg = Debug|Any CPU
		{E1A2B3C4-D5E6-4F7A-8B9C-0D1E2F3A4B5C}.Debug|x86.Build.0 = Debug|Any CPU
		{E1A2B3C4-D5E6-4F7A-8B9C-0D1E2F3A4B5C}.Release|Any CPU.ActiveCfg = Release|Any CPU
		{E1A2B3C4-D5E6-4F7A-8B9C-0D1E2F3A4B5C}.Release|Any CPU.Build.0 = Release|Any CPU
		{E1A2B3C4-D5E6-4F7A-8B9C-0D1E2F3A4B5C}.Release|x64.ActiveCfg = Release|Any CPU
		{E1A2B3C4-D5E6-4F7A-8B9C-0D1E2F3A4B5C}.Release|x64.Build.0 = Release|Any CPU
		{E1A2B3C4-D5E6-4F7A-8B9C-0D1E2F3A4B5C}.Release|x86.ActiveCfg = Release|Any CPU
		{E1A2B3C4-D5E6-4F7A-8B9C-0D1E2F3A4B5C}.Release|x86.Build.0 = Release|Any CPU
		{F2B3C4D5-E6F7-4A8B-9C0D-1E2F3A4B5C6D}.Debug|Any CPU.ActiveCfg = Debug|Any CPU
		{F2B3C4D5-E6F7-4A8B-9C0D-1E2F3A4B5C6D}.Debug|Any CPU.Build.0 = Debug|Any CPU
		{F2B3C4D5-E6F7-4A8B-9C0D-1E2F3A4B5C6D}.Debug|x64.ActiveCfg = Debug|Any CPU
		{F2B3C4D5-E6F7-4A8B-9C0D-1E2F3A4B5C6D}.Debug|x64.Build.0 = Debug|Any CPU
		{F2B3C4D5-E6F7-4A8B-9C0D-1E2F3A4B5C6D}.Debug|x86.ActiveCfg = Debug|Any CPU
		{F2B3C4D5-E6F7-4A8B-9C0D-1E2F3A4B5C6D}.Debug|x86.Build.0 = Debug|Any CPU
		{F2B3C4D5-E6F7-4A8B-9C0D-1E2F3A4B5C6D}.Release|Any CPU.ActiveCfg = Release|Any CPU
		{F2B3C4D5-E6F7-4A8B-9C0D-1E2F3A4B5C6D}.Release|Any CPU.Build.0 = Release|Any CPU
		{F2B3C4D5-E6F7-4A8B-9C0D-1E2F3A4B5C6D}.Release|x64.ActiveCfg = Release|Any CPU
		{F2B3C4D5-E6F7-4A8B-9C0D-1E2F3A4B5C6D}.Release|x64.Build.0 = Release|Any CPU
		{F2B3C4D5-E6F7-4A8B-9C0D-1E2F3A4B5C6D}.Release|x86.ActiveCfg = Release|Any CPU
		{F2B3C4D5-E6F7-4A8B-9C0D-1E2F3A4B5C6D}.Release|x86.Build.0 = Release|Any CPU
		{A3C4D5E6-F7A8-4B9C-0D1E-2F3A4B5C6D7E}.Debug|Any CPU.ActiveCfg = Debug|Any CPU
		{A3C4D5E6-F7A8-4B9C-0D1E-2F3A4B5C6D7E}.Debug|Any CPU.Build.0 = Debug|Any CPU
		{A3C4D5E6-F7A8-4B9C-0D1E-2F3A4B5C6D7E}.Debug|x64.ActiveCfg = Debug|Any CPU
		{A3C4D5E6-F7A8-4B9C-0D1E-2F3A4B5C6D7E}.Debug|x64.Build.0 = Debug|Any CPU
		{A3C4D5E6-F7A8-4B9C-0D1E-2F3A4B5C6D7E}.Debug|x86.ActiveCfg = Debug|Any CPU
		{A3C4D5E6-F7A8-4B9C-0D1E-2F3A4B5C6D7E}.Debug|x86.Build.0 = Debug|Any CPU
		{A3C4D5E6-F7A8-4B9C-0D1E-2F3A4B5C6D7E}.Release|Any CPU.ActiveCfg = Release|Any CPU
		{A3C4D5E6-F7A8-4B9C-0D1E-2F3A4B5C6D7E}.Release|Any CPU.Build.0 = Release|Any CPU
		{A3C4D5E6-F7A8-4B9C-0D1E-2F3A4B5C6D7E}.Release|x64.ActiveCfg = Release|Any CPU
		{A3C4D5E6-F7A8-4B9C-0D1E-2F3A4B5C6D7E}.Release|x64.Build.0 = Release|Any CPU
		{A3C4D5E6-F7A8-4B9C-0D1E-2F3A4B5C6D7E}.Release|x86.ActiveCfg = Release|Any CPU
		{A3C4D5E6-F7A8-4B9C-0D1E-2F3A4B5C6D7E}.Release|x86.Build.0 = Release|Any CPU
		{8BFCA4D3-1E2F-3A4B-5C6D-7E8F9A0B1C2D}.Debug|Any CPU.ActiveCfg = Debug|Any CPU
		{8BFCA4D3-1E2F-3A4B-5C6D-7E8F9A0B1C2D}.Debug|Any CPU.Build.0 = Debug|Any CPU
		{8BFCA4D3-1E2F-3A4B-5C6D-7E8F9A0B1C2D}.Debug|x64.ActiveCfg = Debug|Any CPU
		{8BFCA4D3-1E2F-3A4B-5C6D-7E8F9A0B1C2D}.Debug|x64.Build.0 = Debug|Any CPU
		{8BFCA4D3-1E2F-3A4B-5C6D-7E8F9A0B1C2D}.Debug|x86.ActiveCfg = Debug|Any CPU
		{8BFCA4D3-1E2F-3A4B-5C6D-7E8F9A0B1C2D}.Debug|x86.Build.0 = Debug|Any CPU
		{8BFCA4D3-1E2F-3A4B-5C6D-7E8F9A0B1C2D}.Release|Any CPU.ActiveCfg = Release|Any CPU
		{8BFCA4D3-1E2F-3A4B-5C6D-7E8F9A0B1C2D}.Release|Any CPU.Build.0 = Release|Any CPU
		{8BFCA4D3-1E2F-3A4B-5C6D-7E8F9A0B1C2D}.Release|x64.ActiveCfg = Release|Any CPU
		{8BFCA4D3-1E2F-3A4B-5C6D-7E8F9A0B1C2D}.Release|x64.Build.0 = Release|Any CPU
		{8BFCA4D3-1E2F-3A4B-5C6D-7E8F9A0B1C2D}.Release|x86.ActiveCfg = Release|Any CPU
		{8BFCA4D3-1E2F-3A4B-5C6D-7E8F9A0B1C2D}.Release|x86.Build.0 = Release|Any CPU
		{9CA3B5E2-2F3A-4B5C-6D7E-8F9A0B1C2D3E}.Debug|Any CPU.ActiveCfg = Debug|Any CPU
		{9CA3B5E2-2F3A-4B5C-6D7E-8F9A0B1C2D3E}.Debug|Any CPU.Build.0 = Debug|Any CPU
		{9CA3B5E2-2F3A-4B5C-6D7E-8F9A0B1C2D3E}.Debug|x64.ActiveCfg = Debug|Any CPU
		{9CA3B5E2-2F3A-4B5C-6D7E-8F9A0B1C2D3E}.Debug|x64.Build.0 = Debug|Any CPU
		{9CA3B5E2-2F3A-4B5C-6D7E-8F9A0B1C2D3E}.Debug|x86.ActiveCfg = Debug|Any CPU
		{9CA3B5E2-2F3A-4B5C-6D7E-8F9A0B1C2D3E}.Debug|x86.Build.0 = Debug|Any CPU
		{9CA3B5E2-2F3A-4B5C-6D7E-8F9A0B1C2D3E}.Release|Any CPU.ActiveCfg = Release|Any CPU
		{9CA3B5E2-2F3A-4B5C-6D7E-8F9A0B1C2D3E}.Release|Any CPU.Build.0 = Release|Any CPU
		{9CA3B5E2-2F3A-4B5C-6D7E-8F9A0B1C2D3E}.Release|x64.ActiveCfg = Release|Any CPU
		{9CA3B5E2-2F3A-4B5C-6D7E-8F9A0B1C2D3E}.Release|x64.Build.0 = Release|Any CPU
		{9CA3B5E2-2F3A-4B5C-6D7E-8F9A0B1C2D3E}.Release|x86.ActiveCfg = Release|Any CPU
		{9CA3B5E2-2F3A-4B5C-6D7E-8F9A0B1C2D3E}.Release|x86.Build.0 = Release|Any CPU
		{0DB4C6F3-3A4B-5C6D-7E8F-9A0B1C2D3E4F}.Debug|Any CPU.ActiveCfg = Debug|Any CPU
		{0DB4C6F3-3A4B-5C6D-7E8F-9A0B1C2D3E4F}.Debug|Any CPU.Build.0 = Debug|Any CPU
		{0DB4C6F3-3A4B-5C6D-7E8F-9A0B1C2D3E4F}.Debug|x64.ActiveCfg = Debug|Any CPU
		{0DB4C6F3-3A4B-5C6D-7E8F-9A0B1C2D3E4F}.Debug|x64.Build.0 = Debug|Any CPU
		{0DB4C6F3-3A4B-5C6D-7E8F-9A0B1C2D3E4F}.Debug|x86.ActiveCfg = Debug|Any CPU
		{0DB4C6F3-3A4B-5C6D-7E8F-9A0B1C2D3E4F}.Debug|x86.Build.0 = Debug|Any CPU
		{0DB4C6F3-3A4B-5C6D-7E8F-9A0B1C2D3E4F}.Release|Any CPU.ActiveCfg = Release|Any CPU
		{0DB4C6F3-3A4B-5C6D-7E8F-9A0B1C2D3E4F}.Release|Any CPU.Build.0 = Release|Any CPU
		{0DB4C6F3-3A4B-5C6D-7E8F-9A0B1C2D3E4F}.Release|x64.ActiveCfg = Release|Any CPU
		{0DB4C6F3-3A4B-5C6D-7E8F-9A0B1C2D3E4F}.Release|x64.Build.0 = Release|Any CPU
		{0DB4C6F3-3A4B-5C6D-7E8F-9A0B1C2D3E4F}.Release|x86.ActiveCfg = Release|Any CPU
		{0DB4C6F3-3A4B-5C6D-7E8F-9A0B1C2D3E4F}.Release|x86.Build.0 = Release|Any CPU
		{1EC5D7A4-4B5C-6D7E-8F9A-0B1C2D3E4F5A}.Debug|Any CPU.ActiveCfg = Debug|Any CPU
		{1EC5D7A4-4B5C-6D7E-8F9A-0B1C2D3E4F5A}.Debug|Any CPU.Build.0 = Debug|Any CPU
		{1EC5D7A4-4B5C-6D7E-8F9A-0B1C2D3E4F5A}.Debug|x64.ActiveCfg = Debug|Any CPU
		{1EC5D7A4-4B5C-6D7E-8F9A-0B1C2D3E4F5A}.Debug|x64.Build.0 = Debug|Any CPU
		{1EC5D7A4-4B5C-6D7E-8F9A-0B1C2D3E4F5A}.Debug|x86.ActiveCfg = Debug|Any CPU
		{1EC5D7A4-4B5C-6D7E-8F9A-0B1C2D3E4F5A}.Debug|x86.Build.0 = Debug|Any CPU
		{1EC5D7A4-4B5C-6D7E-8F9A-0B1C2D3E4F5A}.Release|Any CPU.ActiveCfg = Release|Any CPU
		{1EC5D7A4-4B5C-6D7E-8F9A-0B1C2D3E4F5A}.Release|Any CPU.Build.0 = Release|Any CPU
		{1EC5D7A4-4B5C-6D7E-8F9A-0B1C2D3E4F5A}.Release|x64.ActiveCfg = Release|Any CPU
		{1EC5D7A4-4B5C-6D7E-8F9A-0B1C2D3E4F5A}.Release|x64.Build.0 = Release|Any CPU
		{1EC5D7A4-4B5C-6D7E-8F9A-0B1C2D3E4F5A}.Release|x86.ActiveCfg = Release|Any CPU
		{1EC5D7A4-4B5C-6D7E-8F9A-0B1C2D3E4F5A}.Release|x86.Build.0 = Release|Any CPU
		{2FD6E8B5-5C6D-7E8F-9A0B-1C2D3E4F5A6B}.Debug|Any CPU.ActiveCfg = Debug|Any CPU
		{2FD6E8B5-5C6D-7E8F-9A0B-1C2D3E4F5A6B}.Debug|Any CPU.Build.0 = Debug|Any CPU
		{2FD6E8B5-5C6D-7E8F-9A0B-1C2D3E4F5A6B}.Debug|x64.ActiveCfg = Debug|Any CPU
		{2FD6E8B5-5C6D-7E8F-9A0B-1C2D3E4F5A6B}.Debug|x64.Build.0 = Debug|Any CPU
		{2FD6E8B5-5C6D-7E8F-9A0B-1C2D3E4F5A6B}.Debug|x86.ActiveCfg = Debug|Any CPU
		{2FD6E8B5-5C6D-7E8F-9A0B-1C2D3E4F5A6B}.Debug|x86.Build.0 = Debug|Any CPU
		{2FD6E8B5-5C6D-7E8F-9A0B-1C2D3E4F5A6B}.Release|Any CPU.ActiveCfg = Release|Any CPU
		{2FD6E8B5-5C6D-7E8F-9A0B-1C2D3E4F5A6B}.Release|Any CPU.Build.0 = Release|Any CPU
		{2FD6E8B5-5C6D-7E8F-9A0B-1C2D3E4F5A6B}.Release|x64.ActiveCfg = Release|Any CPU
		{2FD6E8B5-5C6D-7E8F-9A0B-1C2D3E4F5A6B}.Release|x64.Build.0 = Release|Any CPU
		{2FD6E8B5-5C6D-7E8F-9A0B-1C2D3E4F5A6B}.Release|x86.ActiveCfg = Release|Any CPU
		{2FD6E8B5-5C6D-7E8F-9A0B-1C2D3E4F5A6B}.Release|x86.Build.0 = Release|Any CPU
		{3AE7F9C6-6D7E-8F9A-0B1C-2D3E4F5A6B7C}.Debug|Any CPU.ActiveCfg = Debug|Any CPU
		{3AE7F9C6-6D7E-8F9A-0B1C-2D3E4F5A6B7C}.Debug|Any CPU.Build.0 = Debug|Any CPU
		{3AE7F9C6-6D7E-8F9A-0B1C-2D3E4F5A6B7C}.Debug|x64.ActiveCfg = Debug|Any CPU
		{3AE7F9C6-6D7E-8F9A-0B1C-2D3E4F5A6B7C}.Debug|x64.Build.0 = Debug|Any CPU
		{3AE7F9C6-6D7E-8F9A-0B1C-2D3E4F5A6B7C}.Debug|x86.ActiveCfg = Debug|Any CPU
		{3AE7F9C6-6D7E-8F9A-0B1C-2D3E4F5A6B7C}.Debug|x86.Build.0 = Debug|Any CPU
		{3AE7F9C6-6D7E-8F9A-0B1C-2D3E4F5A6B7C}.Release|Any CPU.ActiveCfg = Release|Any CPU
		{3AE7F9C6-6D7E-8F9A-0B1C-2D3E4F5A6B7C}.Release|Any CPU.Build.0 = Release|Any CPU
		{3AE7F9C6-6D7E-8F9A-0B1C-2D3E4F5A6B7C}.Release|x64.ActiveCfg = Release|Any CPU
		{3AE7F9C6-6D7E-8F9A-0B1C-2D3E4F5A6B7C}.Release|x64.Build.0 = Release|Any CPU
		{3AE7F9C6-6D7E-8F9A-0B1C-2D3E4F5A6B7C}.Release|x86.ActiveCfg = Release|Any CPU
		{3AE7F9C6-6D7E-8F9A-0B1C-2D3E4F5A6B7C}.Release|x86.Build.0 = Release|Any CPU
		{A5112521-2DDE-67B5-CDEA-A56398939AD1}.Debug|Any CPU.ActiveCfg = Debug|Any CPU
		{A5112521-2DDE-67B5-CDEA-A56398939AD1}.Debug|Any CPU.Build.0 = Debug|Any CPU
		{A5112521-2DDE-67B5-CDEA-A56398939AD1}.Debug|x64.ActiveCfg = Debug|Any CPU
		{A5112521-2DDE-67B5-CDEA-A56398939AD1}.Debug|x64.Build.0 = Debug|Any CPU
		{A5112521-2DDE-67B5-CDEA-A56398939AD1}.Debug|x86.ActiveCfg = Debug|Any CPU
		{A5112521-2DDE-67B5-CDEA-A56398939AD1}.Debug|x86.Build.0 = Debug|Any CPU
		{A5112521-2DDE-67B5-CDEA-A56398939AD1}.Release|Any CPU.ActiveCfg = Release|Any CPU
		{A5112521-2DDE-67B5-CDEA-A56398939AD1}.Release|Any CPU.Build.0 = Release|Any CPU
		{A5112521-2DDE-67B5-CDEA-A56398939AD1}.Release|x64.ActiveCfg = Release|Any CPU
		{A5112521-2DDE-67B5-CDEA-A56398939AD1}.Release|x64.Build.0 = Release|Any CPU
		{A5112521-2DDE-67B5-CDEA-A56398939AD1}.Release|x86.ActiveCfg = Release|Any CPU
		{A5112521-2DDE-67B5-CDEA-A56398939AD1}.Release|x86.Build.0 = Release|Any CPU
		{C7E5F0A8-FD59-D074-ADEC-2895EBCDCAE5}.Debug|Any CPU.ActiveCfg = Debug|Any CPU
		{C7E5F0A8-FD59-D074-ADEC-2895EBCDCAE5}.Debug|Any CPU.Build.0 = Debug|Any CPU
		{C7E5F0A8-FD59-D074-ADEC-2895EBCDCAE5}.Debug|x64.ActiveCfg = Debug|Any CPU
		{C7E5F0A8-FD59-D074-ADEC-2895EBCDCAE5}.Debug|x64.Build.0 = Debug|Any CPU
		{C7E5F0A8-FD59-D074-ADEC-2895EBCDCAE5}.Debug|x86.ActiveCfg = Debug|Any CPU
		{C7E5F0A8-FD59-D074-ADEC-2895EBCDCAE5}.Debug|x86.Build.0 = Debug|Any CPU
		{C7E5F0A8-FD59-D074-ADEC-2895EBCDCAE5}.Release|Any CPU.ActiveCfg = Release|Any CPU
		{C7E5F0A8-FD59-D074-ADEC-2895EBCDCAE5}.Release|Any CPU.Build.0 = Release|Any CPU
		{C7E5F0A8-FD59-D074-ADEC-2895EBCDCAE5}.Release|x64.ActiveCfg = Release|Any CPU
		{C7E5F0A8-FD59-D074-ADEC-2895EBCDCAE5}.Release|x64.Build.0 = Release|Any CPU
		{C7E5F0A8-FD59-D074-ADEC-2895EBCDCAE5}.Release|x86.ActiveCfg = Release|Any CPU
		{C7E5F0A8-FD59-D074-ADEC-2895EBCDCAE5}.Release|x86.Build.0 = Release|Any CPU
		{01AE145F-8E8B-A636-D0D2-FDF587321765}.Debug|Any CPU.ActiveCfg = Debug|Any CPU
		{01AE145F-8E8B-A636-D0D2-FDF587321765}.Debug|Any CPU.Build.0 = Debug|Any CPU
		{01AE145F-8E8B-A636-D0D2-FDF587321765}.Debug|x64.ActiveCfg = Debug|Any CPU
		{01AE145F-8E8B-A636-D0D2-FDF587321765}.Debug|x64.Build.0 = Debug|Any CPU
		{01AE145F-8E8B-A636-D0D2-FDF587321765}.Debug|x86.ActiveCfg = Debug|Any CPU
		{01AE145F-8E8B-A636-D0D2-FDF587321765}.Debug|x86.Build.0 = Debug|Any CPU
		{01AE145F-8E8B-A636-D0D2-FDF587321765}.Release|Any CPU.ActiveCfg = Release|Any CPU
		{01AE145F-8E8B-A636-D0D2-FDF587321765}.Release|Any CPU.Build.0 = Release|Any CPU
		{01AE145F-8E8B-A636-D0D2-FDF587321765}.Release|x64.ActiveCfg = Release|Any CPU
		{01AE145F-8E8B-A636-D0D2-FDF587321765}.Release|x64.Build.0 = Release|Any CPU
		{01AE145F-8E8B-A636-D0D2-FDF587321765}.Release|x86.ActiveCfg = Release|Any CPU
		{01AE145F-8E8B-A636-D0D2-FDF587321765}.Release|x86.Build.0 = Release|Any CPU
		{24E777B6-B1E0-7A58-E7FF-0B1AFAF8E36E}.Debug|Any CPU.ActiveCfg = Debug|Any CPU
		{24E777B6-B1E0-7A58-E7FF-0B1AFAF8E36E}.Debug|Any CPU.Build.0 = Debug|Any CPU
		{24E777B6-B1E0-7A58-E7FF-0B1AFAF8E36E}.Debug|x64.ActiveCfg = Debug|Any CPU
		{24E777B6-B1E0-7A58-E7FF-0B1AFAF8E36E}.Debug|x64.Build.0 = Debug|Any CPU
		{24E777B6-B1E0-7A58-E7FF-0B1AFAF8E36E}.Debug|x86.ActiveCfg = Debug|Any CPU
		{24E777B6-B1E0-7A58-E7FF-0B1AFAF8E36E}.Debug|x86.Build.0 = Debug|Any CPU
		{24E777B6-B1E0-7A58-E7FF-0B1AFAF8E36E}.Release|Any CPU.ActiveCfg = Release|Any CPU
		{24E777B6-B1E0-7A58-E7FF-0B1AFAF8E36E}.Release|Any CPU.Build.0 = Release|Any CPU
		{24E777B6-B1E0-7A58-E7FF-0B1AFAF8E36E}.Release|x64.ActiveCfg = Release|Any CPU
		{24E777B6-B1E0-7A58-E7FF-0B1AFAF8E36E}.Release|x64.Build.0 = Release|Any CPU
		{24E777B6-B1E0-7A58-E7FF-0B1AFAF8E36E}.Release|x86.ActiveCfg = Release|Any CPU
		{24E777B6-B1E0-7A58-E7FF-0B1AFAF8E36E}.Release|x86.Build.0 = Release|Any CPU
		{55DD7B50-63DA-E979-38FC-E42F23E09A6E}.Debug|Any CPU.ActiveCfg = Debug|Any CPU
		{55DD7B50-63DA-E979-38FC-E42F23E09A6E}.Debug|Any CPU.Build.0 = Debug|Any CPU
		{55DD7B50-63DA-E979-38FC-E42F23E09A6E}.Debug|x64.ActiveCfg = Debug|Any CPU
		{55DD7B50-63DA-E979-38FC-E42F23E09A6E}.Debug|x64.Build.0 = Debug|Any CPU
		{55DD7B50-63DA-E979-38FC-E42F23E09A6E}.Debug|x86.ActiveCfg = Debug|Any CPU
		{55DD7B50-63DA-E979-38FC-E42F23E09A6E}.Debug|x86.Build.0 = Debug|Any CPU
		{55DD7B50-63DA-E979-38FC-E42F23E09A6E}.Release|Any CPU.ActiveCfg = Release|Any CPU
		{55DD7B50-63DA-E979-38FC-E42F23E09A6E}.Release|Any CPU.Build.0 = Release|Any CPU
		{55DD7B50-63DA-E979-38FC-E42F23E09A6E}.Release|x64.ActiveCfg = Release|Any CPU
		{55DD7B50-63DA-E979-38FC-E42F23E09A6E}.Release|x64.Build.0 = Release|Any CPU
		{55DD7B50-63DA-E979-38FC-E42F23E09A6E}.Release|x86.ActiveCfg = Release|Any CPU
		{55DD7B50-63DA-E979-38FC-E42F23E09A6E}.Release|x86.Build.0 = Release|Any CPU
		{B252B96B-0AB1-5712-B6B6-E2AF150EC176}.Debug|Any CPU.ActiveCfg = Debug|Any CPU
		{B252B96B-0AB1-5712-B6B6-E2AF150EC176}.Debug|Any CPU.Build.0 = Debug|Any CPU
		{B252B96B-0AB1-5712-B6B6-E2AF150EC176}.Debug|x64.ActiveCfg = Debug|Any CPU
		{B252B96B-0AB1-5712-B6B6-E2AF150EC176}.Debug|x64.Build.0 = Debug|Any CPU
		{B252B96B-0AB1-5712-B6B6-E2AF150EC176}.Debug|x86.ActiveCfg = Debug|Any CPU
		{B252B96B-0AB1-5712-B6B6-E2AF150EC176}.Debug|x86.Build.0 = Debug|Any CPU
		{B252B96B-0AB1-5712-B6B6-E2AF150EC176}.Release|Any CPU.ActiveCfg = Release|Any CPU
		{B252B96B-0AB1-5712-B6B6-E2AF150EC176}.Release|Any CPU.Build.0 = Release|Any CPU
		{B252B96B-0AB1-5712-B6B6-E2AF150EC176}.Release|x64.ActiveCfg = Release|Any CPU
		{B252B96B-0AB1-5712-B6B6-E2AF150EC176}.Release|x64.Build.0 = Release|Any CPU
		{B252B96B-0AB1-5712-B6B6-E2AF150EC176}.Release|x86.ActiveCfg = Release|Any CPU
		{B252B96B-0AB1-5712-B6B6-E2AF150EC176}.Release|x86.Build.0 = Release|Any CPU
		{36404B99-D056-C522-0CD5-E473429A4DDE}.Debug|Any CPU.ActiveCfg = Debug|Any CPU
		{36404B99-D056-C522-0CD5-E473429A4DDE}.Debug|Any CPU.Build.0 = Debug|Any CPU
		{36404B99-D056-C522-0CD5-E473429A4DDE}.Debug|x64.ActiveCfg = Debug|Any CPU
		{36404B99-D056-C522-0CD5-E473429A4DDE}.Debug|x64.Build.0 = Debug|Any CPU
		{36404B99-D056-C522-0CD5-E473429A4DDE}.Debug|x86.ActiveCfg = Debug|Any CPU
		{36404B99-D056-C522-0CD5-E473429A4DDE}.Debug|x86.Build.0 = Debug|Any CPU
		{36404B99-D056-C522-0CD5-E473429A4DDE}.Release|Any CPU.ActiveCfg = Release|Any CPU
		{36404B99-D056-C522-0CD5-E473429A4DDE}.Release|Any CPU.Build.0 = Release|Any CPU
		{36404B99-D056-C522-0CD5-E473429A4DDE}.Release|x64.ActiveCfg = Release|Any CPU
		{36404B99-D056-C522-0CD5-E473429A4DDE}.Release|x64.Build.0 = Release|Any CPU
		{36404B99-D056-C522-0CD5-E473429A4DDE}.Release|x86.ActiveCfg = Release|Any CPU
		{36404B99-D056-C522-0CD5-E473429A4DDE}.Release|x86.Build.0 = Release|Any CPU
		{A0B1C201-D4E5-F6A7-B8C9-D0E1F2A3B4C5}.Debug|Any CPU.ActiveCfg = Debug|Any CPU
		{A0B1C201-D4E5-F6A7-B8C9-D0E1F2A3B4C5}.Debug|Any CPU.Build.0 = Debug|Any CPU
		{A0B1C201-D4E5-F6A7-B8C9-D0E1F2A3B4C5}.Debug|x64.ActiveCfg = Debug|Any CPU
		{A0B1C201-D4E5-F6A7-B8C9-D0E1F2A3B4C5}.Debug|x64.Build.0 = Debug|Any CPU
		{A0B1C201-D4E5-F6A7-B8C9-D0E1F2A3B4C5}.Debug|x86.ActiveCfg = Debug|Any CPU
		{A0B1C201-D4E5-F6A7-B8C9-D0E1F2A3B4C5}.Debug|x86.Build.0 = Debug|Any CPU
		{A0B1C201-D4E5-F6A7-B8C9-D0E1F2A3B4C5}.Release|Any CPU.ActiveCfg = Release|Any CPU
		{A0B1C201-D4E5-F6A7-B8C9-D0E1F2A3B4C5}.Release|Any CPU.Build.0 = Release|Any CPU
		{A0B1C201-D4E5-F6A7-B8C9-D0E1F2A3B4C5}.Release|x64.ActiveCfg = Release|Any CPU
		{A0B1C201-D4E5-F6A7-B8C9-D0E1F2A3B4C5}.Release|x64.Build.0 = Release|Any CPU
		{A0B1C201-D4E5-F6A7-B8C9-D0E1F2A3B4C5}.Release|x86.ActiveCfg = Release|Any CPU
		{A0B1C201-D4E5-F6A7-B8C9-D0E1F2A3B4C5}.Release|x86.Build.0 = Release|Any CPU
		{A0B1C202-D4E5-F6A7-B8C9-D0E1F2A3B4C5}.Debug|Any CPU.ActiveCfg = Debug|Any CPU
		{A0B1C202-D4E5-F6A7-B8C9-D0E1F2A3B4C5}.Debug|Any CPU.Build.0 = Debug|Any CPU
		{A0B1C202-D4E5-F6A7-B8C9-D0E1F2A3B4C5}.Debug|x64.ActiveCfg = Debug|Any CPU
		{A0B1C202-D4E5-F6A7-B8C9-D0E1F2A3B4C5}.Debug|x64.Build.0 = Debug|Any CPU
		{A0B1C202-D4E5-F6A7-B8C9-D0E1F2A3B4C5}.Debug|x86.ActiveCfg = Debug|Any CPU
		{A0B1C202-D4E5-F6A7-B8C9-D0E1F2A3B4C5}.Debug|x86.Build.0 = Debug|Any CPU
		{A0B1C202-D4E5-F6A7-B8C9-D0E1F2A3B4C5}.Release|Any CPU.ActiveCfg = Release|Any CPU
		{A0B1C202-D4E5-F6A7-B8C9-D0E1F2A3B4C5}.Release|Any CPU.Build.0 = Release|Any CPU
		{A0B1C202-D4E5-F6A7-B8C9-D0E1F2A3B4C5}.Release|x64.ActiveCfg = Release|Any CPU
		{A0B1C202-D4E5-F6A7-B8C9-D0E1F2A3B4C5}.Release|x64.Build.0 = Release|Any CPU
		{A0B1C202-D4E5-F6A7-B8C9-D0E1F2A3B4C5}.Release|x86.ActiveCfg = Release|Any CPU
		{A0B1C202-D4E5-F6A7-B8C9-D0E1F2A3B4C5}.Release|x86.Build.0 = Release|Any CPU
		{A0B1C203-D4E5-F6A7-B8C9-D0E1F2A3B4C5}.Debug|Any CPU.ActiveCfg = Debug|Any CPU
		{A0B1C203-D4E5-F6A7-B8C9-D0E1F2A3B4C5}.Debug|Any CPU.Build.0 = Debug|Any CPU
		{A0B1C203-D4E5-F6A7-B8C9-D0E1F2A3B4C5}.Debug|x64.ActiveCfg = Debug|Any CPU
		{A0B1C203-D4E5-F6A7-B8C9-D0E1F2A3B4C5}.Debug|x64.Build.0 = Debug|Any CPU
		{A0B1C203-D4E5-F6A7-B8C9-D0E1F2A3B4C5}.Debug|x86.ActiveCfg = Debug|Any CPU
		{A0B1C203-D4E5-F6A7-B8C9-D0E1F2A3B4C5}.Debug|x86.Build.0 = Debug|Any CPU
		{A0B1C203-D4E5-F6A7-B8C9-D0E1F2A3B4C5}.Release|Any CPU.ActiveCfg = Release|Any CPU
		{A0B1C203-D4E5-F6A7-B8C9-D0E1F2A3B4C5}.Release|Any CPU.Build.0 = Release|Any CPU
		{A0B1C203-D4E5-F6A7-B8C9-D0E1F2A3B4C5}.Release|x64.ActiveCfg = Release|Any CPU
		{A0B1C203-D4E5-F6A7-B8C9-D0E1F2A3B4C5}.Release|x64.Build.0 = Release|Any CPU
		{A0B1C203-D4E5-F6A7-B8C9-D0E1F2A3B4C5}.Release|x86.ActiveCfg = Release|Any CPU
		{A0B1C203-D4E5-F6A7-B8C9-D0E1F2A3B4C5}.Release|x86.Build.0 = Release|Any CPU
		{A0B1C204-D4E5-F6A7-B8C9-D0E1F2A3B4C5}.Debug|Any CPU.ActiveCfg = Debug|Any CPU
		{A0B1C204-D4E5-F6A7-B8C9-D0E1F2A3B4C5}.Debug|Any CPU.Build.0 = Debug|Any CPU
		{A0B1C204-D4E5-F6A7-B8C9-D0E1F2A3B4C5}.Debug|x64.ActiveCfg = Debug|Any CPU
		{A0B1C204-D4E5-F6A7-B8C9-D0E1F2A3B4C5}.Debug|x64.Build.0 = Debug|Any CPU
		{A0B1C204-D4E5-F6A7-B8C9-D0E1F2A3B4C5}.Debug|x86.ActiveCfg = Debug|Any CPU
		{A0B1C204-D4E5-F6A7-B8C9-D0E1F2A3B4C5}.Debug|x86.Build.0 = Debug|Any CPU
		{A0B1C204-D4E5-F6A7-B8C9-D0E1F2A3B4C5}.Release|Any CPU.ActiveCfg = Release|Any CPU
		{A0B1C204-D4E5-F6A7-B8C9-D0E1F2A3B4C5}.Release|Any CPU.Build.0 = Release|Any CPU
		{A0B1C204-D4E5-F6A7-B8C9-D0E1F2A3B4C5}.Release|x64.ActiveCfg = Release|Any CPU
		{A0B1C204-D4E5-F6A7-B8C9-D0E1F2A3B4C5}.Release|x64.Build.0 = Release|Any CPU
		{A0B1C204-D4E5-F6A7-B8C9-D0E1F2A3B4C5}.Release|x86.ActiveCfg = Release|Any CPU
		{A0B1C204-D4E5-F6A7-B8C9-D0E1F2A3B4C5}.Release|x86.Build.0 = Release|Any CPU
		{A0B1C205-D4E5-F6A7-B8C9-D0E1F2A3B4C5}.Debug|Any CPU.ActiveCfg = Debug|Any CPU
		{A0B1C205-D4E5-F6A7-B8C9-D0E1F2A3B4C5}.Debug|Any CPU.Build.0 = Debug|Any CPU
		{A0B1C205-D4E5-F6A7-B8C9-D0E1F2A3B4C5}.Debug|x64.ActiveCfg = Debug|Any CPU
		{A0B1C205-D4E5-F6A7-B8C9-D0E1F2A3B4C5}.Debug|x64.Build.0 = Debug|Any CPU
		{A0B1C205-D4E5-F6A7-B8C9-D0E1F2A3B4C5}.Debug|x86.ActiveCfg = Debug|Any CPU
		{A0B1C205-D4E5-F6A7-B8C9-D0E1F2A3B4C5}.Debug|x86.Build.0 = Debug|Any CPU
		{A0B1C205-D4E5-F6A7-B8C9-D0E1F2A3B4C5}.Release|Any CPU.ActiveCfg = Release|Any CPU
		{A0B1C205-D4E5-F6A7-B8C9-D0E1F2A3B4C5}.Release|Any CPU.Build.0 = Release|Any CPU
		{A0B1C205-D4E5-F6A7-B8C9-D0E1F2A3B4C5}.Release|x64.ActiveCfg = Release|Any CPU
		{A0B1C205-D4E5-F6A7-B8C9-D0E1F2A3B4C5}.Release|x64.Build.0 = Release|Any CPU
		{A0B1C205-D4E5-F6A7-B8C9-D0E1F2A3B4C5}.Release|x86.ActiveCfg = Release|Any CPU
		{A0B1C205-D4E5-F6A7-B8C9-D0E1F2A3B4C5}.Release|x86.Build.0 = Release|Any CPU
		{A0B1C206-D4E5-F6A7-B8C9-D0E1F2A3B4C5}.Debug|Any CPU.ActiveCfg = Debug|Any CPU
		{A0B1C206-D4E5-F6A7-B8C9-D0E1F2A3B4C5}.Debug|Any CPU.Build.0 = Debug|Any CPU
		{A0B1C206-D4E5-F6A7-B8C9-D0E1F2A3B4C5}.Debug|x64.ActiveCfg = Debug|Any CPU
		{A0B1C206-D4E5-F6A7-B8C9-D0E1F2A3B4C5}.Debug|x64.Build.0 = Debug|Any CPU
		{A0B1C206-D4E5-F6A7-B8C9-D0E1F2A3B4C5}.Debug|x86.ActiveCfg = Debug|Any CPU
		{A0B1C206-D4E5-F6A7-B8C9-D0E1F2A3B4C5}.Debug|x86.Build.0 = Debug|Any CPU
		{A0B1C206-D4E5-F6A7-B8C9-D0E1F2A3B4C5}.Release|Any CPU.ActiveCfg = Release|Any CPU
		{A0B1C206-D4E5-F6A7-B8C9-D0E1F2A3B4C5}.Release|Any CPU.Build.0 = Release|Any CPU
		{A0B1C206-D4E5-F6A7-B8C9-D0E1F2A3B4C5}.Release|x64.ActiveCfg = Release|Any CPU
		{A0B1C206-D4E5-F6A7-B8C9-D0E1F2A3B4C5}.Release|x64.Build.0 = Release|Any CPU
		{A0B1C206-D4E5-F6A7-B8C9-D0E1F2A3B4C5}.Release|x86.ActiveCfg = Release|Any CPU
		{A0B1C206-D4E5-F6A7-B8C9-D0E1F2A3B4C5}.Release|x86.Build.0 = Release|Any CPU
		{A0B1C207-D4E5-F6A7-B8C9-D0E1F2A3B4C5}.Debug|Any CPU.ActiveCfg = Debug|Any CPU
		{A0B1C207-D4E5-F6A7-B8C9-D0E1F2A3B4C5}.Debug|Any CPU.Build.0 = Debug|Any CPU
		{A0B1C207-D4E5-F6A7-B8C9-D0E1F2A3B4C5}.Debug|x64.ActiveCfg = Debug|Any CPU
		{A0B1C207-D4E5-F6A7-B8C9-D0E1F2A3B4C5}.Debug|x64.Build.0 = Debug|Any CPU
		{A0B1C207-D4E5-F6A7-B8C9-D0E1F2A3B4C5}.Debug|x86.ActiveCfg = Debug|Any CPU
		{A0B1C207-D4E5-F6A7-B8C9-D0E1F2A3B4C5}.Debug|x86.Build.0 = Debug|Any CPU
		{A0B1C207-D4E5-F6A7-B8C9-D0E1F2A3B4C5}.Release|Any CPU.ActiveCfg = Release|Any CPU
		{A0B1C207-D4E5-F6A7-B8C9-D0E1F2A3B4C5}.Release|Any CPU.Build.0 = Release|Any CPU
		{A0B1C207-D4E5-F6A7-B8C9-D0E1F2A3B4C5}.Release|x64.ActiveCfg = Release|Any CPU
		{A0B1C207-D4E5-F6A7-B8C9-D0E1F2A3B4C5}.Release|x64.Build.0 = Release|Any CPU
		{A0B1C207-D4E5-F6A7-B8C9-D0E1F2A3B4C5}.Release|x86.ActiveCfg = Release|Any CPU
		{A0B1C207-D4E5-F6A7-B8C9-D0E1F2A3B4C5}.Release|x86.Build.0 = Release|Any CPU
		{B1C2D3E4-F5A6-4B8C-9D0E-1F2A3B4C5D6E}.Debug|Any CPU.ActiveCfg = Debug|Any CPU
		{B1C2D3E4-F5A6-4B8C-9D0E-1F2A3B4C5D6E}.Debug|Any CPU.Build.0 = Debug|Any CPU
		{B1C2D3E4-F5A6-4B8C-9D0E-1F2A3B4C5D6E}.Debug|x64.ActiveCfg = Debug|Any CPU
		{B1C2D3E4-F5A6-4B8C-9D0E-1F2A3B4C5D6E}.Debug|x64.Build.0 = Debug|Any CPU
		{B1C2D3E4-F5A6-4B8C-9D0E-1F2A3B4C5D6E}.Debug|x86.ActiveCfg = Debug|Any CPU
		{B1C2D3E4-F5A6-4B8C-9D0E-1F2A3B4C5D6E}.Debug|x86.Build.0 = Debug|Any CPU
		{B1C2D3E4-F5A6-4B8C-9D0E-1F2A3B4C5D6E}.Release|Any CPU.ActiveCfg = Release|Any CPU
		{B1C2D3E4-F5A6-4B8C-9D0E-1F2A3B4C5D6E}.Release|Any CPU.Build.0 = Release|Any CPU
		{B1C2D3E4-F5A6-4B8C-9D0E-1F2A3B4C5D6E}.Release|x64.ActiveCfg = Release|Any CPU
		{B1C2D3E4-F5A6-4B8C-9D0E-1F2A3B4C5D6E}.Release|x64.Build.0 = Release|Any CPU
		{B1C2D3E4-F5A6-4B8C-9D0E-1F2A3B4C5D6E}.Release|x86.ActiveCfg = Release|Any CPU
		{B1C2D3E4-F5A6-4B8C-9D0E-1F2A3B4C5D6E}.Release|x86.Build.0 = Release|Any CPU
		{A0B1C209-D4E5-F6A7-B8C9-D0E1F2A3B4C5}.Debug|Any CPU.ActiveCfg = Debug|Any CPU
		{A0B1C209-D4E5-F6A7-B8C9-D0E1F2A3B4C5}.Debug|Any CPU.Build.0 = Debug|Any CPU
		{A0B1C209-D4E5-F6A7-B8C9-D0E1F2A3B4C5}.Debug|x64.ActiveCfg = Debug|Any CPU
		{A0B1C209-D4E5-F6A7-B8C9-D0E1F2A3B4C5}.Debug|x64.Build.0 = Debug|Any CPU
		{A0B1C209-D4E5-F6A7-B8C9-D0E1F2A3B4C5}.Debug|x86.ActiveCfg = Debug|Any CPU
		{A0B1C209-D4E5-F6A7-B8C9-D0E1F2A3B4C5}.Debug|x86.Build.0 = Debug|Any CPU
		{A0B1C209-D4E5-F6A7-B8C9-D0E1F2A3B4C5}.Release|Any CPU.ActiveCfg = Release|Any CPU
		{A0B1C209-D4E5-F6A7-B8C9-D0E1F2A3B4C5}.Release|Any CPU.Build.0 = Release|Any CPU
		{A0B1C209-D4E5-F6A7-B8C9-D0E1F2A3B4C5}.Release|x64.ActiveCfg = Release|Any CPU
		{A0B1C209-D4E5-F6A7-B8C9-D0E1F2A3B4C5}.Release|x64.Build.0 = Release|Any CPU
		{A0B1C209-D4E5-F6A7-B8C9-D0E1F2A3B4C5}.Release|x86.ActiveCfg = Release|Any CPU
		{A0B1C209-D4E5-F6A7-B8C9-D0E1F2A3B4C5}.Release|x86.Build.0 = Release|Any CPU
		{5B42DDC5-2623-44AD-81E0-FC7291FDBF8F}.Debug|Any CPU.ActiveCfg = Debug|Any CPU
		{5B42DDC5-2623-44AD-81E0-FC7291FDBF8F}.Debug|Any CPU.Build.0 = Debug|Any CPU
		{5B42DDC5-2623-44AD-81E0-FC7291FDBF8F}.Debug|x64.ActiveCfg = Debug|Any CPU
		{5B42DDC5-2623-44AD-81E0-FC7291FDBF8F}.Debug|x64.Build.0 = Debug|Any CPU
		{5B42DDC5-2623-44AD-81E0-FC7291FDBF8F}.Debug|x86.ActiveCfg = Debug|Any CPU
		{5B42DDC5-2623-44AD-81E0-FC7291FDBF8F}.Debug|x86.Build.0 = Debug|Any CPU
		{5B42DDC5-2623-44AD-81E0-FC7291FDBF8F}.Release|Any CPU.ActiveCfg = Release|Any CPU
		{5B42DDC5-2623-44AD-81E0-FC7291FDBF8F}.Release|Any CPU.Build.0 = Release|Any CPU
		{5B42DDC5-2623-44AD-81E0-FC7291FDBF8F}.Release|x64.ActiveCfg = Release|Any CPU
		{5B42DDC5-2623-44AD-81E0-FC7291FDBF8F}.Release|x64.Build.0 = Release|Any CPU
		{5B42DDC5-2623-44AD-81E0-FC7291FDBF8F}.Release|x86.ActiveCfg = Release|Any CPU
		{5B42DDC5-2623-44AD-81E0-FC7291FDBF8F}.Release|x86.Build.0 = Release|Any CPU
		{8172CBFE-9AF8-4BE7-8C59-09DCED35359C}.Debug|Any CPU.ActiveCfg = Debug|Any CPU
		{8172CBFE-9AF8-4BE7-8C59-09DCED35359C}.Debug|Any CPU.Build.0 = Debug|Any CPU
		{8172CBFE-9AF8-4BE7-8C59-09DCED35359C}.Debug|x64.ActiveCfg = Debug|Any CPU
		{8172CBFE-9AF8-4BE7-8C59-09DCED35359C}.Debug|x64.Build.0 = Debug|Any CPU
		{8172CBFE-9AF8-4BE7-8C59-09DCED35359C}.Debug|x86.ActiveCfg = Debug|Any CPU
		{8172CBFE-9AF8-4BE7-8C59-09DCED35359C}.Debug|x86.Build.0 = Debug|Any CPU
		{8172CBFE-9AF8-4BE7-8C59-09DCED35359C}.Release|Any CPU.ActiveCfg = Release|Any CPU
		{8172CBFE-9AF8-4BE7-8C59-09DCED35359C}.Release|Any CPU.Build.0 = Release|Any CPU
		{8172CBFE-9AF8-4BE7-8C59-09DCED35359C}.Release|x64.ActiveCfg = Release|Any CPU
		{8172CBFE-9AF8-4BE7-8C59-09DCED35359C}.Release|x64.Build.0 = Release|Any CPU
		{8172CBFE-9AF8-4BE7-8C59-09DCED35359C}.Release|x86.ActiveCfg = Release|Any CPU
		{8172CBFE-9AF8-4BE7-8C59-09DCED35359C}.Release|x86.Build.0 = Release|Any CPU
		{2F4AB191-EBE0-4E51-ACF2-3B7E0B0559B9}.Debug|Any CPU.ActiveCfg = Debug|Any CPU
		{2F4AB191-EBE0-4E51-ACF2-3B7E0B0559B9}.Debug|Any CPU.Build.0 = Debug|Any CPU
		{2F4AB191-EBE0-4E51-ACF2-3B7E0B0559B9}.Debug|x64.ActiveCfg = Debug|Any CPU
		{2F4AB191-EBE0-4E51-ACF2-3B7E0B0559B9}.Debug|x64.Build.0 = Debug|Any CPU
		{2F4AB191-EBE0-4E51-ACF2-3B7E0B0559B9}.Debug|x86.ActiveCfg = Debug|Any CPU
		{2F4AB191-EBE0-4E51-ACF2-3B7E0B0559B9}.Debug|x86.Build.0 = Debug|Any CPU
		{2F4AB191-EBE0-4E51-ACF2-3B7E0B0559B9}.Release|Any CPU.ActiveCfg = Release|Any CPU
		{2F4AB191-EBE0-4E51-ACF2-3B7E0B0559B9}.Release|Any CPU.Build.0 = Release|Any CPU
		{2F4AB191-EBE0-4E51-ACF2-3B7E0B0559B9}.Release|x64.ActiveCfg = Release|Any CPU
		{2F4AB191-EBE0-4E51-ACF2-3B7E0B0559B9}.Release|x64.Build.0 = Release|Any CPU
		{2F4AB191-EBE0-4E51-ACF2-3B7E0B0559B9}.Release|x86.ActiveCfg = Release|Any CPU
		{2F4AB191-EBE0-4E51-ACF2-3B7E0B0559B9}.Release|x86.Build.0 = Release|Any CPU
		{4A384695-B5DA-481C-81A1-FD9F60B5866D}.Debug|Any CPU.ActiveCfg = Debug|Any CPU
		{4A384695-B5DA-481C-81A1-FD9F60B5866D}.Debug|Any CPU.Build.0 = Debug|Any CPU
		{4A384695-B5DA-481C-81A1-FD9F60B5866D}.Debug|x64.ActiveCfg = Debug|Any CPU
		{4A384695-B5DA-481C-81A1-FD9F60B5866D}.Debug|x64.Build.0 = Debug|Any CPU
		{4A384695-B5DA-481C-81A1-FD9F60B5866D}.Debug|x86.ActiveCfg = Debug|Any CPU
		{4A384695-B5DA-481C-81A1-FD9F60B5866D}.Debug|x86.Build.0 = Debug|Any CPU
		{4A384695-B5DA-481C-81A1-FD9F60B5866D}.Release|Any CPU.ActiveCfg = Release|Any CPU
		{4A384695-B5DA-481C-81A1-FD9F60B5866D}.Release|Any CPU.Build.0 = Release|Any CPU
		{4A384695-B5DA-481C-81A1-FD9F60B5866D}.Release|x64.ActiveCfg = Release|Any CPU
		{4A384695-B5DA-481C-81A1-FD9F60B5866D}.Release|x64.Build.0 = Release|Any CPU
		{4A384695-B5DA-481C-81A1-FD9F60B5866D}.Release|x86.ActiveCfg = Release|Any CPU
		{4A384695-B5DA-481C-81A1-FD9F60B5866D}.Release|x86.Build.0 = Release|Any CPU
		{8B352DE0-532E-4498-AD04-AE7C59C04E97}.Debug|Any CPU.ActiveCfg = Debug|Any CPU
		{8B352DE0-532E-4498-AD04-AE7C59C04E97}.Debug|Any CPU.Build.0 = Debug|Any CPU
		{8B352DE0-532E-4498-AD04-AE7C59C04E97}.Debug|x64.ActiveCfg = Debug|Any CPU
		{8B352DE0-532E-4498-AD04-AE7C59C04E97}.Debug|x64.Build.0 = Debug|Any CPU
		{8B352DE0-532E-4498-AD04-AE7C59C04E97}.Debug|x86.ActiveCfg = Debug|Any CPU
		{8B352DE0-532E-4498-AD04-AE7C59C04E97}.Debug|x86.Build.0 = Debug|Any CPU
		{8B352DE0-532E-4498-AD04-AE7C59C04E97}.Release|Any CPU.ActiveCfg = Release|Any CPU
		{8B352DE0-532E-4498-AD04-AE7C59C04E97}.Release|Any CPU.Build.0 = Release|Any CPU
		{8B352DE0-532E-4498-AD04-AE7C59C04E97}.Release|x64.ActiveCfg = Release|Any CPU
		{8B352DE0-532E-4498-AD04-AE7C59C04E97}.Release|x64.Build.0 = Release|Any CPU
		{8B352DE0-532E-4498-AD04-AE7C59C04E97}.Release|x86.ActiveCfg = Release|Any CPU
		{8B352DE0-532E-4498-AD04-AE7C59C04E97}.Release|x86.Build.0 = Release|Any CPU
		{BDE9A5CA-A57C-410E-A47D-255C8604111D}.Debug|Any CPU.ActiveCfg = Debug|Any CPU
		{BDE9A5CA-A57C-410E-A47D-255C8604111D}.Debug|Any CPU.Build.0 = Debug|Any CPU
		{BDE9A5CA-A57C-410E-A47D-255C8604111D}.Debug|x64.ActiveCfg = Debug|Any CPU
		{BDE9A5CA-A57C-410E-A47D-255C8604111D}.Debug|x64.Build.0 = Debug|Any CPU
		{BDE9A5CA-A57C-410E-A47D-255C8604111D}.Debug|x86.ActiveCfg = Debug|Any CPU
		{BDE9A5CA-A57C-410E-A47D-255C8604111D}.Debug|x86.Build.0 = Debug|Any CPU
		{BDE9A5CA-A57C-410E-A47D-255C8604111D}.Release|Any CPU.ActiveCfg = Release|Any CPU
		{BDE9A5CA-A57C-410E-A47D-255C8604111D}.Release|Any CPU.Build.0 = Release|Any CPU
		{BDE9A5CA-A57C-410E-A47D-255C8604111D}.Release|x64.ActiveCfg = Release|Any CPU
		{BDE9A5CA-A57C-410E-A47D-255C8604111D}.Release|x64.Build.0 = Release|Any CPU
		{BDE9A5CA-A57C-410E-A47D-255C8604111D}.Release|x86.ActiveCfg = Release|Any CPU
		{BDE9A5CA-A57C-410E-A47D-255C8604111D}.Release|x86.Build.0 = Release|Any CPU
		{ED3EF846-6F44-463E-85EB-E6E6CF835D5F}.Debug|Any CPU.ActiveCfg = Debug|Any CPU
		{ED3EF846-6F44-463E-85EB-E6E6CF835D5F}.Debug|Any CPU.Build.0 = Debug|Any CPU
		{ED3EF846-6F44-463E-85EB-E6E6CF835D5F}.Debug|x64.ActiveCfg = Debug|Any CPU
		{ED3EF846-6F44-463E-85EB-E6E6CF835D5F}.Debug|x64.Build.0 = Debug|Any CPU
		{ED3EF846-6F44-463E-85EB-E6E6CF835D5F}.Debug|x86.ActiveCfg = Debug|Any CPU
		{ED3EF846-6F44-463E-85EB-E6E6CF835D5F}.Debug|x86.Build.0 = Debug|Any CPU
		{ED3EF846-6F44-463E-85EB-E6E6CF835D5F}.Release|Any CPU.ActiveCfg = Release|Any CPU
		{ED3EF846-6F44-463E-85EB-E6E6CF835D5F}.Release|Any CPU.Build.0 = Release|Any CPU
		{ED3EF846-6F44-463E-85EB-E6E6CF835D5F}.Release|x64.ActiveCfg = Release|Any CPU
		{ED3EF846-6F44-463E-85EB-E6E6CF835D5F}.Release|x64.Build.0 = Release|Any CPU
		{ED3EF846-6F44-463E-85EB-E6E6CF835D5F}.Release|x86.ActiveCfg = Release|Any CPU
		{ED3EF846-6F44-463E-85EB-E6E6CF835D5F}.Release|x86.Build.0 = Release|Any CPU
		{A329B642-29D3-4F0B-99E7-5597D431F505}.Debug|Any CPU.ActiveCfg = Debug|Any CPU
		{A329B642-29D3-4F0B-99E7-5597D431F505}.Debug|Any CPU.Build.0 = Debug|Any CPU
		{A329B642-29D3-4F0B-99E7-5597D431F505}.Debug|x64.ActiveCfg = Debug|Any CPU
		{A329B642-29D3-4F0B-99E7-5597D431F505}.Debug|x64.Build.0 = Debug|Any CPU
		{A329B642-29D3-4F0B-99E7-5597D431F505}.Debug|x86.ActiveCfg = Debug|Any CPU
		{A329B642-29D3-4F0B-99E7-5597D431F505}.Debug|x86.Build.0 = Debug|Any CPU
		{A329B642-29D3-4F0B-99E7-5597D431F505}.Release|Any CPU.ActiveCfg = Release|Any CPU
		{A329B642-29D3-4F0B-99E7-5597D431F505}.Release|Any CPU.Build.0 = Release|Any CPU
		{A329B642-29D3-4F0B-99E7-5597D431F505}.Release|x64.ActiveCfg = Release|Any CPU
		{A329B642-29D3-4F0B-99E7-5597D431F505}.Release|x64.Build.0 = Release|Any CPU
		{A329B642-29D3-4F0B-99E7-5597D431F505}.Release|x86.ActiveCfg = Release|Any CPU
		{A329B642-29D3-4F0B-99E7-5597D431F505}.Release|x86.Build.0 = Release|Any CPU
		{B1DECE20-D7E2-4D62-B9C3-B0F28A1F34F2}.Debug|Any CPU.ActiveCfg = Debug|Any CPU
		{B1DECE20-D7E2-4D62-B9C3-B0F28A1F34F2}.Debug|Any CPU.Build.0 = Debug|Any CPU
		{B1DECE20-D7E2-4D62-B9C3-B0F28A1F34F2}.Debug|x64.ActiveCfg = Debug|Any CPU
		{B1DECE20-D7E2-4D62-B9C3-B0F28A1F34F2}.Debug|x64.Build.0 = Debug|Any CPU
		{B1DECE20-D7E2-4D62-B9C3-B0F28A1F34F2}.Debug|x86.ActiveCfg = Debug|Any CPU
		{B1DECE20-D7E2-4D62-B9C3-B0F28A1F34F2}.Debug|x86.Build.0 = Debug|Any CPU
		{B1DECE20-D7E2-4D62-B9C3-B0F28A1F34F2}.Release|Any CPU.ActiveCfg = Release|Any CPU
		{B1DECE20-D7E2-4D62-B9C3-B0F28A1F34F2}.Release|Any CPU.Build.0 = Release|Any CPU
		{B1DECE20-D7E2-4D62-B9C3-B0F28A1F34F2}.Release|x64.ActiveCfg = Release|Any CPU
		{B1DECE20-D7E2-4D62-B9C3-B0F28A1F34F2}.Release|x64.Build.0 = Release|Any CPU
		{B1DECE20-D7E2-4D62-B9C3-B0F28A1F34F2}.Release|x86.ActiveCfg = Release|Any CPU
		{B1DECE20-D7E2-4D62-B9C3-B0F28A1F34F2}.Release|x86.Build.0 = Release|Any CPU
		{BC903CB5-FED0-D237-6C19-0FAC7F536B49}.Debug|Any CPU.ActiveCfg = Debug|Any CPU
		{BC903CB5-FED0-D237-6C19-0FAC7F536B49}.Debug|Any CPU.Build.0 = Debug|Any CPU
		{BC903CB5-FED0-D237-6C19-0FAC7F536B49}.Debug|x64.ActiveCfg = Debug|Any CPU
		{BC903CB5-FED0-D237-6C19-0FAC7F536B49}.Debug|x64.Build.0 = Debug|Any CPU
		{BC903CB5-FED0-D237-6C19-0FAC7F536B49}.Debug|x86.ActiveCfg = Debug|Any CPU
		{BC903CB5-FED0-D237-6C19-0FAC7F536B49}.Debug|x86.Build.0 = Debug|Any CPU
		{BC903CB5-FED0-D237-6C19-0FAC7F536B49}.Release|Any CPU.ActiveCfg = Release|Any CPU
		{BC903CB5-FED0-D237-6C19-0FAC7F536B49}.Release|Any CPU.Build.0 = Release|Any CPU
		{BC903CB5-FED0-D237-6C19-0FAC7F536B49}.Release|x64.ActiveCfg = Release|Any CPU
		{BC903CB5-FED0-D237-6C19-0FAC7F536B49}.Release|x64.Build.0 = Release|Any CPU
		{BC903CB5-FED0-D237-6C19-0FAC7F536B49}.Release|x86.ActiveCfg = Release|Any CPU
		{BC903CB5-FED0-D237-6C19-0FAC7F536B49}.Release|x86.Build.0 = Release|Any CPU
		{59990BAC-140E-2EAD-E1F6-24743A2A771B}.Debug|Any CPU.ActiveCfg = Debug|Any CPU
		{59990BAC-140E-2EAD-E1F6-24743A2A771B}.Debug|Any CPU.Build.0 = Debug|Any CPU
		{59990BAC-140E-2EAD-E1F6-24743A2A771B}.Debug|x64.ActiveCfg = Debug|Any CPU
		{59990BAC-140E-2EAD-E1F6-24743A2A771B}.Debug|x64.Build.0 = Debug|Any CPU
		{59990BAC-140E-2EAD-E1F6-24743A2A771B}.Debug|x86.ActiveCfg = Debug|Any CPU
		{59990BAC-140E-2EAD-E1F6-24743A2A771B}.Debug|x86.Build.0 = Debug|Any CPU
		{59990BAC-140E-2EAD-E1F6-24743A2A771B}.Release|Any CPU.ActiveCfg = Release|Any CPU
		{59990BAC-140E-2EAD-E1F6-24743A2A771B}.Release|Any CPU.Build.0 = Release|Any CPU
		{59990BAC-140E-2EAD-E1F6-24743A2A771B}.Release|x64.ActiveCfg = Release|Any CPU
		{59990BAC-140E-2EAD-E1F6-24743A2A771B}.Release|x64.Build.0 = Release|Any CPU
		{59990BAC-140E-2EAD-E1F6-24743A2A771B}.Release|x86.ActiveCfg = Release|Any CPU
		{59990BAC-140E-2EAD-E1F6-24743A2A771B}.Release|x86.Build.0 = Release|Any CPU
		{22DC3B12-17B0-05ED-D3BA-E3AA4935693A}.Debug|Any CPU.ActiveCfg = Debug|Any CPU
		{22DC3B12-17B0-05ED-D3BA-E3AA4935693A}.Debug|Any CPU.Build.0 = Debug|Any CPU
		{22DC3B12-17B0-05ED-D3BA-E3AA4935693A}.Debug|x64.ActiveCfg = Debug|Any CPU
		{22DC3B12-17B0-05ED-D3BA-E3AA4935693A}.Debug|x64.Build.0 = Debug|Any CPU
		{22DC3B12-17B0-05ED-D3BA-E3AA4935693A}.Debug|x86.ActiveCfg = Debug|Any CPU
		{22DC3B12-17B0-05ED-D3BA-E3AA4935693A}.Debug|x86.Build.0 = Debug|Any CPU
		{22DC3B12-17B0-05ED-D3BA-E3AA4935693A}.Release|Any CPU.ActiveCfg = Release|Any CPU
		{22DC3B12-17B0-05ED-D3BA-E3AA4935693A}.Release|Any CPU.Build.0 = Release|Any CPU
		{22DC3B12-17B0-05ED-D3BA-E3AA4935693A}.Release|x64.ActiveCfg = Release|Any CPU
		{22DC3B12-17B0-05ED-D3BA-E3AA4935693A}.Release|x64.Build.0 = Release|Any CPU
		{22DC3B12-17B0-05ED-D3BA-E3AA4935693A}.Release|x86.ActiveCfg = Release|Any CPU
		{22DC3B12-17B0-05ED-D3BA-E3AA4935693A}.Release|x86.Build.0 = Release|Any CPU
		{D1E2F3A4-B5C6-7D8E-9F0A-1B2C3D4E5F6A}.Debug|Any CPU.ActiveCfg = Debug|Any CPU
		{D1E2F3A4-B5C6-7D8E-9F0A-1B2C3D4E5F6A}.Debug|Any CPU.Build.0 = Debug|Any CPU
		{D1E2F3A4-B5C6-7D8E-9F0A-1B2C3D4E5F6A}.Debug|x64.ActiveCfg = Debug|Any CPU
		{D1E2F3A4-B5C6-7D8E-9F0A-1B2C3D4E5F6A}.Debug|x64.Build.0 = Debug|Any CPU
		{D1E2F3A4-B5C6-7D8E-9F0A-1B2C3D4E5F6A}.Debug|x86.ActiveCfg = Debug|Any CPU
		{D1E2F3A4-B5C6-7D8E-9F0A-1B2C3D4E5F6A}.Debug|x86.Build.0 = Debug|Any CPU
		{D1E2F3A4-B5C6-7D8E-9F0A-1B2C3D4E5F6A}.Release|Any CPU.ActiveCfg = Release|Any CPU
		{D1E2F3A4-B5C6-7D8E-9F0A-1B2C3D4E5F6A}.Release|Any CPU.Build.0 = Release|Any CPU
		{D1E2F3A4-B5C6-7D8E-9F0A-1B2C3D4E5F6A}.Release|x64.ActiveCfg = Release|Any CPU
		{D1E2F3A4-B5C6-7D8E-9F0A-1B2C3D4E5F6A}.Release|x64.Build.0 = Release|Any CPU
		{D1E2F3A4-B5C6-7D8E-9F0A-1B2C3D4E5F6A}.Release|x86.ActiveCfg = Release|Any CPU
		{D1E2F3A4-B5C6-7D8E-9F0A-1B2C3D4E5F6A}.Release|x86.Build.0 = Release|Any CPU
		{E2F3A4B5-C6D7-8E9F-0A1B-2C3D4E5F6A7B}.Debug|Any CPU.ActiveCfg = Debug|Any CPU
		{E2F3A4B5-C6D7-8E9F-0A1B-2C3D4E5F6A7B}.Debug|Any CPU.Build.0 = Debug|Any CPU
		{E2F3A4B5-C6D7-8E9F-0A1B-2C3D4E5F6A7B}.Debug|x64.ActiveCfg = Debug|Any CPU
		{E2F3A4B5-C6D7-8E9F-0A1B-2C3D4E5F6A7B}.Debug|x64.Build.0 = Debug|Any CPU
		{E2F3A4B5-C6D7-8E9F-0A1B-2C3D4E5F6A7B}.Debug|x86.ActiveCfg = Debug|Any CPU
		{E2F3A4B5-C6D7-8E9F-0A1B-2C3D4E5F6A7B}.Debug|x86.Build.0 = Debug|Any CPU
		{E2F3A4B5-C6D7-8E9F-0A1B-2C3D4E5F6A7B}.Release|Any CPU.ActiveCfg = Release|Any CPU
		{E2F3A4B5-C6D7-8E9F-0A1B-2C3D4E5F6A7B}.Release|Any CPU.Build.0 = Release|Any CPU
		{E2F3A4B5-C6D7-8E9F-0A1B-2C3D4E5F6A7B}.Release|x64.ActiveCfg = Release|Any CPU
		{E2F3A4B5-C6D7-8E9F-0A1B-2C3D4E5F6A7B}.Release|x64.Build.0 = Release|Any CPU
		{E2F3A4B5-C6D7-8E9F-0A1B-2C3D4E5F6A7B}.Release|x86.ActiveCfg = Release|Any CPU
		{E2F3A4B5-C6D7-8E9F-0A1B-2C3D4E5F6A7B}.Release|x86.Build.0 = Release|Any CPU
		{F3A4B5C6-D7E8-9F0A-1B2C-3D4E5F6A7B8C}.Debug|Any CPU.ActiveCfg = Debug|Any CPU
		{F3A4B5C6-D7E8-9F0A-1B2C-3D4E5F6A7B8C}.Debug|Any CPU.Build.0 = Debug|Any CPU
		{F3A4B5C6-D7E8-9F0A-1B2C-3D4E5F6A7B8C}.Debug|x64.ActiveCfg = Debug|Any CPU
		{F3A4B5C6-D7E8-9F0A-1B2C-3D4E5F6A7B8C}.Debug|x64.Build.0 = Debug|Any CPU
		{F3A4B5C6-D7E8-9F0A-1B2C-3D4E5F6A7B8C}.Debug|x86.ActiveCfg = Debug|Any CPU
		{F3A4B5C6-D7E8-9F0A-1B2C-3D4E5F6A7B8C}.Debug|x86.Build.0 = Debug|Any CPU
		{F3A4B5C6-D7E8-9F0A-1B2C-3D4E5F6A7B8C}.Release|Any CPU.ActiveCfg = Release|Any CPU
		{F3A4B5C6-D7E8-9F0A-1B2C-3D4E5F6A7B8C}.Release|Any CPU.Build.0 = Release|Any CPU
		{F3A4B5C6-D7E8-9F0A-1B2C-3D4E5F6A7B8C}.Release|x64.ActiveCfg = Release|Any CPU
		{F3A4B5C6-D7E8-9F0A-1B2C-3D4E5F6A7B8C}.Release|x64.Build.0 = Release|Any CPU
		{F3A4B5C6-D7E8-9F0A-1B2C-3D4E5F6A7B8C}.Release|x86.ActiveCfg = Release|Any CPU
		{F3A4B5C6-D7E8-9F0A-1B2C-3D4E5F6A7B8C}.Release|x86.Build.0 = Release|Any CPU
		{A4B5C6D7-E8F9-0A1B-2C3D-4E5F6A7B8C9D}.Debug|Any CPU.ActiveCfg = Debug|Any CPU
		{A4B5C6D7-E8F9-0A1B-2C3D-4E5F6A7B8C9D}.Debug|Any CPU.Build.0 = Debug|Any CPU
		{A4B5C6D7-E8F9-0A1B-2C3D-4E5F6A7B8C9D}.Debug|x64.ActiveCfg = Debug|Any CPU
		{A4B5C6D7-E8F9-0A1B-2C3D-4E5F6A7B8C9D}.Debug|x64.Build.0 = Debug|Any CPU
		{A4B5C6D7-E8F9-0A1B-2C3D-4E5F6A7B8C9D}.Debug|x86.ActiveCfg = Debug|Any CPU
		{A4B5C6D7-E8F9-0A1B-2C3D-4E5F6A7B8C9D}.Debug|x86.Build.0 = Debug|Any CPU
		{A4B5C6D7-E8F9-0A1B-2C3D-4E5F6A7B8C9D}.Release|Any CPU.ActiveCfg = Release|Any CPU
		{A4B5C6D7-E8F9-0A1B-2C3D-4E5F6A7B8C9D}.Release|Any CPU.Build.0 = Release|Any CPU
		{A4B5C6D7-E8F9-0A1B-2C3D-4E5F6A7B8C9D}.Release|x64.ActiveCfg = Release|Any CPU
		{A4B5C6D7-E8F9-0A1B-2C3D-4E5F6A7B8C9D}.Release|x64.Build.0 = Release|Any CPU
		{A4B5C6D7-E8F9-0A1B-2C3D-4E5F6A7B8C9D}.Release|x86.ActiveCfg = Release|Any CPU
		{A4B5C6D7-E8F9-0A1B-2C3D-4E5F6A7B8C9D}.Release|x86.Build.0 = Release|Any CPU
		{B5C6D7E8-F9A0-1B2C-3D4E-5F6A7B8C9D0E}.Debug|Any CPU.ActiveCfg = Debug|Any CPU
		{B5C6D7E8-F9A0-1B2C-3D4E-5F6A7B8C9D0E}.Debug|Any CPU.Build.0 = Debug|Any CPU
		{B5C6D7E8-F9A0-1B2C-3D4E-5F6A7B8C9D0E}.Debug|x64.ActiveCfg = Debug|Any CPU
		{B5C6D7E8-F9A0-1B2C-3D4E-5F6A7B8C9D0E}.Debug|x64.Build.0 = Debug|Any CPU
		{B5C6D7E8-F9A0-1B2C-3D4E-5F6A7B8C9D0E}.Debug|x86.ActiveCfg = Debug|Any CPU
		{B5C6D7E8-F9A0-1B2C-3D4E-5F6A7B8C9D0E}.Debug|x86.Build.0 = Debug|Any CPU
		{B5C6D7E8-F9A0-1B2C-3D4E-5F6A7B8C9D0E}.Release|Any CPU.ActiveCfg = Release|Any CPU
		{B5C6D7E8-F9A0-1B2C-3D4E-5F6A7B8C9D0E}.Release|Any CPU.Build.0 = Release|Any CPU
		{B5C6D7E8-F9A0-1B2C-3D4E-5F6A7B8C9D0E}.Release|x64.ActiveCfg = Release|Any CPU
		{B5C6D7E8-F9A0-1B2C-3D4E-5F6A7B8C9D0E}.Release|x64.Build.0 = Release|Any CPU
		{B5C6D7E8-F9A0-1B2C-3D4E-5F6A7B8C9D0E}.Release|x86.ActiveCfg = Release|Any CPU
		{B5C6D7E8-F9A0-1B2C-3D4E-5F6A7B8C9D0E}.Release|x86.Build.0 = Release|Any CPU
		{C6D7E8F9-A0B1-2C3D-4E5F-6A7B8C9D0E1F}.Debug|Any CPU.ActiveCfg = Debug|Any CPU
		{C6D7E8F9-A0B1-2C3D-4E5F-6A7B8C9D0E1F}.Debug|Any CPU.Build.0 = Debug|Any CPU
		{C6D7E8F9-A0B1-2C3D-4E5F-6A7B8C9D0E1F}.Debug|x64.ActiveCfg = Debug|Any CPU
		{C6D7E8F9-A0B1-2C3D-4E5F-6A7B8C9D0E1F}.Debug|x64.Build.0 = Debug|Any CPU
		{C6D7E8F9-A0B1-2C3D-4E5F-6A7B8C9D0E1F}.Debug|x86.ActiveCfg = Debug|Any CPU
		{C6D7E8F9-A0B1-2C3D-4E5F-6A7B8C9D0E1F}.Debug|x86.Build.0 = Debug|Any CPU
		{C6D7E8F9-A0B1-2C3D-4E5F-6A7B8C9D0E1F}.Release|Any CPU.ActiveCfg = Release|Any CPU
		{C6D7E8F9-A0B1-2C3D-4E5F-6A7B8C9D0E1F}.Release|Any CPU.Build.0 = Release|Any CPU
		{C6D7E8F9-A0B1-2C3D-4E5F-6A7B8C9D0E1F}.Release|x64.ActiveCfg = Release|Any CPU
		{C6D7E8F9-A0B1-2C3D-4E5F-6A7B8C9D0E1F}.Release|x64.Build.0 = Release|Any CPU
		{C6D7E8F9-A0B1-2C3D-4E5F-6A7B8C9D0E1F}.Release|x86.ActiveCfg = Release|Any CPU
		{C6D7E8F9-A0B1-2C3D-4E5F-6A7B8C9D0E1F}.Release|x86.Build.0 = Release|Any CPU
		{D7E8F9A0-B1C2-3D4E-5F6A-7B8C9D0E1F2A}.Debug|Any CPU.ActiveCfg = Debug|Any CPU
		{D7E8F9A0-B1C2-3D4E-5F6A-7B8C9D0E1F2A}.Debug|Any CPU.Build.0 = Debug|Any CPU
		{D7E8F9A0-B1C2-3D4E-5F6A-7B8C9D0E1F2A}.Debug|x64.ActiveCfg = Debug|Any CPU
		{D7E8F9A0-B1C2-3D4E-5F6A-7B8C9D0E1F2A}.Debug|x64.Build.0 = Debug|Any CPU
		{D7E8F9A0-B1C2-3D4E-5F6A-7B8C9D0E1F2A}.Debug|x86.ActiveCfg = Debug|Any CPU
		{D7E8F9A0-B1C2-3D4E-5F6A-7B8C9D0E1F2A}.Debug|x86.Build.0 = Debug|Any CPU
		{D7E8F9A0-B1C2-3D4E-5F6A-7B8C9D0E1F2A}.Release|Any CPU.ActiveCfg = Release|Any CPU
		{D7E8F9A0-B1C2-3D4E-5F6A-7B8C9D0E1F2A}.Release|Any CPU.Build.0 = Release|Any CPU
		{D7E8F9A0-B1C2-3D4E-5F6A-7B8C9D0E1F2A}.Release|x64.ActiveCfg = Release|Any CPU
		{D7E8F9A0-B1C2-3D4E-5F6A-7B8C9D0E1F2A}.Release|x64.Build.0 = Release|Any CPU
		{D7E8F9A0-B1C2-3D4E-5F6A-7B8C9D0E1F2A}.Release|x86.ActiveCfg = Release|Any CPU
		{D7E8F9A0-B1C2-3D4E-5F6A-7B8C9D0E1F2A}.Release|x86.Build.0 = Release|Any CPU
		{3781D9FC-A345-412A-8D3F-062D6C1A57A5}.Debug|Any CPU.ActiveCfg = Debug|Any CPU
		{3781D9FC-A345-412A-8D3F-062D6C1A57A5}.Debug|Any CPU.Build.0 = Debug|Any CPU
		{3781D9FC-A345-412A-8D3F-062D6C1A57A5}.Debug|x64.ActiveCfg = Debug|Any CPU
		{3781D9FC-A345-412A-8D3F-062D6C1A57A5}.Debug|x64.Build.0 = Debug|Any CPU
		{3781D9FC-A345-412A-8D3F-062D6C1A57A5}.Debug|x86.ActiveCfg = Debug|Any CPU
		{3781D9FC-A345-412A-8D3F-062D6C1A57A5}.Debug|x86.Build.0 = Debug|Any CPU
		{3781D9FC-A345-412A-8D3F-062D6C1A57A5}.Release|Any CPU.ActiveCfg = Release|Any CPU
		{3781D9FC-A345-412A-8D3F-062D6C1A57A5}.Release|Any CPU.Build.0 = Release|Any CPU
		{3781D9FC-A345-412A-8D3F-062D6C1A57A5}.Release|x64.ActiveCfg = Release|Any CPU
		{3781D9FC-A345-412A-8D3F-062D6C1A57A5}.Release|x64.Build.0 = Release|Any CPU
		{3781D9FC-A345-412A-8D3F-062D6C1A57A5}.Release|x86.ActiveCfg = Release|Any CPU
		{3781D9FC-A345-412A-8D3F-062D6C1A57A5}.Release|x86.Build.0 = Release|Any CPU
		{75EA2B41-765C-49AC-935A-C90CDB9FB59B}.Debug|Any CPU.ActiveCfg = Debug|Any CPU
		{75EA2B41-765C-49AC-935A-C90CDB9FB59B}.Debug|Any CPU.Build.0 = Debug|Any CPU
		{75EA2B41-765C-49AC-935A-C90CDB9FB59B}.Debug|x64.ActiveCfg = Debug|Any CPU
		{75EA2B41-765C-49AC-935A-C90CDB9FB59B}.Debug|x64.Build.0 = Debug|Any CPU
		{75EA2B41-765C-49AC-935A-C90CDB9FB59B}.Debug|x86.ActiveCfg = Debug|Any CPU
		{75EA2B41-765C-49AC-935A-C90CDB9FB59B}.Debug|x86.Build.0 = Debug|Any CPU
		{75EA2B41-765C-49AC-935A-C90CDB9FB59B}.Release|Any CPU.ActiveCfg = Release|Any CPU
		{75EA2B41-765C-49AC-935A-C90CDB9FB59B}.Release|Any CPU.Build.0 = Release|Any CPU
		{75EA2B41-765C-49AC-935A-C90CDB9FB59B}.Release|x64.ActiveCfg = Release|Any CPU
		{75EA2B41-765C-49AC-935A-C90CDB9FB59B}.Release|x64.Build.0 = Release|Any CPU
		{75EA2B41-765C-49AC-935A-C90CDB9FB59B}.Release|x86.ActiveCfg = Release|Any CPU
		{75EA2B41-765C-49AC-935A-C90CDB9FB59B}.Release|x86.Build.0 = Release|Any CPU
		{FA3B748D-C88C-466F-845A-CB827ACF7BB4}.Debug|Any CPU.ActiveCfg = Debug|Any CPU
		{FA3B748D-C88C-466F-845A-CB827ACF7BB4}.Debug|Any CPU.Build.0 = Debug|Any CPU
		{FA3B748D-C88C-466F-845A-CB827ACF7BB4}.Debug|x64.ActiveCfg = Debug|Any CPU
		{FA3B748D-C88C-466F-845A-CB827ACF7BB4}.Debug|x64.Build.0 = Debug|Any CPU
		{FA3B748D-C88C-466F-845A-CB827ACF7BB4}.Debug|x86.ActiveCfg = Debug|Any CPU
		{FA3B748D-C88C-466F-845A-CB827ACF7BB4}.Debug|x86.Build.0 = Debug|Any CPU
		{FA3B748D-C88C-466F-845A-CB827ACF7BB4}.Release|Any CPU.ActiveCfg = Release|Any CPU
		{FA3B748D-C88C-466F-845A-CB827ACF7BB4}.Release|Any CPU.Build.0 = Release|Any CPU
		{FA3B748D-C88C-466F-845A-CB827ACF7BB4}.Release|x64.ActiveCfg = Release|Any CPU
		{FA3B748D-C88C-466F-845A-CB827ACF7BB4}.Release|x64.Build.0 = Release|Any CPU
		{FA3B748D-C88C-466F-845A-CB827ACF7BB4}.Release|x86.ActiveCfg = Release|Any CPU
		{FA3B748D-C88C-466F-845A-CB827ACF7BB4}.Release|x86.Build.0 = Release|Any CPU
		{691CADE8-BE2B-4951-8CC7-9932C8A49329}.Debug|Any CPU.ActiveCfg = Debug|Any CPU
		{691CADE8-BE2B-4951-8CC7-9932C8A49329}.Debug|Any CPU.Build.0 = Debug|Any CPU
		{691CADE8-BE2B-4951-8CC7-9932C8A49329}.Debug|x64.ActiveCfg = Debug|Any CPU
		{691CADE8-BE2B-4951-8CC7-9932C8A49329}.Debug|x64.Build.0 = Debug|Any CPU
		{691CADE8-BE2B-4951-8CC7-9932C8A49329}.Debug|x86.ActiveCfg = Debug|Any CPU
		{691CADE8-BE2B-4951-8CC7-9932C8A49329}.Debug|x86.Build.0 = Debug|Any CPU
		{691CADE8-BE2B-4951-8CC7-9932C8A49329}.Release|Any CPU.ActiveCfg = Release|Any CPU
		{691CADE8-BE2B-4951-8CC7-9932C8A49329}.Release|Any CPU.Build.0 = Release|Any CPU
		{691CADE8-BE2B-4951-8CC7-9932C8A49329}.Release|x64.ActiveCfg = Release|Any CPU
		{691CADE8-BE2B-4951-8CC7-9932C8A49329}.Release|x64.Build.0 = Release|Any CPU
		{691CADE8-BE2B-4951-8CC7-9932C8A49329}.Release|x86.ActiveCfg = Release|Any CPU
		{691CADE8-BE2B-4951-8CC7-9932C8A49329}.Release|x86.Build.0 = Release|Any CPU
		{434E6BF4-2C6B-4BFA-A313-C44B19E92425}.Debug|Any CPU.ActiveCfg = Debug|Any CPU
		{434E6BF4-2C6B-4BFA-A313-C44B19E92425}.Debug|Any CPU.Build.0 = Debug|Any CPU
		{434E6BF4-2C6B-4BFA-A313-C44B19E92425}.Debug|x64.ActiveCfg = Debug|Any CPU
		{434E6BF4-2C6B-4BFA-A313-C44B19E92425}.Debug|x64.Build.0 = Debug|Any CPU
		{434E6BF4-2C6B-4BFA-A313-C44B19E92425}.Debug|x86.ActiveCfg = Debug|Any CPU
		{434E6BF4-2C6B-4BFA-A313-C44B19E92425}.Debug|x86.Build.0 = Debug|Any CPU
		{434E6BF4-2C6B-4BFA-A313-C44B19E92425}.Release|Any CPU.ActiveCfg = Release|Any CPU
		{434E6BF4-2C6B-4BFA-A313-C44B19E92425}.Release|Any CPU.Build.0 = Release|Any CPU
		{434E6BF4-2C6B-4BFA-A313-C44B19E92425}.Release|x64.ActiveCfg = Release|Any CPU
		{434E6BF4-2C6B-4BFA-A313-C44B19E92425}.Release|x64.Build.0 = Release|Any CPU
		{434E6BF4-2C6B-4BFA-A313-C44B19E92425}.Release|x86.ActiveCfg = Release|Any CPU
		{434E6BF4-2C6B-4BFA-A313-C44B19E92425}.Release|x86.Build.0 = Release|Any CPU
		{AAC34328-A0C8-4C11-BAAF-643588C42430}.Debug|Any CPU.ActiveCfg = Debug|Any CPU
		{AAC34328-A0C8-4C11-BAAF-643588C42430}.Debug|Any CPU.Build.0 = Debug|Any CPU
		{AAC34328-A0C8-4C11-BAAF-643588C42430}.Debug|x64.ActiveCfg = Debug|Any CPU
		{AAC34328-A0C8-4C11-BAAF-643588C42430}.Debug|x64.Build.0 = Debug|Any CPU
		{AAC34328-A0C8-4C11-BAAF-643588C42430}.Debug|x86.ActiveCfg = Debug|Any CPU
		{AAC34328-A0C8-4C11-BAAF-643588C42430}.Debug|x86.Build.0 = Debug|Any CPU
		{AAC34328-A0C8-4C11-BAAF-643588C42430}.Release|Any CPU.ActiveCfg = Release|Any CPU
		{AAC34328-A0C8-4C11-BAAF-643588C42430}.Release|Any CPU.Build.0 = Release|Any CPU
		{AAC34328-A0C8-4C11-BAAF-643588C42430}.Release|x64.ActiveCfg = Release|Any CPU
		{AAC34328-A0C8-4C11-BAAF-643588C42430}.Release|x64.Build.0 = Release|Any CPU
		{AAC34328-A0C8-4C11-BAAF-643588C42430}.Release|x86.ActiveCfg = Release|Any CPU
		{AAC34328-A0C8-4C11-BAAF-643588C42430}.Release|x86.Build.0 = Release|Any CPU
		{FD193FE5-A79F-43D4-AC54-05C9C32B055E}.Debug|Any CPU.ActiveCfg = Debug|Any CPU
		{FD193FE5-A79F-43D4-AC54-05C9C32B055E}.Debug|Any CPU.Build.0 = Debug|Any CPU
		{FD193FE5-A79F-43D4-AC54-05C9C32B055E}.Debug|x64.ActiveCfg = Debug|Any CPU
		{FD193FE5-A79F-43D4-AC54-05C9C32B055E}.Debug|x64.Build.0 = Debug|Any CPU
		{FD193FE5-A79F-43D4-AC54-05C9C32B055E}.Debug|x86.ActiveCfg = Debug|Any CPU
		{FD193FE5-A79F-43D4-AC54-05C9C32B055E}.Debug|x86.Build.0 = Debug|Any CPU
		{FD193FE5-A79F-43D4-AC54-05C9C32B055E}.Release|Any CPU.ActiveCfg = Release|Any CPU
		{FD193FE5-A79F-43D4-AC54-05C9C32B055E}.Release|Any CPU.Build.0 = Release|Any CPU
		{FD193FE5-A79F-43D4-AC54-05C9C32B055E}.Release|x64.ActiveCfg = Release|Any CPU
		{FD193FE5-A79F-43D4-AC54-05C9C32B055E}.Release|x64.Build.0 = Release|Any CPU
		{FD193FE5-A79F-43D4-AC54-05C9C32B055E}.Release|x86.ActiveCfg = Release|Any CPU
		{FD193FE5-A79F-43D4-AC54-05C9C32B055E}.Release|x86.Build.0 = Release|Any CPU
		{1F3615B5-CBCC-4E01-A198-D9B624715DCC}.Debug|Any CPU.ActiveCfg = Debug|Any CPU
		{1F3615B5-CBCC-4E01-A198-D9B624715DCC}.Debug|Any CPU.Build.0 = Debug|Any CPU
		{1F3615B5-CBCC-4E01-A198-D9B624715DCC}.Debug|x64.ActiveCfg = Debug|Any CPU
		{1F3615B5-CBCC-4E01-A198-D9B624715DCC}.Debug|x64.Build.0 = Debug|Any CPU
		{1F3615B5-CBCC-4E01-A198-D9B624715DCC}.Debug|x86.ActiveCfg = Debug|Any CPU
		{1F3615B5-CBCC-4E01-A198-D9B624715DCC}.Debug|x86.Build.0 = Debug|Any CPU
		{1F3615B5-CBCC-4E01-A198-D9B624715DCC}.Release|Any CPU.ActiveCfg = Release|Any CPU
		{1F3615B5-CBCC-4E01-A198-D9B624715DCC}.Release|Any CPU.Build.0 = Release|Any CPU
		{1F3615B5-CBCC-4E01-A198-D9B624715DCC}.Release|x64.ActiveCfg = Release|Any CPU
		{1F3615B5-CBCC-4E01-A198-D9B624715DCC}.Release|x64.Build.0 = Release|Any CPU
		{1F3615B5-CBCC-4E01-A198-D9B624715DCC}.Release|x86.ActiveCfg = Release|Any CPU
		{1F3615B5-CBCC-4E01-A198-D9B624715DCC}.Release|x86.Build.0 = Release|Any CPU
		{816F87C8-64C5-49AB-BE95-4600B7095E7C}.Debug|Any CPU.ActiveCfg = Debug|Any CPU
		{816F87C8-64C5-49AB-BE95-4600B7095E7C}.Debug|Any CPU.Build.0 = Debug|Any CPU
		{816F87C8-64C5-49AB-BE95-4600B7095E7C}.Debug|x64.ActiveCfg = Debug|Any CPU
		{816F87C8-64C5-49AB-BE95-4600B7095E7C}.Debug|x64.Build.0 = Debug|Any CPU
		{816F87C8-64C5-49AB-BE95-4600B7095E7C}.Debug|x86.ActiveCfg = Debug|Any CPU
		{816F87C8-64C5-49AB-BE95-4600B7095E7C}.Debug|x86.Build.0 = Debug|Any CPU
		{816F87C8-64C5-49AB-BE95-4600B7095E7C}.Release|Any CPU.ActiveCfg = Release|Any CPU
		{816F87C8-64C5-49AB-BE95-4600B7095E7C}.Release|Any CPU.Build.0 = Release|Any CPU
		{816F87C8-64C5-49AB-BE95-4600B7095E7C}.Release|x64.ActiveCfg = Release|Any CPU
		{816F87C8-64C5-49AB-BE95-4600B7095E7C}.Release|x64.Build.0 = Release|Any CPU
		{816F87C8-64C5-49AB-BE95-4600B7095E7C}.Release|x86.ActiveCfg = Release|Any CPU
		{816F87C8-64C5-49AB-BE95-4600B7095E7C}.Release|x86.Build.0 = Release|Any CPU
		{18C74E2F-E1E9-4572-9AE9-F68EE6997FE8}.Debug|Any CPU.ActiveCfg = Debug|Any CPU
		{18C74E2F-E1E9-4572-9AE9-F68EE6997FE8}.Debug|Any CPU.Build.0 = Debug|Any CPU
		{18C74E2F-E1E9-4572-9AE9-F68EE6997FE8}.Debug|x64.ActiveCfg = Debug|Any CPU
		{18C74E2F-E1E9-4572-9AE9-F68EE6997FE8}.Debug|x64.Build.0 = Debug|Any CPU
		{18C74E2F-E1E9-4572-9AE9-F68EE6997FE8}.Debug|x86.ActiveCfg = Debug|Any CPU
		{18C74E2F-E1E9-4572-9AE9-F68EE6997FE8}.Debug|x86.Build.0 = Debug|Any CPU
		{18C74E2F-E1E9-4572-9AE9-F68EE6997FE8}.Release|Any CPU.ActiveCfg = Release|Any CPU
		{18C74E2F-E1E9-4572-9AE9-F68EE6997FE8}.Release|Any CPU.Build.0 = Release|Any CPU
		{18C74E2F-E1E9-4572-9AE9-F68EE6997FE8}.Release|x64.ActiveCfg = Release|Any CPU
		{18C74E2F-E1E9-4572-9AE9-F68EE6997FE8}.Release|x64.Build.0 = Release|Any CPU
		{18C74E2F-E1E9-4572-9AE9-F68EE6997FE8}.Release|x86.ActiveCfg = Release|Any CPU
		{18C74E2F-E1E9-4572-9AE9-F68EE6997FE8}.Release|x86.Build.0 = Release|Any CPU
		{57E2D55C-F35B-4CA0-A608-5DC7AC89AE86}.Debug|Any CPU.ActiveCfg = Debug|Any CPU
		{57E2D55C-F35B-4CA0-A608-5DC7AC89AE86}.Debug|Any CPU.Build.0 = Debug|Any CPU
		{57E2D55C-F35B-4CA0-A608-5DC7AC89AE86}.Debug|x64.ActiveCfg = Debug|Any CPU
		{57E2D55C-F35B-4CA0-A608-5DC7AC89AE86}.Debug|x64.Build.0 = Debug|Any CPU
		{57E2D55C-F35B-4CA0-A608-5DC7AC89AE86}.Debug|x86.ActiveCfg = Debug|Any CPU
		{57E2D55C-F35B-4CA0-A608-5DC7AC89AE86}.Debug|x86.Build.0 = Debug|Any CPU
		{57E2D55C-F35B-4CA0-A608-5DC7AC89AE86}.Release|Any CPU.ActiveCfg = Release|Any CPU
		{57E2D55C-F35B-4CA0-A608-5DC7AC89AE86}.Release|Any CPU.Build.0 = Release|Any CPU
		{57E2D55C-F35B-4CA0-A608-5DC7AC89AE86}.Release|x64.ActiveCfg = Release|Any CPU
		{57E2D55C-F35B-4CA0-A608-5DC7AC89AE86}.Release|x64.Build.0 = Release|Any CPU
		{57E2D55C-F35B-4CA0-A608-5DC7AC89AE86}.Release|x86.ActiveCfg = Release|Any CPU
		{57E2D55C-F35B-4CA0-A608-5DC7AC89AE86}.Release|x86.Build.0 = Release|Any CPU
		{593ACEAE-7CDD-465E-BE11-FDBF20074C38}.Debug|Any CPU.ActiveCfg = Debug|Any CPU
		{593ACEAE-7CDD-465E-BE11-FDBF20074C38}.Debug|Any CPU.Build.0 = Debug|Any CPU
		{593ACEAE-7CDD-465E-BE11-FDBF20074C38}.Debug|x64.ActiveCfg = Debug|Any CPU
		{593ACEAE-7CDD-465E-BE11-FDBF20074C38}.Debug|x64.Build.0 = Debug|Any CPU
		{593ACEAE-7CDD-465E-BE11-FDBF20074C38}.Debug|x86.ActiveCfg = Debug|Any CPU
		{593ACEAE-7CDD-465E-BE11-FDBF20074C38}.Debug|x86.Build.0 = Debug|Any CPU
		{593ACEAE-7CDD-465E-BE11-FDBF20074C38}.Release|Any CPU.ActiveCfg = Release|Any CPU
		{593ACEAE-7CDD-465E-BE11-FDBF20074C38}.Release|Any CPU.Build.0 = Release|Any CPU
		{593ACEAE-7CDD-465E-BE11-FDBF20074C38}.Release|x64.ActiveCfg = Release|Any CPU
		{593ACEAE-7CDD-465E-BE11-FDBF20074C38}.Release|x64.Build.0 = Release|Any CPU
		{593ACEAE-7CDD-465E-BE11-FDBF20074C38}.Release|x86.ActiveCfg = Release|Any CPU
		{593ACEAE-7CDD-465E-BE11-FDBF20074C38}.Release|x86.Build.0 = Release|Any CPU
		{C2D3E4F5-A6B7-4C8D-9E0F-2A3B4C5D6E7F}.Debug|Any CPU.ActiveCfg = Debug|Any CPU
		{C2D3E4F5-A6B7-4C8D-9E0F-2A3B4C5D6E7F}.Debug|Any CPU.Build.0 = Debug|Any CPU
		{C2D3E4F5-A6B7-4C8D-9E0F-2A3B4C5D6E7F}.Debug|x64.ActiveCfg = Debug|x64
		{C2D3E4F5-A6B7-4C8D-9E0F-2A3B4C5D6E7F}.Debug|x64.Build.0 = Debug|x64
		{C2D3E4F5-A6B7-4C8D-9E0F-2A3B4C5D6E7F}.Debug|x86.ActiveCfg = Debug|x86
		{C2D3E4F5-A6B7-4C8D-9E0F-2A3B4C5D6E7F}.Debug|x86.Build.0 = Debug|x86
		{C2D3E4F5-A6B7-4C8D-9E0F-2A3B4C5D6E7F}.Release|Any CPU.ActiveCfg = Release|Any CPU
		{C2D3E4F5-A6B7-4C8D-9E0F-2A3B4C5D6E7F}.Release|Any CPU.Build.0 = Release|Any CPU
		{C2D3E4F5-A6B7-4C8D-9E0F-2A3B4C5D6E7F}.Release|x64.ActiveCfg = Release|x64
		{C2D3E4F5-A6B7-4C8D-9E0F-2A3B4C5D6E7F}.Release|x64.Build.0 = Release|x64
		{C2D3E4F5-A6B7-4C8D-9E0F-2A3B4C5D6E7F}.Release|x86.ActiveCfg = Release|x86
		{C2D3E4F5-A6B7-4C8D-9E0F-2A3B4C5D6E7F}.Release|x86.Build.0 = Release|x86
		{D3E4F5A6-B7C8-4D9E-0F1A-3B4C5D6E7F80}.Debug|Any CPU.ActiveCfg = Debug|Any CPU
		{D3E4F5A6-B7C8-4D9E-0F1A-3B4C5D6E7F80}.Debug|Any CPU.Build.0 = Debug|Any CPU
		{D3E4F5A6-B7C8-4D9E-0F1A-3B4C5D6E7F80}.Debug|Any CPU.Deploy.0 = Debug|Any CPU
		{D3E4F5A6-B7C8-4D9E-0F1A-3B4C5D6E7F80}.Debug|x64.ActiveCfg = Debug|Any CPU
		{D3E4F5A6-B7C8-4D9E-0F1A-3B4C5D6E7F80}.Debug|x64.Build.0 = Debug|Any CPU
		{D3E4F5A6-B7C8-4D9E-0F1A-3B4C5D6E7F80}.Debug|x86.ActiveCfg = Debug|Any CPU
		{D3E4F5A6-B7C8-4D9E-0F1A-3B4C5D6E7F80}.Debug|x86.Build.0 = Debug|Any CPU
		{D3E4F5A6-B7C8-4D9E-0F1A-3B4C5D6E7F80}.Release|Any CPU.ActiveCfg = Release|Any CPU
		{D3E4F5A6-B7C8-4D9E-0F1A-3B4C5D6E7F80}.Release|Any CPU.Build.0 = Release|Any CPU
		{D3E4F5A6-B7C8-4D9E-0F1A-3B4C5D6E7F80}.Release|x64.ActiveCfg = Release|Any CPU
		{D3E4F5A6-B7C8-4D9E-0F1A-3B4C5D6E7F80}.Release|x64.Build.0 = Release|Any CPU
		{D3E4F5A6-B7C8-4D9E-0F1A-3B4C5D6E7F80}.Release|x86.ActiveCfg = Release|Any CPU
		{D3E4F5A6-B7C8-4D9E-0F1A-3B4C5D6E7F80}.Release|x86.Build.0 = Release|Any CPU
		{E4F5A6B7-C8D9-4E0F-1A2B-4C5D6E7F8091}.Debug|Any CPU.ActiveCfg = Debug|Any CPU
		{E4F5A6B7-C8D9-4E0F-1A2B-4C5D6E7F8091}.Debug|Any CPU.Build.0 = Debug|Any CPU
		{E4F5A6B7-C8D9-4E0F-1A2B-4C5D6E7F8091}.Debug|x64.ActiveCfg = Debug|Any CPU
		{E4F5A6B7-C8D9-4E0F-1A2B-4C5D6E7F8091}.Debug|x64.Build.0 = Debug|Any CPU
		{E4F5A6B7-C8D9-4E0F-1A2B-4C5D6E7F8091}.Debug|x86.ActiveCfg = Debug|Any CPU
		{E4F5A6B7-C8D9-4E0F-1A2B-4C5D6E7F8091}.Debug|x86.Build.0 = Debug|Any CPU
		{E4F5A6B7-C8D9-4E0F-1A2B-4C5D6E7F8091}.Release|Any CPU.ActiveCfg = Release|Any CPU
		{E4F5A6B7-C8D9-4E0F-1A2B-4C5D6E7F8091}.Release|Any CPU.Build.0 = Release|Any CPU
		{E4F5A6B7-C8D9-4E0F-1A2B-4C5D6E7F8091}.Release|x64.ActiveCfg = Release|Any CPU
		{E4F5A6B7-C8D9-4E0F-1A2B-4C5D6E7F8091}.Release|x64.Build.0 = Release|Any CPU
		{E4F5A6B7-C8D9-4E0F-1A2B-4C5D6E7F8091}.Release|x86.ActiveCfg = Release|Any CPU
		{E4F5A6B7-C8D9-4E0F-1A2B-4C5D6E7F8091}.Release|x86.Build.0 = Release|Any CPU
		{F5A6B7C8-D9E0-4F1A-2B3C-5D6E7F809102}.Debug|Any CPU.ActiveCfg = Debug|Any CPU
		{F5A6B7C8-D9E0-4F1A-2B3C-5D6E7F809102}.Debug|Any CPU.Build.0 = Debug|Any CPU
		{F5A6B7C8-D9E0-4F1A-2B3C-5D6E7F809102}.Debug|x64.ActiveCfg = Debug|Any CPU
		{F5A6B7C8-D9E0-4F1A-2B3C-5D6E7F809102}.Debug|x64.Build.0 = Debug|Any CPU
		{F5A6B7C8-D9E0-4F1A-2B3C-5D6E7F809102}.Debug|x86.ActiveCfg = Debug|Any CPU
		{F5A6B7C8-D9E0-4F1A-2B3C-5D6E7F809102}.Debug|x86.Build.0 = Debug|Any CPU
		{F5A6B7C8-D9E0-4F1A-2B3C-5D6E7F809102}.Release|Any CPU.ActiveCfg = Release|Any CPU
		{F5A6B7C8-D9E0-4F1A-2B3C-5D6E7F809102}.Release|Any CPU.Build.0 = Release|Any CPU
		{F5A6B7C8-D9E0-4F1A-2B3C-5D6E7F809102}.Release|x64.ActiveCfg = Release|Any CPU
		{F5A6B7C8-D9E0-4F1A-2B3C-5D6E7F809102}.Release|x64.Build.0 = Release|Any CPU
		{F5A6B7C8-D9E0-4F1A-2B3C-5D6E7F809102}.Release|x86.ActiveCfg = Release|Any CPU
		{F5A6B7C8-D9E0-4F1A-2B3C-5D6E7F809102}.Release|x86.Build.0 = Release|Any CPU
		{44E30DC4-8D37-4CCF-B2E4-5B46626EBB3A}.Debug|Any CPU.ActiveCfg = Debug|Any CPU
		{44E30DC4-8D37-4CCF-B2E4-5B46626EBB3A}.Debug|Any CPU.Build.0 = Debug|Any CPU
		{44E30DC4-8D37-4CCF-B2E4-5B46626EBB3A}.Debug|x64.ActiveCfg = Debug|Any CPU
		{44E30DC4-8D37-4CCF-B2E4-5B46626EBB3A}.Debug|x64.Build.0 = Debug|Any CPU
		{44E30DC4-8D37-4CCF-B2E4-5B46626EBB3A}.Debug|x86.ActiveCfg = Debug|Any CPU
		{44E30DC4-8D37-4CCF-B2E4-5B46626EBB3A}.Debug|x86.Build.0 = Debug|Any CPU
		{44E30DC4-8D37-4CCF-B2E4-5B46626EBB3A}.Release|Any CPU.ActiveCfg = Release|Any CPU
		{44E30DC4-8D37-4CCF-B2E4-5B46626EBB3A}.Release|Any CPU.Build.0 = Release|Any CPU
		{44E30DC4-8D37-4CCF-B2E4-5B46626EBB3A}.Release|x64.ActiveCfg = Release|Any CPU
		{44E30DC4-8D37-4CCF-B2E4-5B46626EBB3A}.Release|x64.Build.0 = Release|Any CPU
		{44E30DC4-8D37-4CCF-B2E4-5B46626EBB3A}.Release|x86.ActiveCfg = Release|Any CPU
		{44E30DC4-8D37-4CCF-B2E4-5B46626EBB3A}.Release|x86.Build.0 = Release|Any CPU
		{A2BF4565-9CDC-41D4-906C-6DB747A53765}.Debug|Any CPU.ActiveCfg = Debug|Any CPU
		{A2BF4565-9CDC-41D4-906C-6DB747A53765}.Debug|Any CPU.Build.0 = Debug|Any CPU
		{A2BF4565-9CDC-41D4-906C-6DB747A53765}.Debug|x64.ActiveCfg = Debug|Any CPU
		{A2BF4565-9CDC-41D4-906C-6DB747A53765}.Debug|x64.Build.0 = Debug|Any CPU
		{A2BF4565-9CDC-41D4-906C-6DB747A53765}.Debug|x86.ActiveCfg = Debug|Any CPU
		{A2BF4565-9CDC-41D4-906C-6DB747A53765}.Debug|x86.Build.0 = Debug|Any CPU
		{A2BF4565-9CDC-41D4-906C-6DB747A53765}.Release|Any CPU.ActiveCfg = Release|Any CPU
		{A2BF4565-9CDC-41D4-906C-6DB747A53765}.Release|Any CPU.Build.0 = Release|Any CPU
		{A2BF4565-9CDC-41D4-906C-6DB747A53765}.Release|x64.ActiveCfg = Release|Any CPU
		{A2BF4565-9CDC-41D4-906C-6DB747A53765}.Release|x64.Build.0 = Release|Any CPU
		{A2BF4565-9CDC-41D4-906C-6DB747A53765}.Release|x86.ActiveCfg = Release|Any CPU
		{A2BF4565-9CDC-41D4-906C-6DB747A53765}.Release|x86.Build.0 = Release|Any CPU
	EndGlobalSection
	GlobalSection(SolutionProperties) = preSolution
		HideSolutionNode = FALSE
	EndGlobalSection
	GlobalSection(NestedProjects) = preSolution
		{F0A2B3C4-5D6E-7F8A-9B0C-1D2E3F4A5B6C} = {9BCDF504-E4F5-4B70-B6D9-44E8B58D9FEB}
		{E1B2C3D4-6E7F-8A9B-0C1D-2E3F4A5B6C7D} = {9BCDF504-E4F5-4B70-B6D9-44E8B58D9FEB}
		{D2C3B4A5-7F8A-9B0C-1D2E-3F4A5B6C7D8E} = {9BCDF504-E4F5-4B70-B6D9-44E8B58D9FEB}
		{C3D4E5F6-8A9B-0C1D-2E3F-4A5B6C7D8E9F} = {9BCDF504-E4F5-4B70-B6D9-44E8B58D9FEB}
		{B4E5F6A7-9B0C-1D2E-3F4A-5B6C7D8E9F0A} = {9BCDF504-E4F5-4B70-B6D9-44E8B58D9FEB}
		{A5F6A7B8-0C1D-2E3F-4A5B-6C7D8E9F0A1B} = {9BCDF504-E4F5-4B70-B6D9-44E8B58D9FEB}
		{87A8B9CA-2E3F-4A5B-6C7D-8E9F0A1B2C3D} = {9BCDF504-E4F5-4B70-B6D9-44E8B58D9FEB}
		{78B9CADB-3F4A-5B6C-7D8E-9F0A1B2C3D4E} = {377FB844-B867-415D-B036-A9DDC98B18F3}
		{4BF1A2C3-D4E5-6F70-8091-A2B3C4D5E6F7} = {377FB844-B867-415D-B036-A9DDC98B18F3}
		{69CADBEC-4A5B-6C7D-8E9F-0A1B2C3D4E5F} = {9BCDF504-E4F5-4B70-B6D9-44E8B58D9FEB}
		{5ADBECFD-5B6C-7D8E-9F0A-1B2C3D4E5F6A} = {9BCDF504-E4F5-4B70-B6D9-44E8B58D9FEB}
		{C3D4E5F6-A7B8-4C0D-9E2F-3A4B5C6D7E8F} = {9BCDF504-E4F5-4B70-B6D9-44E8B58D9FEB}
		{A1B2C3D4-E5F6-4A8B-9C0D-1E2F3A4B5C6D} = {377FB844-B867-415D-B036-A9DDC98B18F3}
		{D5E6F7A8-B9C0-4D2E-AF4B-5C6D7E8F9A0B} = {9BCDF504-E4F5-4B70-B6D9-44E8B58D9FEB}
		{E1A2B3C4-D5E6-4F7A-8B9C-0D1E2F3A4B5C} = {983668E2-9ED3-4EA4-8F9E-B368883F7328}
		{F2B3C4D5-E6F7-4A8B-9C0D-1E2F3A4B5C6D} = {983668E2-9ED3-4EA4-8F9E-B368883F7328}
		{A3C4D5E6-F7A8-4B9C-0D1E-2F3A4B5C6D7E} = {983668E2-9ED3-4EA4-8F9E-B368883F7328}
		{8B9C0D1E-2F3A-4B5C-6D7E-8F9A0B1C2D3E} = {377FB844-B867-415D-B036-A9DDC98B18F3}
		{8BFCA4D3-1E2F-3A4B-5C6D-7E8F9A0B1C2D} = {8B9C0D1E-2F3A-4B5C-6D7E-8F9A0B1C2D3E}
		{9CA3B5E2-2F3A-4B5C-6D7E-8F9A0B1C2D3E} = {9BCDF504-E4F5-4B70-B6D9-44E8B58D9FEB}
		{0DB4C6F3-3A4B-5C6D-7E8F-9A0B1C2D3E4F} = {8B9C0D1E-2F3A-4B5C-6D7E-8F9A0B1C2D3E}
		{1EC5D7A4-4B5C-6D7E-8F9A-0B1C2D3E4F5A} = {9BCDF504-E4F5-4B70-B6D9-44E8B58D9FEB}
		{2FD6E8B5-5C6D-7E8F-9A0B-1C2D3E4F5A6B} = {8B9C0D1E-2F3A-4B5C-6D7E-8F9A0B1C2D3E}
		{3AE7F9C6-6D7E-8F9A-0B1C-2D3E4F5A6B7C} = {9BCDF504-E4F5-4B70-B6D9-44E8B58D9FEB}
		{A5112521-2DDE-67B5-CDEA-A56398939AD1} = {5836C974-788B-4094-BCD5-E8B0405C33BB}
		{5836C974-788B-4094-BCD5-E8B0405C33BB} = {799A60FE-88F9-4E11-AC78-B335A27E1A63}
		{C7E5F0A8-FD59-D074-ADEC-2895EBCDCAE5} = {5836C974-788B-4094-BCD5-E8B0405C33BB}
		{01AE145F-8E8B-A636-D0D2-FDF587321765} = {5836C974-788B-4094-BCD5-E8B0405C33BB}
		{24E777B6-B1E0-7A58-E7FF-0B1AFAF8E36E} = {5836C974-788B-4094-BCD5-E8B0405C33BB}
		{55DD7B50-63DA-E979-38FC-E42F23E09A6E} = {5836C974-788B-4094-BCD5-E8B0405C33BB}
		{B252B96B-0AB1-5712-B6B6-E2AF150EC176} = {5836C974-788B-4094-BCD5-E8B0405C33BB}
		{36404B99-D056-C522-0CD5-E473429A4DDE} = {5836C974-788B-4094-BCD5-E8B0405C33BB}
		{983668E2-9ED3-4EA4-8F9E-B368883F7328} = {377FB844-B867-415D-B036-A9DDC98B18F3}
		{A0B1C201-D4E5-F6A7-B8C9-D0E1F2A3B4C5} = {A0B1C200-D4E5-F6A7-B8C9-D0E1F2A3B4C5}
		{A0B1C202-D4E5-F6A7-B8C9-D0E1F2A3B4C5} = {A0B1C200-D4E5-F6A7-B8C9-D0E1F2A3B4C5}
		{A0B1C203-D4E5-F6A7-B8C9-D0E1F2A3B4C5} = {A0B1C200-D4E5-F6A7-B8C9-D0E1F2A3B4C5}
		{A0B1C204-D4E5-F6A7-B8C9-D0E1F2A3B4C5} = {A0B1C200-D4E5-F6A7-B8C9-D0E1F2A3B4C5}
		{A0B1C205-D4E5-F6A7-B8C9-D0E1F2A3B4C5} = {A0B1C200-D4E5-F6A7-B8C9-D0E1F2A3B4C5}
		{A0B1C206-D4E5-F6A7-B8C9-D0E1F2A3B4C5} = {A0B1C200-D4E5-F6A7-B8C9-D0E1F2A3B4C5}
		{A0B1C207-D4E5-F6A7-B8C9-D0E1F2A3B4C5} = {A0B1C200-D4E5-F6A7-B8C9-D0E1F2A3B4C5}
		{B1C2D3E4-F5A6-4B8C-9D0E-1F2A3B4C5D6E} = {9BCDF504-E4F5-4B70-B6D9-44E8B58D9FEB}
		{A0B1C209-D4E5-F6A7-B8C9-D0E1F2A3B4C5} = {A0B1C200-D4E5-F6A7-B8C9-D0E1F2A3B4C5}
		{5B42DDC5-2623-44AD-81E0-FC7291FDBF8F} = {9BCDF504-E4F5-4B70-B6D9-44E8B58D9FEB}
		{8172CBFE-9AF8-4BE7-8C59-09DCED35359C} = {9BCDF504-E4F5-4B70-B6D9-44E8B58D9FEB}
		{2F4AB191-EBE0-4E51-ACF2-3B7E0B0559B9} = {9BCDF504-E4F5-4B70-B6D9-44E8B58D9FEB}
		{4A384695-B5DA-481C-81A1-FD9F60B5866D} = {9BCDF504-E4F5-4B70-B6D9-44E8B58D9FEB}
		{8B352DE0-532E-4498-AD04-AE7C59C04E97} = {9BCDF504-E4F5-4B70-B6D9-44E8B58D9FEB}
		{BDE9A5CA-A57C-410E-A47D-255C8604111D} = {9BCDF504-E4F5-4B70-B6D9-44E8B58D9FEB}
		{ED3EF846-6F44-463E-85EB-E6E6CF835D5F} = {9BCDF504-E4F5-4B70-B6D9-44E8B58D9FEB}
		{A329B642-29D3-4F0B-99E7-5597D431F505} = {9BCDF504-E4F5-4B70-B6D9-44E8B58D9FEB}
		{B1DECE20-D7E2-4D62-B9C3-B0F28A1F34F2} = {9BCDF504-E4F5-4B70-B6D9-44E8B58D9FEB}
		{7FB493B2-98D9-4CE8-8237-527D9602679A} = {9BCDF504-E4F5-4B70-B6D9-44E8B58D9FEB}
		{BC903CB5-FED0-D237-6C19-0FAC7F536B49} = {7FB493B2-98D9-4CE8-8237-527D9602679A}
		{59990BAC-140E-2EAD-E1F6-24743A2A771B} = {7FB493B2-98D9-4CE8-8237-527D9602679A}
		{22DC3B12-17B0-05ED-D3BA-E3AA4935693A} = {377FB844-B867-415D-B036-A9DDC98B18F3}
		{D1E2F3A4-B5C6-7D8E-9F0A-1B2C3D4E5F6A} = {7FB493B2-98D9-4CE8-8237-527D9602679A}
		{E2F3A4B5-C6D7-8E9F-0A1B-2C3D4E5F6A7B} = {7FB493B2-98D9-4CE8-8237-527D9602679A}
		{F3A4B5C6-D7E8-9F0A-1B2C-3D4E5F6A7B8C} = {7FB493B2-98D9-4CE8-8237-527D9602679A}
		{A4B5C6D7-E8F9-0A1B-2C3D-4E5F6A7B8C9D} = {7FB493B2-98D9-4CE8-8237-527D9602679A}
		{B5C6D7E8-F9A0-1B2C-3D4E-5F6A7B8C9D0E} = {7FB493B2-98D9-4CE8-8237-527D9602679A}
		{C6D7E8F9-A0B1-2C3D-4E5F-6A7B8C9D0E1F} = {7FB493B2-98D9-4CE8-8237-527D9602679A}
		{D7E8F9A0-B1C2-3D4E-5F6A-7B8C9D0E1F2A} = {7FB493B2-98D9-4CE8-8237-527D9602679A}
		{3781D9FC-A345-412A-8D3F-062D6C1A57A5} = {9BCDF504-E4F5-4B70-B6D9-44E8B58D9FEB}
		{75EA2B41-765C-49AC-935A-C90CDB9FB59B} = {9BCDF504-E4F5-4B70-B6D9-44E8B58D9FEB}
		{FA3B748D-C88C-466F-845A-CB827ACF7BB4} = {9BCDF504-E4F5-4B70-B6D9-44E8B58D9FEB}
		{691CADE8-BE2B-4951-8CC7-9932C8A49329} = {9BCDF504-E4F5-4B70-B6D9-44E8B58D9FEB}
		{434E6BF4-2C6B-4BFA-A313-C44B19E92425} = {9BCDF504-E4F5-4B70-B6D9-44E8B58D9FEB}
		{AAC34328-A0C8-4C11-BAAF-643588C42430} = {9BCDF504-E4F5-4B70-B6D9-44E8B58D9FEB}
		{FD193FE5-A79F-43D4-AC54-05C9C32B055E} = {9BCDF504-E4F5-4B70-B6D9-44E8B58D9FEB}
		{1F3615B5-CBCC-4E01-A198-D9B624715DCC} = {A0B1C200-D4E5-F6A7-B8C9-D0E1F2A3B4C5}
		{816F87C8-64C5-49AB-BE95-4600B7095E7C} = {A0B1C200-D4E5-F6A7-B8C9-D0E1F2A3B4C5}
		{18C74E2F-E1E9-4572-9AE9-F68EE6997FE8} = {A0B1C200-D4E5-F6A7-B8C9-D0E1F2A3B4C5}
		{57E2D55C-F35B-4CA0-A608-5DC7AC89AE86} = {377FB844-B867-415D-B036-A9DDC98B18F3}
		{593ACEAE-7CDD-465E-BE11-FDBF20074C38} = {377FB844-B867-415D-B036-A9DDC98B18F3}
		{C2D3E4F5-A6B7-4C8D-9E0F-2A3B4C5D6E7F} = {377FB844-B867-415D-B036-A9DDC98B18F3}
		{D3E4F5A6-B7C8-4D9E-0F1A-3B4C5D6E7F80} = {377FB844-B867-415D-B036-A9DDC98B18F3}
		{E4F5A6B7-C8D9-4E0F-1A2B-4C5D6E7F8091} = {377FB844-B867-415D-B036-A9DDC98B18F3}
		{F5A6B7C8-D9E0-4F1A-2B3C-5D6E7F809102} = {377FB844-B867-415D-B036-A9DDC98B18F3}
		{44E30DC4-8D37-4CCF-B2E4-5B46626EBB3A} = {9BCDF504-E4F5-4B70-B6D9-44E8B58D9FEB}
		{A2BF4565-9CDC-41D4-906C-6DB747A53765} = {9BCDF504-E4F5-4B70-B6D9-44E8B58D9FEB}
	EndGlobalSection
	GlobalSection(ExtensibilityGlobals) = postSolution
		SolutionGuid = {FF2B8F6A-B0A6-41DD-8CC6-C7D32F25A8BD}
	EndGlobalSection
EndGlobal
